{
  "version": 4,
  "terraform_version": "1.8.0",
  "serial": 564,
  "lineage": "c25a1427-2087-8e1c-32bd-1f433478590b",
  "outputs": {},
  "resources": [
    {
      "module": "module.alb",
      "mode": "data",
      "type": "aws_security_group",
      "name": "app-alb-sg",
      "provider": "provider[\"registry.terraform.io/hashicorp/aws\"]",
      "instances": [
        {
          "schema_version": 0,
          "attributes": {
            "arn": "arn:aws:ec2:ap-northeast-1:533266984569:security-group/sg-0ba321ac42b9016bf",
            "description": "Allow HTTP and HTTPS for World",
            "filter": [
              {
                "name": "tag:Name",
                "values": [
                  "Three-Tier-app-alb"
                ]
              }
            ],
            "id": "sg-0ba321ac42b9016bf",
            "name": "terraform-20240509003442064500000007",
            "tags": {
              "Name": "Three-Tier-app-alb"
            },
            "timeouts": null,
            "vpc_id": "vpc-0c0c4678923dba26c"
          },
          "sensitive_attributes": []
        }
      ]
    },
    {
      "module": "module.alb",
      "mode": "data",
      "type": "aws_security_group",
      "name": "web-alb-sg",
      "provider": "provider[\"registry.terraform.io/hashicorp/aws\"]",
      "instances": [
        {
          "schema_version": 0,
          "attributes": {
            "arn": "arn:aws:ec2:ap-northeast-1:533266984569:security-group/sg-02f18200f1fa9e00f",
            "description": "Allow HTTP and HTTPS for World",
            "filter": [
              {
                "name": "tag:Name",
                "values": [
                  "Three-Tier-web-alb"
                ]
              }
            ],
            "id": "sg-02f18200f1fa9e00f",
            "name": "terraform-20240509003442065000000008",
            "tags": {
              "Name": "Three-Tier-web-alb"
            },
            "timeouts": null,
            "vpc_id": "vpc-0c0c4678923dba26c"
          },
          "sensitive_attributes": []
        }
      ]
    },
    {
      "module": "module.alb",
      "mode": "data",
      "type": "aws_subnet",
      "name": "public-subnet1",
      "provider": "provider[\"registry.terraform.io/hashicorp/aws\"]",
      "instances": [
        {
          "schema_version": 0,
          "attributes": {
            "arn": "arn:aws:ec2:ap-northeast-1:533266984569:subnet/subnet-036210442de652f0c",
            "assign_ipv6_address_on_creation": false,
            "availability_zone": "ap-northeast-1a",
            "availability_zone_id": "apne1-az4",
            "available_ip_address_count": 250,
            "cidr_block": "10.0.1.0/24",
            "customer_owned_ipv4_pool": "",
            "default_for_az": false,
            "enable_dns64": false,
            "enable_lni_at_device_index": 0,
            "enable_resource_name_dns_a_record_on_launch": false,
            "enable_resource_name_dns_aaaa_record_on_launch": false,
            "filter": [
              {
                "name": "tag:Name",
                "values": [
                  "Three-Tier-Public-Subnet1"
                ]
              }
            ],
            "id": "subnet-036210442de652f0c",
            "ipv6_cidr_block": "",
            "ipv6_cidr_block_association_id": "",
            "ipv6_native": false,
            "map_customer_owned_ip_on_launch": false,
            "map_public_ip_on_launch": true,
            "outpost_arn": "",
            "owner_id": "533266984569",
            "private_dns_hostname_type_on_launch": "ip-name",
            "state": "available",
            "tags": {
              "Name": "Three-Tier-Public-Subnet1"
            },
            "timeouts": null,
            "vpc_id": "vpc-0c0c4678923dba26c"
          },
          "sensitive_attributes": []
        }
      ]
    },
    {
      "module": "module.alb",
      "mode": "data",
      "type": "aws_subnet",
      "name": "public-subnet2",
      "provider": "provider[\"registry.terraform.io/hashicorp/aws\"]",
      "instances": [
        {
          "schema_version": 0,
          "attributes": {
            "arn": "arn:aws:ec2:ap-northeast-1:533266984569:subnet/subnet-04d2570878bc047ca",
            "assign_ipv6_address_on_creation": false,
            "availability_zone": "ap-northeast-1c",
            "availability_zone_id": "apne1-az1",
            "available_ip_address_count": 250,
            "cidr_block": "10.0.2.0/24",
            "customer_owned_ipv4_pool": "",
            "default_for_az": false,
            "enable_dns64": false,
            "enable_lni_at_device_index": 0,
            "enable_resource_name_dns_a_record_on_launch": false,
            "enable_resource_name_dns_aaaa_record_on_launch": false,
            "filter": [
              {
                "name": "tag:Name",
                "values": [
                  "Three-Tier-Public-Subnet2"
                ]
              }
            ],
            "id": "subnet-04d2570878bc047ca",
            "ipv6_cidr_block": "",
            "ipv6_cidr_block_association_id": "",
            "ipv6_native": false,
            "map_customer_owned_ip_on_launch": false,
            "map_public_ip_on_launch": true,
            "outpost_arn": "",
            "owner_id": "533266984569",
            "private_dns_hostname_type_on_launch": "ip-name",
            "state": "available",
            "tags": {
              "Name": "Three-Tier-Public-Subnet2"
            },
            "timeouts": null,
            "vpc_id": "vpc-0c0c4678923dba26c"
          },
          "sensitive_attributes": []
        }
      ]
    },
    {
      "module": "module.alb",
      "mode": "data",
      "type": "aws_subnet",
      "name": "web-subnet1",
      "provider": "provider[\"registry.terraform.io/hashicorp/aws\"]",
      "instances": [
        {
          "schema_version": 0,
          "attributes": {
            "arn": "arn:aws:ec2:ap-northeast-1:533266984569:subnet/subnet-0f216951b7c84d19a",
            "assign_ipv6_address_on_creation": false,
            "availability_zone": "ap-northeast-1a",
            "availability_zone_id": "apne1-az4",
            "available_ip_address_count": 251,
            "cidr_block": "10.0.3.0/24",
            "customer_owned_ipv4_pool": "",
            "default_for_az": false,
            "enable_dns64": false,
            "enable_lni_at_device_index": 0,
            "enable_resource_name_dns_a_record_on_launch": false,
            "enable_resource_name_dns_aaaa_record_on_launch": false,
            "filter": [
              {
                "name": "tag:Name",
                "values": [
                  "Three-Tier-Web-Subnet1"
                ]
              }
            ],
            "id": "subnet-0f216951b7c84d19a",
            "ipv6_cidr_block": "",
            "ipv6_cidr_block_association_id": "",
            "ipv6_native": false,
            "map_customer_owned_ip_on_launch": false,
            "map_public_ip_on_launch": false,
            "outpost_arn": "",
            "owner_id": "533266984569",
            "private_dns_hostname_type_on_launch": "ip-name",
            "state": "available",
            "tags": {
              "Name": "Three-Tier-Web-Subnet1"
            },
            "timeouts": null,
            "vpc_id": "vpc-0c0c4678923dba26c"
          },
          "sensitive_attributes": []
        }
      ]
    },
    {
      "module": "module.alb",
      "mode": "data",
      "type": "aws_subnet",
      "name": "web-subnet2",
      "provider": "provider[\"registry.terraform.io/hashicorp/aws\"]",
      "instances": [
        {
          "schema_version": 0,
          "attributes": {
            "arn": "arn:aws:ec2:ap-northeast-1:533266984569:subnet/subnet-039796aa48333ce5a",
            "assign_ipv6_address_on_creation": false,
            "availability_zone": "ap-northeast-1c",
            "availability_zone_id": "apne1-az1",
            "available_ip_address_count": 251,
            "cidr_block": "10.0.4.0/24",
            "customer_owned_ipv4_pool": "",
            "default_for_az": false,
            "enable_dns64": false,
            "enable_lni_at_device_index": 0,
            "enable_resource_name_dns_a_record_on_launch": false,
            "enable_resource_name_dns_aaaa_record_on_launch": false,
            "filter": [
              {
                "name": "tag:Name",
                "values": [
                  "Three-Tier-Web-Subnet2"
                ]
              }
            ],
            "id": "subnet-039796aa48333ce5a",
            "ipv6_cidr_block": "",
            "ipv6_cidr_block_association_id": "",
            "ipv6_native": false,
            "map_customer_owned_ip_on_launch": false,
            "map_public_ip_on_launch": false,
            "outpost_arn": "",
            "owner_id": "533266984569",
            "private_dns_hostname_type_on_launch": "ip-name",
            "state": "available",
            "tags": {
              "Name": "Three-Tier-Web-Subnet2"
            },
            "timeouts": null,
            "vpc_id": "vpc-0c0c4678923dba26c"
          },
          "sensitive_attributes": []
        }
      ]
    },
    {
      "module": "module.alb",
      "mode": "data",
      "type": "aws_vpc",
      "name": "vpc",
      "provider": "provider[\"registry.terraform.io/hashicorp/aws\"]",
      "instances": [
        {
          "schema_version": 0,
          "attributes": {
            "arn": "arn:aws:ec2:ap-northeast-1:533266984569:vpc/vpc-0c0c4678923dba26c",
            "cidr_block": "10.0.0.0/16",
            "cidr_block_associations": [
              {
                "association_id": "vpc-cidr-assoc-02429f9c1c9b6d9c0",
                "cidr_block": "10.0.0.0/16",
                "state": "associated"
              }
            ],
            "default": false,
            "dhcp_options_id": "dopt-092d7ff4828af0e89",
            "enable_dns_hostnames": true,
            "enable_dns_support": true,
            "enable_network_address_usage_metrics": false,
            "filter": [
              {
                "name": "tag:Name",
                "values": [
                  "Three-Tier-VPC"
                ]
              }
            ],
            "id": "vpc-0c0c4678923dba26c",
            "instance_tenancy": "default",
            "ipv6_association_id": "",
            "ipv6_cidr_block": "",
            "main_route_table_id": "rtb-039bd0e5461c4abea",
            "owner_id": "533266984569",
            "state": null,
            "tags": {
              "Name": "Three-Tier-VPC"
            },
            "timeouts": null
          },
          "sensitive_attributes": []
        }
      ]
    },
    {
      "module": "module.alb",
      "mode": "managed",
      "type": "aws_lb",
      "name": "app-elb",
      "provider": "provider[\"registry.terraform.io/hashicorp/aws\"]",
      "instances": [
        {
          "schema_version": 0,
          "attributes": {
            "access_logs": [
              {
                "bucket": "",
                "enabled": false,
                "prefix": ""
              }
            ],
            "arn": "arn:aws:elasticloadbalancing:ap-northeast-1:533266984569:loadbalancer/app/APP-elb/a990247a0ecd36ae",
            "arn_suffix": "app/APP-elb/a990247a0ecd36ae",
            "client_keep_alive": 3600,
            "connection_logs": [
              {
                "bucket": "",
                "enabled": false,
                "prefix": ""
              }
            ],
            "customer_owned_ipv4_pool": "",
            "desync_mitigation_mode": "defensive",
            "dns_name": "APP-elb-1265970933.ap-northeast-1.elb.amazonaws.com",
            "dns_record_client_routing_policy": null,
            "drop_invalid_header_fields": false,
            "enable_cross_zone_load_balancing": true,
            "enable_deletion_protection": false,
            "enable_http2": true,
            "enable_tls_version_and_cipher_suite_headers": false,
            "enable_waf_fail_open": false,
            "enable_xff_client_port": false,
            "enforce_security_group_inbound_rules_on_private_link_traffic": "",
            "id": "arn:aws:elasticloadbalancing:ap-northeast-1:533266984569:loadbalancer/app/APP-elb/a990247a0ecd36ae",
            "idle_timeout": 60,
            "internal": false,
            "ip_address_type": "ipv4",
            "load_balancer_type": "application",
            "name": "APP-elb",
            "name_prefix": "",
            "preserve_host_header": false,
            "security_groups": [
              "sg-0ba321ac42b9016bf"
            ],
            "subnet_mapping": [
              {
                "allocation_id": "",
                "ipv6_address": "",
                "outpost_id": "",
                "private_ipv4_address": "",
                "subnet_id": "subnet-039796aa48333ce5a"
              },
              {
                "allocation_id": "",
                "ipv6_address": "",
                "outpost_id": "",
                "private_ipv4_address": "",
                "subnet_id": "subnet-0f216951b7c84d19a"
              }
            ],
            "subnets": [
              "subnet-039796aa48333ce5a",
              "subnet-0f216951b7c84d19a"
            ],
            "tags": {
              "Name": "APP-elb"
            },
            "tags_all": {
              "Name": "APP-elb"
            },
            "timeouts": null,
            "vpc_id": "vpc-0c0c4678923dba26c",
            "xff_header_processing_mode": "append",
            "zone_id": "Z14GRHDCWA56QT"
          },
          "sensitive_attributes": [],
          "private": "eyJlMmJmYjczMC1lY2FhLTExZTYtOGY4OC0zNDM2M2JjN2M0YzAiOnsiY3JlYXRlIjo2MDAwMDAwMDAwMDAsImRlbGV0ZSI6NjAwMDAwMDAwMDAwLCJ1cGRhdGUiOjYwMDAwMDAwMDAwMH19",
          "dependencies": [
            "module.alb.aws_lb.web-elb",
            "module.alb.data.aws_security_group.app-alb-sg",
            "module.alb.data.aws_security_group.web-alb-sg",
            "module.alb.data.aws_subnet.public-subnet1",
            "module.alb.data.aws_subnet.public-subnet2",
            "module.alb.data.aws_subnet.web-subnet1",
            "module.alb.data.aws_subnet.web-subnet2",
            "module.security-group.aws_security_group.app-alb-sg",
            "module.security-group.aws_security_group.app-tier-sg",
            "module.security-group.aws_security_group.web-alb-sg",
            "module.security-group.aws_security_group.web-tier-sg",
            "module.security-group.data.aws_vpc.vpc",
            "module.vpc.aws_eip.eip1",
            "module.vpc.aws_eip.eip2",
            "module.vpc.aws_internet_gateway.igw",
            "module.vpc.aws_nat_gateway.ngw1",
            "module.vpc.aws_nat_gateway.ngw2",
            "module.vpc.aws_route_table.private-rt1",
            "module.vpc.aws_route_table.private-rt2",
            "module.vpc.aws_route_table.public-rt1",
            "module.vpc.aws_route_table.public-rt2",
            "module.vpc.aws_route_table_association.private-rt-association1",
            "module.vpc.aws_route_table_association.private-rt-association2",
            "module.vpc.aws_route_table_association.public-rt-association1",
            "module.vpc.aws_route_table_association.public-rt-association2",
            "module.vpc.aws_subnet.app-subnet1",
            "module.vpc.aws_subnet.app-subnet2",
            "module.vpc.aws_subnet.public-subnet1",
            "module.vpc.aws_subnet.public-subnet2",
            "module.vpc.aws_subnet.web-subnet1",
            "module.vpc.aws_subnet.web-subnet2",
            "module.vpc.aws_vpc.vpc"
          ]
        }
      ]
    },
    {
      "module": "module.alb",
      "mode": "managed",
      "type": "aws_lb",
      "name": "web-elb",
      "provider": "provider[\"registry.terraform.io/hashicorp/aws\"]",
      "instances": [
        {
          "schema_version": 0,
          "attributes": {
            "access_logs": [
              {
                "bucket": "",
                "enabled": false,
                "prefix": ""
              }
            ],
            "arn": "arn:aws:elasticloadbalancing:ap-northeast-1:533266984569:loadbalancer/app/Web-elb/62cf152027ef9216",
            "arn_suffix": "app/Web-elb/62cf152027ef9216",
            "client_keep_alive": 3600,
            "connection_logs": [
              {
                "bucket": "",
                "enabled": false,
                "prefix": ""
              }
            ],
            "customer_owned_ipv4_pool": "",
            "desync_mitigation_mode": "defensive",
            "dns_name": "Web-elb-931378601.ap-northeast-1.elb.amazonaws.com",
            "dns_record_client_routing_policy": null,
            "drop_invalid_header_fields": false,
            "enable_cross_zone_load_balancing": true,
            "enable_deletion_protection": false,
            "enable_http2": true,
            "enable_tls_version_and_cipher_suite_headers": false,
            "enable_waf_fail_open": false,
            "enable_xff_client_port": false,
            "enforce_security_group_inbound_rules_on_private_link_traffic": "",
            "id": "arn:aws:elasticloadbalancing:ap-northeast-1:533266984569:loadbalancer/app/Web-elb/62cf152027ef9216",
            "idle_timeout": 60,
            "internal": false,
            "ip_address_type": "ipv4",
            "load_balancer_type": "application",
            "name": "Web-elb",
            "name_prefix": "",
            "preserve_host_header": false,
            "security_groups": [
              "sg-02f18200f1fa9e00f"
            ],
            "subnet_mapping": [
              {
                "allocation_id": "",
                "ipv6_address": "",
                "outpost_id": "",
                "private_ipv4_address": "",
                "subnet_id": "subnet-036210442de652f0c"
              },
              {
                "allocation_id": "",
                "ipv6_address": "",
                "outpost_id": "",
                "private_ipv4_address": "",
                "subnet_id": "subnet-04d2570878bc047ca"
              }
            ],
            "subnets": [
              "subnet-036210442de652f0c",
              "subnet-04d2570878bc047ca"
            ],
            "tags": {
              "Name": "Web-elb"
            },
            "tags_all": {
              "Name": "Web-elb"
            },
            "timeouts": null,
            "vpc_id": "vpc-0c0c4678923dba26c",
            "xff_header_processing_mode": "append",
            "zone_id": "Z14GRHDCWA56QT"
          },
          "sensitive_attributes": [],
          "private": "eyJlMmJmYjczMC1lY2FhLTExZTYtOGY4OC0zNDM2M2JjN2M0YzAiOnsiY3JlYXRlIjo2MDAwMDAwMDAwMDAsImRlbGV0ZSI6NjAwMDAwMDAwMDAwLCJ1cGRhdGUiOjYwMDAwMDAwMDAwMH19",
          "dependencies": [
            "module.alb.data.aws_security_group.web-alb-sg",
            "module.alb.data.aws_subnet.public-subnet1",
            "module.alb.data.aws_subnet.public-subnet2",
            "module.security-group.aws_security_group.app-alb-sg",
            "module.security-group.aws_security_group.app-tier-sg",
            "module.security-group.aws_security_group.web-alb-sg",
            "module.security-group.aws_security_group.web-tier-sg",
            "module.security-group.data.aws_vpc.vpc",
            "module.vpc.aws_eip.eip1",
            "module.vpc.aws_eip.eip2",
            "module.vpc.aws_internet_gateway.igw",
            "module.vpc.aws_nat_gateway.ngw1",
            "module.vpc.aws_nat_gateway.ngw2",
            "module.vpc.aws_route_table.private-rt1",
            "module.vpc.aws_route_table.private-rt2",
            "module.vpc.aws_route_table.public-rt1",
            "module.vpc.aws_route_table.public-rt2",
            "module.vpc.aws_route_table_association.private-rt-association1",
            "module.vpc.aws_route_table_association.private-rt-association2",
            "module.vpc.aws_route_table_association.public-rt-association1",
            "module.vpc.aws_route_table_association.public-rt-association2",
            "module.vpc.aws_subnet.app-subnet1",
            "module.vpc.aws_subnet.app-subnet2",
            "module.vpc.aws_subnet.public-subnet1",
            "module.vpc.aws_subnet.public-subnet2",
            "module.vpc.aws_subnet.web-subnet1",
            "module.vpc.aws_subnet.web-subnet2",
            "module.vpc.aws_vpc.vpc"
          ]
        }
      ]
    },
    {
      "module": "module.alb",
      "mode": "managed",
      "type": "aws_lb_listener",
      "name": "app-alb-listener",
      "provider": "provider[\"registry.terraform.io/hashicorp/aws\"]",
      "instances": [
        {
          "schema_version": 0,
          "attributes": {
            "alpn_policy": null,
            "arn": "arn:aws:elasticloadbalancing:ap-northeast-1:533266984569:listener/app/APP-elb/a990247a0ecd36ae/c4bb999c91b8eda4",
            "certificate_arn": null,
            "default_action": [
              {
                "authenticate_cognito": [],
                "authenticate_oidc": [],
                "fixed_response": [],
                "forward": [],
                "order": 1,
                "redirect": [],
                "target_group_arn": "arn:aws:elasticloadbalancing:ap-northeast-1:533266984569:targetgroup/APP-TG/6ffcc61f04b81956",
                "type": "forward"
              }
            ],
            "id": "arn:aws:elasticloadbalancing:ap-northeast-1:533266984569:listener/app/APP-elb/a990247a0ecd36ae/c4bb999c91b8eda4",
            "load_balancer_arn": "arn:aws:elasticloadbalancing:ap-northeast-1:533266984569:loadbalancer/app/APP-elb/a990247a0ecd36ae",
            "mutual_authentication": [],
            "port": 80,
            "protocol": "HTTP",
            "ssl_policy": "",
            "tags": null,
            "tags_all": {},
            "timeouts": null
          },
          "sensitive_attributes": [],
          "private": "eyJlMmJmYjczMC1lY2FhLTExZTYtOGY4OC0zNDM2M2JjN2M0YzAiOnsiY3JlYXRlIjozMDAwMDAwMDAwMDAsInVwZGF0ZSI6MzAwMDAwMDAwMDAwfX0=",
          "dependencies": [
            "module.alb.aws_lb.app-elb",
            "module.alb.aws_lb.web-elb",
            "module.alb.aws_lb_target_group.app-tg",
            "module.alb.data.aws_security_group.app-alb-sg",
            "module.alb.data.aws_security_group.web-alb-sg",
            "module.alb.data.aws_subnet.public-subnet1",
            "module.alb.data.aws_subnet.public-subnet2",
            "module.alb.data.aws_subnet.web-subnet1",
            "module.alb.data.aws_subnet.web-subnet2",
            "module.alb.data.aws_vpc.vpc",
            "module.security-group.aws_security_group.app-alb-sg",
            "module.security-group.aws_security_group.app-tier-sg",
            "module.security-group.aws_security_group.web-alb-sg",
            "module.security-group.aws_security_group.web-tier-sg",
            "module.security-group.data.aws_vpc.vpc",
            "module.vpc.aws_eip.eip1",
            "module.vpc.aws_eip.eip2",
            "module.vpc.aws_internet_gateway.igw",
            "module.vpc.aws_nat_gateway.ngw1",
            "module.vpc.aws_nat_gateway.ngw2",
            "module.vpc.aws_route_table.private-rt1",
            "module.vpc.aws_route_table.private-rt2",
            "module.vpc.aws_route_table.public-rt1",
            "module.vpc.aws_route_table.public-rt2",
            "module.vpc.aws_route_table_association.private-rt-association1",
            "module.vpc.aws_route_table_association.private-rt-association2",
            "module.vpc.aws_route_table_association.public-rt-association1",
            "module.vpc.aws_route_table_association.public-rt-association2",
            "module.vpc.aws_subnet.app-subnet1",
            "module.vpc.aws_subnet.app-subnet2",
            "module.vpc.aws_subnet.public-subnet1",
            "module.vpc.aws_subnet.public-subnet2",
            "module.vpc.aws_subnet.web-subnet1",
            "module.vpc.aws_subnet.web-subnet2",
            "module.vpc.aws_vpc.vpc"
          ]
        }
      ]
    },
    {
      "module": "module.alb",
      "mode": "managed",
      "type": "aws_lb_listener",
      "name": "web-alb-listener",
      "provider": "provider[\"registry.terraform.io/hashicorp/aws\"]",
      "instances": [
        {
          "schema_version": 0,
          "attributes": {
            "alpn_policy": null,
            "arn": "arn:aws:elasticloadbalancing:ap-northeast-1:533266984569:listener/app/Web-elb/62cf152027ef9216/807ced16ba36b93f",
            "certificate_arn": null,
            "default_action": [
              {
                "authenticate_cognito": [],
                "authenticate_oidc": [],
                "fixed_response": [],
                "forward": [],
                "order": 1,
                "redirect": [],
                "target_group_arn": "arn:aws:elasticloadbalancing:ap-northeast-1:533266984569:targetgroup/Web-TG/4f2995863f400f58",
                "type": "forward"
              }
            ],
            "id": "arn:aws:elasticloadbalancing:ap-northeast-1:533266984569:listener/app/Web-elb/62cf152027ef9216/807ced16ba36b93f",
            "load_balancer_arn": "arn:aws:elasticloadbalancing:ap-northeast-1:533266984569:loadbalancer/app/Web-elb/62cf152027ef9216",
            "mutual_authentication": [],
            "port": 80,
            "protocol": "HTTP",
            "ssl_policy": "",
            "tags": null,
            "tags_all": {},
            "timeouts": null
          },
          "sensitive_attributes": [],
          "private": "eyJlMmJmYjczMC1lY2FhLTExZTYtOGY4OC0zNDM2M2JjN2M0YzAiOnsiY3JlYXRlIjozMDAwMDAwMDAwMDAsInVwZGF0ZSI6MzAwMDAwMDAwMDAwfX0=",
          "dependencies": [
            "module.alb.aws_lb.web-elb",
            "module.alb.aws_lb_target_group.web-tg",
            "module.alb.data.aws_security_group.web-alb-sg",
            "module.alb.data.aws_subnet.public-subnet1",
            "module.alb.data.aws_subnet.public-subnet2",
            "module.alb.data.aws_vpc.vpc",
            "module.security-group.aws_security_group.app-alb-sg",
            "module.security-group.aws_security_group.app-tier-sg",
            "module.security-group.aws_security_group.web-alb-sg",
            "module.security-group.aws_security_group.web-tier-sg",
            "module.security-group.data.aws_vpc.vpc",
            "module.vpc.aws_eip.eip1",
            "module.vpc.aws_eip.eip2",
            "module.vpc.aws_internet_gateway.igw",
            "module.vpc.aws_nat_gateway.ngw1",
            "module.vpc.aws_nat_gateway.ngw2",
            "module.vpc.aws_route_table.private-rt1",
            "module.vpc.aws_route_table.private-rt2",
            "module.vpc.aws_route_table.public-rt1",
            "module.vpc.aws_route_table.public-rt2",
            "module.vpc.aws_route_table_association.private-rt-association1",
            "module.vpc.aws_route_table_association.private-rt-association2",
            "module.vpc.aws_route_table_association.public-rt-association1",
            "module.vpc.aws_route_table_association.public-rt-association2",
            "module.vpc.aws_subnet.app-subnet1",
            "module.vpc.aws_subnet.app-subnet2",
            "module.vpc.aws_subnet.public-subnet1",
            "module.vpc.aws_subnet.public-subnet2",
            "module.vpc.aws_subnet.web-subnet1",
            "module.vpc.aws_subnet.web-subnet2",
            "module.vpc.aws_vpc.vpc"
          ]
        }
      ]
    },
    {
      "module": "module.alb",
      "mode": "managed",
      "type": "aws_lb_target_group",
      "name": "app-tg",
      "provider": "provider[\"registry.terraform.io/hashicorp/aws\"]",
      "instances": [
        {
          "schema_version": 0,
          "attributes": {
            "arn": "arn:aws:elasticloadbalancing:ap-northeast-1:533266984569:targetgroup/APP-TG/6ffcc61f04b81956",
            "arn_suffix": "targetgroup/APP-TG/6ffcc61f04b81956",
            "connection_termination": null,
            "deregistration_delay": "300",
            "health_check": [
              {
                "enabled": true,
                "healthy_threshold": 5,
                "interval": 10,
                "matcher": "200",
                "path": "/",
                "port": "traffic-port",
                "protocol": "HTTP",
                "timeout": 5,
                "unhealthy_threshold": 2
              }
            ],
            "id": "arn:aws:elasticloadbalancing:ap-northeast-1:533266984569:targetgroup/APP-TG/6ffcc61f04b81956",
            "ip_address_type": "ipv4",
            "lambda_multi_value_headers_enabled": false,
            "load_balancer_arns": [],
            "load_balancing_algorithm_type": "round_robin",
            "load_balancing_anomaly_mitigation": "off",
            "load_balancing_cross_zone_enabled": "use_load_balancer_configuration",
            "name": "APP-TG",
            "name_prefix": "",
            "port": 80,
            "preserve_client_ip": null,
            "protocol": "HTTP",
            "protocol_version": "HTTP1",
            "proxy_protocol_v2": false,
            "slow_start": 0,
            "stickiness": [
              {
                "cookie_duration": 86400,
                "cookie_name": "",
                "enabled": false,
                "type": "lb_cookie"
              }
            ],
            "tags": {
              "Name": "APP-TG"
            },
            "tags_all": {
              "Name": "APP-TG"
            },
            "target_failover": [
              {
                "on_deregistration": null,
                "on_unhealthy": null
              }
            ],
            "target_health_state": [
              {
                "enable_unhealthy_connection_termination": null
              }
            ],
            "target_type": "instance",
            "vpc_id": "vpc-0c0c4678923dba26c"
          },
          "sensitive_attributes": [],
          "private": "bnVsbA==",
          "dependencies": [
            "module.alb.aws_lb.app-elb",
            "module.alb.aws_lb.web-elb",
            "module.alb.data.aws_security_group.app-alb-sg",
            "module.alb.data.aws_security_group.web-alb-sg",
            "module.alb.data.aws_subnet.public-subnet1",
            "module.alb.data.aws_subnet.public-subnet2",
            "module.alb.data.aws_subnet.web-subnet1",
            "module.alb.data.aws_subnet.web-subnet2",
            "module.alb.data.aws_vpc.vpc",
            "module.security-group.aws_security_group.app-alb-sg",
            "module.security-group.aws_security_group.app-tier-sg",
            "module.security-group.aws_security_group.web-alb-sg",
            "module.security-group.aws_security_group.web-tier-sg",
            "module.security-group.data.aws_vpc.vpc",
            "module.vpc.aws_eip.eip1",
            "module.vpc.aws_eip.eip2",
            "module.vpc.aws_internet_gateway.igw",
            "module.vpc.aws_nat_gateway.ngw1",
            "module.vpc.aws_nat_gateway.ngw2",
            "module.vpc.aws_route_table.private-rt1",
            "module.vpc.aws_route_table.private-rt2",
            "module.vpc.aws_route_table.public-rt1",
            "module.vpc.aws_route_table.public-rt2",
            "module.vpc.aws_route_table_association.private-rt-association1",
            "module.vpc.aws_route_table_association.private-rt-association2",
            "module.vpc.aws_route_table_association.public-rt-association1",
            "module.vpc.aws_route_table_association.public-rt-association2",
            "module.vpc.aws_subnet.app-subnet1",
            "module.vpc.aws_subnet.app-subnet2",
            "module.vpc.aws_subnet.public-subnet1",
            "module.vpc.aws_subnet.public-subnet2",
            "module.vpc.aws_subnet.web-subnet1",
            "module.vpc.aws_subnet.web-subnet2",
            "module.vpc.aws_vpc.vpc"
          ]
        }
      ]
    },
    {
      "module": "module.alb",
      "mode": "managed",
      "type": "aws_lb_target_group",
      "name": "web-tg",
      "provider": "provider[\"registry.terraform.io/hashicorp/aws\"]",
      "instances": [
        {
          "schema_version": 0,
          "attributes": {
            "arn": "arn:aws:elasticloadbalancing:ap-northeast-1:533266984569:targetgroup/Web-TG/4f2995863f400f58",
            "arn_suffix": "targetgroup/Web-TG/4f2995863f400f58",
            "connection_termination": null,
            "deregistration_delay": "300",
            "health_check": [
              {
                "enabled": true,
                "healthy_threshold": 5,
                "interval": 10,
                "matcher": "200",
                "path": "/",
                "port": "traffic-port",
                "protocol": "HTTP",
                "timeout": 5,
                "unhealthy_threshold": 2
              }
            ],
            "id": "arn:aws:elasticloadbalancing:ap-northeast-1:533266984569:targetgroup/Web-TG/4f2995863f400f58",
            "ip_address_type": "ipv4",
            "lambda_multi_value_headers_enabled": false,
            "load_balancer_arns": [],
            "load_balancing_algorithm_type": "round_robin",
            "load_balancing_anomaly_mitigation": "off",
            "load_balancing_cross_zone_enabled": "use_load_balancer_configuration",
            "name": "Web-TG",
            "name_prefix": "",
            "port": 80,
            "preserve_client_ip": null,
            "protocol": "HTTP",
            "protocol_version": "HTTP1",
            "proxy_protocol_v2": false,
            "slow_start": 0,
            "stickiness": [
              {
                "cookie_duration": 86400,
                "cookie_name": "",
                "enabled": false,
                "type": "lb_cookie"
              }
            ],
            "tags": {
              "Name": "Web-TG"
            },
            "tags_all": {
              "Name": "Web-TG"
            },
            "target_failover": [
              {
                "on_deregistration": null,
                "on_unhealthy": null
              }
            ],
            "target_health_state": [
              {
                "enable_unhealthy_connection_termination": null
              }
            ],
            "target_type": "instance",
            "vpc_id": "vpc-0c0c4678923dba26c"
          },
          "sensitive_attributes": [],
          "private": "bnVsbA==",
          "dependencies": [
            "module.alb.aws_lb.web-elb",
            "module.alb.data.aws_security_group.web-alb-sg",
            "module.alb.data.aws_subnet.public-subnet1",
            "module.alb.data.aws_subnet.public-subnet2",
            "module.alb.data.aws_vpc.vpc",
            "module.security-group.aws_security_group.app-alb-sg",
            "module.security-group.aws_security_group.app-tier-sg",
            "module.security-group.aws_security_group.web-alb-sg",
            "module.security-group.aws_security_group.web-tier-sg",
            "module.security-group.data.aws_vpc.vpc",
            "module.vpc.aws_eip.eip1",
            "module.vpc.aws_eip.eip2",
            "module.vpc.aws_internet_gateway.igw",
            "module.vpc.aws_nat_gateway.ngw1",
            "module.vpc.aws_nat_gateway.ngw2",
            "module.vpc.aws_route_table.private-rt1",
            "module.vpc.aws_route_table.private-rt2",
            "module.vpc.aws_route_table.public-rt1",
            "module.vpc.aws_route_table.public-rt2",
            "module.vpc.aws_route_table_association.private-rt-association1",
            "module.vpc.aws_route_table_association.private-rt-association2",
            "module.vpc.aws_route_table_association.public-rt-association1",
            "module.vpc.aws_route_table_association.public-rt-association2",
            "module.vpc.aws_subnet.app-subnet1",
            "module.vpc.aws_subnet.app-subnet2",
            "module.vpc.aws_subnet.public-subnet1",
            "module.vpc.aws_subnet.public-subnet2",
            "module.vpc.aws_subnet.web-subnet1",
            "module.vpc.aws_subnet.web-subnet2",
            "module.vpc.aws_vpc.vpc"
          ]
        }
      ]
    },
    {
      "module": "module.autoscaling",
      "mode": "data",
      "type": "aws_ami",
      "name": "ami",
      "provider": "provider[\"registry.terraform.io/hashicorp/aws\"]",
      "instances": [
        {
          "schema_version": 0,
          "attributes": {
            "architecture": "arm64",
            "arn": "arn:aws:ec2:ap-northeast-1::image/ami-042ede0157c765756",
            "block_device_mappings": [
              {
                "device_name": "/dev/xvda",
                "ebs": {
                  "delete_on_termination": "true",
                  "encrypted": "false",
                  "iops": "3000",
                  "snapshot_id": "snap-00a2820a9ceddcd17",
                  "throughput": "125",
                  "volume_size": "8",
                  "volume_type": "gp3"
                },
                "no_device": "",
                "virtual_name": ""
              }
            ],
            "boot_mode": "uefi",
            "creation_date": "2024-04-11T21:01:01.000Z",
            "deprecation_time": "2024-07-10T21:01:00.000Z",
            "description": "Amazon Linux 2023 AMI 2023.4.20240416.0 arm64 HVM kernel-6.1",
            "ena_support": true,
            "executable_users": null,
            "filter": [
              {
                "name": "image-id",
                "values": [
                  "ami-042ede0157c765756"
                ]
              }
            ],
            "hypervisor": "xen",
            "id": "ami-042ede0157c765756",
            "image_id": "ami-042ede0157c765756",
            "image_location": "amazon/al2023-ami-2023.4.20240416.0-kernel-6.1-arm64",
            "image_owner_alias": "amazon",
            "image_type": "machine",
            "imds_support": "v2.0",
            "include_deprecated": false,
            "kernel_id": "",
            "most_recent": true,
            "name": "al2023-ami-2023.4.20240416.0-kernel-6.1-arm64",
            "name_regex": null,
            "owner_id": "137112412989",
            "owners": [
              "amazon"
            ],
            "platform": "",
            "platform_details": "Linux/UNIX",
            "product_codes": [],
            "public": true,
            "ramdisk_id": "",
            "root_device_name": "/dev/xvda",
            "root_device_type": "ebs",
            "root_snapshot_id": "snap-00a2820a9ceddcd17",
            "sriov_net_support": "simple",
            "state": "available",
            "state_reason": {
              "code": "UNSET",
              "message": "UNSET"
            },
            "tags": {},
            "timeouts": null,
            "tpm_support": "",
            "usage_operation": "RunInstances",
            "virtualization_type": "hvm"
          },
          "sensitive_attributes": []
        }
      ]
    },
    {
      "module": "module.autoscaling",
      "mode": "data",
      "type": "aws_lb_target_group",
      "name": "app-tg",
      "provider": "provider[\"registry.terraform.io/hashicorp/aws\"]",
      "instances": [
        {
          "schema_version": 0,
          "attributes": {
            "arn": "arn:aws:elasticloadbalancing:ap-northeast-1:533266984569:targetgroup/APP-TG/6ffcc61f04b81956",
            "arn_suffix": "targetgroup/APP-TG/6ffcc61f04b81956",
            "connection_termination": null,
            "deregistration_delay": "300",
            "health_check": [
              {
                "enabled": true,
                "healthy_threshold": 5,
                "interval": 10,
                "matcher": "200",
                "path": "/",
                "port": "traffic-port",
                "protocol": "HTTP",
                "timeout": 5,
                "unhealthy_threshold": 2
              }
            ],
            "id": "arn:aws:elasticloadbalancing:ap-northeast-1:533266984569:targetgroup/APP-TG/6ffcc61f04b81956",
            "lambda_multi_value_headers_enabled": null,
            "load_balancer_arns": [
              "arn:aws:elasticloadbalancing:ap-northeast-1:533266984569:loadbalancer/app/APP-elb/a990247a0ecd36ae"
            ],
            "load_balancing_algorithm_type": "round_robin",
            "load_balancing_anomaly_mitigation": "off",
            "load_balancing_cross_zone_enabled": "use_load_balancer_configuration",
            "name": "APP-TG",
            "port": 80,
            "preserve_client_ip": null,
            "protocol": "HTTP",
            "protocol_version": "HTTP1",
            "proxy_protocol_v2": null,
            "slow_start": 0,
            "stickiness": [
              {
                "cookie_duration": 86400,
                "cookie_name": "",
                "enabled": false,
                "type": "lb_cookie"
              }
            ],
            "tags": {
              "Name": "APP-TG"
            },
            "target_type": "instance",
            "timeouts": null,
            "vpc_id": "vpc-0c0c4678923dba26c"
          },
          "sensitive_attributes": []
        }
      ]
    },
    {
      "module": "module.autoscaling",
      "mode": "data",
      "type": "aws_lb_target_group",
      "name": "web-tg",
      "provider": "provider[\"registry.terraform.io/hashicorp/aws\"]",
      "instances": [
        {
          "schema_version": 0,
          "attributes": {
            "arn": "arn:aws:elasticloadbalancing:ap-northeast-1:533266984569:targetgroup/Web-TG/4f2995863f400f58",
            "arn_suffix": "targetgroup/Web-TG/4f2995863f400f58",
            "connection_termination": null,
            "deregistration_delay": "300",
            "health_check": [
              {
                "enabled": true,
                "healthy_threshold": 5,
                "interval": 10,
                "matcher": "200",
                "path": "/",
                "port": "traffic-port",
                "protocol": "HTTP",
                "timeout": 5,
                "unhealthy_threshold": 2
              }
            ],
            "id": "arn:aws:elasticloadbalancing:ap-northeast-1:533266984569:targetgroup/Web-TG/4f2995863f400f58",
            "lambda_multi_value_headers_enabled": null,
            "load_balancer_arns": [
              "arn:aws:elasticloadbalancing:ap-northeast-1:533266984569:loadbalancer/app/Web-elb/62cf152027ef9216"
            ],
            "load_balancing_algorithm_type": "round_robin",
            "load_balancing_anomaly_mitigation": "off",
            "load_balancing_cross_zone_enabled": "use_load_balancer_configuration",
            "name": "Web-TG",
            "port": 80,
            "preserve_client_ip": null,
            "protocol": "HTTP",
            "protocol_version": "HTTP1",
            "proxy_protocol_v2": null,
            "slow_start": 0,
            "stickiness": [
              {
                "cookie_duration": 86400,
                "cookie_name": "",
                "enabled": false,
                "type": "lb_cookie"
              }
            ],
            "tags": {
              "Name": "Web-TG"
            },
            "target_type": "instance",
            "timeouts": null,
            "vpc_id": "vpc-0c0c4678923dba26c"
          },
          "sensitive_attributes": []
        }
      ]
    },
    {
      "module": "module.autoscaling",
      "mode": "data",
      "type": "aws_security_group",
      "name": "app-sg",
      "provider": "provider[\"registry.terraform.io/hashicorp/aws\"]",
      "instances": [
        {
          "schema_version": 0,
          "attributes": {
            "arn": "arn:aws:ec2:ap-northeast-1:533266984569:security-group/sg-0a48c7fca1187f30f",
            "description": "Allow HTTP and HTTPS for ALB Only",
            "filter": [
              {
                "name": "tag:Name",
                "values": [
                  "Three-Tier-app-sg"
                ]
              }
            ],
            "id": "sg-0a48c7fca1187f30f",
            "name": "terraform-2024050900344502240000000a",
            "tags": {
              "Name": "Three-Tier-app-sg"
            },
            "timeouts": null,
            "vpc_id": "vpc-0c0c4678923dba26c"
          },
          "sensitive_attributes": []
        }
      ]
    },
    {
      "module": "module.autoscaling",
      "mode": "data",
      "type": "aws_security_group",
      "name": "web-sg",
      "provider": "provider[\"registry.terraform.io/hashicorp/aws\"]",
      "instances": [
        {
          "schema_version": 0,
          "attributes": {
            "arn": "arn:aws:ec2:ap-northeast-1:533266984569:security-group/sg-0c48c13e9ce899a75",
            "description": "Allow HTTP and HTTPS for ALB Only",
            "filter": [
              {
                "name": "tag:Name",
                "values": [
                  "Three-Tier-web-sg"
                ]
              }
            ],
            "id": "sg-0c48c13e9ce899a75",
            "name": "terraform-20240509003445021900000009",
            "tags": {
              "Name": "Three-Tier-web-sg"
            },
            "timeouts": null,
            "vpc_id": "vpc-0c0c4678923dba26c"
          },
          "sensitive_attributes": []
        }
      ]
    },
    {
      "module": "module.autoscaling",
      "mode": "data",
      "type": "aws_subnet",
      "name": "app-subnet1",
      "provider": "provider[\"registry.terraform.io/hashicorp/aws\"]",
      "instances": [
        {
          "schema_version": 0,
          "attributes": {
            "arn": "arn:aws:ec2:ap-northeast-1:533266984569:subnet/subnet-0bed63a46ca672358",
            "assign_ipv6_address_on_creation": false,
            "availability_zone": "ap-northeast-1a",
            "availability_zone_id": "apne1-az4",
            "available_ip_address_count": 251,
            "cidr_block": "10.0.5.0/24",
            "customer_owned_ipv4_pool": "",
            "default_for_az": false,
            "enable_dns64": false,
            "enable_lni_at_device_index": 0,
            "enable_resource_name_dns_a_record_on_launch": false,
            "enable_resource_name_dns_aaaa_record_on_launch": false,
            "filter": [
              {
                "name": "tag:Name",
                "values": [
                  "Three-Tier-APP-Subnet1"
                ]
              }
            ],
            "id": "subnet-0bed63a46ca672358",
            "ipv6_cidr_block": "",
            "ipv6_cidr_block_association_id": "",
            "ipv6_native": false,
            "map_customer_owned_ip_on_launch": false,
            "map_public_ip_on_launch": false,
            "outpost_arn": "",
            "owner_id": "533266984569",
            "private_dns_hostname_type_on_launch": "ip-name",
            "state": "available",
            "tags": {
              "Name": "Three-Tier-APP-Subnet1"
            },
            "timeouts": null,
            "vpc_id": "vpc-0c0c4678923dba26c"
          },
          "sensitive_attributes": []
        }
      ]
    },
    {
      "module": "module.autoscaling",
      "mode": "data",
      "type": "aws_subnet",
      "name": "app-subnet2",
      "provider": "provider[\"registry.terraform.io/hashicorp/aws\"]",
      "instances": [
        {
          "schema_version": 0,
          "attributes": {
            "arn": "arn:aws:ec2:ap-northeast-1:533266984569:subnet/subnet-0d1050458a822996f",
            "assign_ipv6_address_on_creation": false,
            "availability_zone": "ap-northeast-1c",
            "availability_zone_id": "apne1-az1",
            "available_ip_address_count": 251,
            "cidr_block": "10.0.6.0/24",
            "customer_owned_ipv4_pool": "",
            "default_for_az": false,
            "enable_dns64": false,
            "enable_lni_at_device_index": 0,
            "enable_resource_name_dns_a_record_on_launch": false,
            "enable_resource_name_dns_aaaa_record_on_launch": false,
            "filter": [
              {
                "name": "tag:Name",
                "values": [
                  "Three-Tier-APP-Subnet2"
                ]
              }
            ],
            "id": "subnet-0d1050458a822996f",
            "ipv6_cidr_block": "",
            "ipv6_cidr_block_association_id": "",
            "ipv6_native": false,
            "map_customer_owned_ip_on_launch": false,
            "map_public_ip_on_launch": false,
            "outpost_arn": "",
            "owner_id": "533266984569",
            "private_dns_hostname_type_on_launch": "ip-name",
            "state": "available",
            "tags": {
              "Name": "Three-Tier-APP-Subnet2"
            },
            "timeouts": null,
            "vpc_id": "vpc-0c0c4678923dba26c"
          },
          "sensitive_attributes": []
        }
      ]
    },
    {
      "module": "module.autoscaling",
      "mode": "data",
      "type": "aws_subnet",
      "name": "web-subnet1",
      "provider": "provider[\"registry.terraform.io/hashicorp/aws\"]",
      "instances": [
        {
          "schema_version": 0,
          "attributes": {
            "arn": "arn:aws:ec2:ap-northeast-1:533266984569:subnet/subnet-0f216951b7c84d19a",
            "assign_ipv6_address_on_creation": false,
            "availability_zone": "ap-northeast-1a",
            "availability_zone_id": "apne1-az4",
            "available_ip_address_count": 251,
            "cidr_block": "10.0.3.0/24",
            "customer_owned_ipv4_pool": "",
            "default_for_az": false,
            "enable_dns64": false,
            "enable_lni_at_device_index": 0,
            "enable_resource_name_dns_a_record_on_launch": false,
            "enable_resource_name_dns_aaaa_record_on_launch": false,
            "filter": [
              {
                "name": "tag:Name",
                "values": [
                  "Three-Tier-Web-Subnet1"
                ]
              }
            ],
            "id": "subnet-0f216951b7c84d19a",
            "ipv6_cidr_block": "",
            "ipv6_cidr_block_association_id": "",
            "ipv6_native": false,
            "map_customer_owned_ip_on_launch": false,
            "map_public_ip_on_launch": false,
            "outpost_arn": "",
            "owner_id": "533266984569",
            "private_dns_hostname_type_on_launch": "ip-name",
            "state": "available",
            "tags": {
              "Name": "Three-Tier-Web-Subnet1"
            },
            "timeouts": null,
            "vpc_id": "vpc-0c0c4678923dba26c"
          },
          "sensitive_attributes": []
        }
      ]
    },
    {
      "module": "module.autoscaling",
      "mode": "data",
      "type": "aws_subnet",
      "name": "web-subnet2",
      "provider": "provider[\"registry.terraform.io/hashicorp/aws\"]",
      "instances": [
        {
          "schema_version": 0,
          "attributes": {
            "arn": "arn:aws:ec2:ap-northeast-1:533266984569:subnet/subnet-039796aa48333ce5a",
            "assign_ipv6_address_on_creation": false,
            "availability_zone": "ap-northeast-1c",
            "availability_zone_id": "apne1-az1",
            "available_ip_address_count": 250,
            "cidr_block": "10.0.4.0/24",
            "customer_owned_ipv4_pool": "",
            "default_for_az": false,
            "enable_dns64": false,
            "enable_lni_at_device_index": 0,
            "enable_resource_name_dns_a_record_on_launch": false,
            "enable_resource_name_dns_aaaa_record_on_launch": false,
            "filter": [
              {
                "name": "tag:Name",
                "values": [
                  "Three-Tier-Web-Subnet2"
                ]
              }
            ],
            "id": "subnet-039796aa48333ce5a",
            "ipv6_cidr_block": "",
            "ipv6_cidr_block_association_id": "",
            "ipv6_native": false,
            "map_customer_owned_ip_on_launch": false,
            "map_public_ip_on_launch": false,
            "outpost_arn": "",
            "owner_id": "533266984569",
            "private_dns_hostname_type_on_launch": "ip-name",
            "state": "available",
            "tags": {
              "Name": "Three-Tier-Web-Subnet2"
            },
            "timeouts": null,
            "vpc_id": "vpc-0c0c4678923dba26c"
          },
          "sensitive_attributes": []
        }
      ]
    },
    {
      "module": "module.autoscaling",
      "mode": "managed",
      "type": "aws_autoscaling_group",
      "name": "APP-ASG",
      "provider": "provider[\"registry.terraform.io/hashicorp/aws\"]",
      "instances": [
        {
          "schema_version": 1,
          "attributes": {
            "arn": "arn:aws:autoscaling:ap-northeast-1:533266984569:autoScalingGroup:daecbc58-5dd1-4ecd-a3b9-6342ffdbdcd2:autoScalingGroupName/Three-Tier-APP-ASG",
            "availability_zones": [
              "ap-northeast-1a",
              "ap-northeast-1c"
            ],
            "capacity_rebalance": false,
            "context": "",
            "default_cooldown": 300,
            "default_instance_warmup": 0,
            "desired_capacity": 2,
            "desired_capacity_type": "",
            "enabled_metrics": null,
            "force_delete": true,
            "force_delete_warm_pool": false,
            "health_check_grace_period": 300,
            "health_check_type": "ELB",
            "id": "Three-Tier-APP-ASG",
            "ignore_failed_scaling_activities": false,
            "initial_lifecycle_hook": [],
            "instance_maintenance_policy": [],
            "instance_refresh": [],
            "launch_configuration": "",
            "launch_template": [
              {
                "id": "lt-0f0ad8f37e1c6517d",
                "name": "APP-template",
                "version": "1"
              }
            ],
            "load_balancers": [],
            "max_instance_lifetime": 0,
            "max_size": 4,
            "metrics_granularity": "1Minute",
            "min_elb_capacity": null,
            "min_size": 2,
            "mixed_instances_policy": [],
            "name": "Three-Tier-APP-ASG",
            "name_prefix": "",
            "placement_group": "",
            "predicted_capacity": 0,
            "protect_from_scale_in": false,
            "service_linked_role_arn": "arn:aws:iam::533266984569:role/aws-service-role/autoscaling.amazonaws.com/AWSServiceRoleForAutoScaling",
            "suspended_processes": null,
            "tag": [
              {
                "key": "Name",
                "propagate_at_launch": true,
                "value": "APP-ASG"
              }
            ],
            "target_group_arns": [
              "arn:aws:elasticloadbalancing:ap-northeast-1:533266984569:targetgroup/APP-TG/6ffcc61f04b81956"
            ],
            "termination_policies": null,
            "timeouts": null,
            "traffic_source": [
              {
                "identifier": "arn:aws:elasticloadbalancing:ap-northeast-1:533266984569:targetgroup/APP-TG/6ffcc61f04b81956",
                "type": "elbv2"
              }
            ],
            "vpc_zone_identifier": [
              "subnet-0bed63a46ca672358",
              "subnet-0d1050458a822996f"
            ],
            "wait_for_capacity_timeout": "10m",
            "wait_for_elb_capacity": null,
            "warm_pool": [],
            "warm_pool_size": 0
          },
          "sensitive_attributes": [],
          "private": "eyJlMmJmYjczMC1lY2FhLTExZTYtOGY4OC0zNDM2M2JjN2M0YzAiOnsiZGVsZXRlIjo2MDAwMDAwMDAwMDAsInVwZGF0ZSI6NjAwMDAwMDAwMDAwfSwic2NoZW1hX3ZlcnNpb24iOiIxIn0=",
          "dependencies": [
            "module.alb.aws_lb.app-elb",
            "module.alb.aws_lb.web-elb",
            "module.alb.aws_lb_listener.app-alb-listener",
            "module.alb.aws_lb_listener.web-alb-listener",
            "module.alb.aws_lb_target_group.app-tg",
            "module.alb.aws_lb_target_group.web-tg",
            "module.alb.data.aws_security_group.app-alb-sg",
            "module.alb.data.aws_security_group.web-alb-sg",
            "module.alb.data.aws_subnet.public-subnet1",
            "module.alb.data.aws_subnet.public-subnet2",
            "module.alb.data.aws_subnet.web-subnet1",
            "module.alb.data.aws_subnet.web-subnet2",
            "module.alb.data.aws_vpc.vpc",
            "module.autoscaling.aws_launch_template.APP-LC",
            "module.autoscaling.data.aws_ami.ami",
            "module.autoscaling.data.aws_lb_target_group.app-tg",
            "module.autoscaling.data.aws_security_group.app-sg",
            "module.autoscaling.data.aws_subnet.app-subnet1",
            "module.autoscaling.data.aws_subnet.app-subnet2",
            "module.iam.aws_iam_instance_profile.test_profile",
            "module.iam.aws_iam_role.iam-role",
            "module.iam.aws_iam_role_policy.iam-policy",
            "module.security-group.aws_security_group.app-alb-sg",
            "module.security-group.aws_security_group.app-tier-sg",
            "module.security-group.aws_security_group.web-alb-sg",
            "module.security-group.aws_security_group.web-tier-sg",
            "module.security-group.data.aws_vpc.vpc",
            "module.vpc.aws_eip.eip1",
            "module.vpc.aws_eip.eip2",
            "module.vpc.aws_internet_gateway.igw",
            "module.vpc.aws_nat_gateway.ngw1",
            "module.vpc.aws_nat_gateway.ngw2",
            "module.vpc.aws_route_table.private-rt1",
            "module.vpc.aws_route_table.private-rt2",
            "module.vpc.aws_route_table.public-rt1",
            "module.vpc.aws_route_table.public-rt2",
            "module.vpc.aws_route_table_association.private-rt-association1",
            "module.vpc.aws_route_table_association.private-rt-association2",
            "module.vpc.aws_route_table_association.public-rt-association1",
            "module.vpc.aws_route_table_association.public-rt-association2",
            "module.vpc.aws_subnet.app-subnet1",
            "module.vpc.aws_subnet.app-subnet2",
            "module.vpc.aws_subnet.public-subnet1",
            "module.vpc.aws_subnet.public-subnet2",
            "module.vpc.aws_subnet.web-subnet1",
            "module.vpc.aws_subnet.web-subnet2",
            "module.vpc.aws_vpc.vpc"
          ]
        }
      ]
    },
    {
      "module": "module.autoscaling",
      "mode": "managed",
      "type": "aws_autoscaling_group",
      "name": "Web-ASG",
      "provider": "provider[\"registry.terraform.io/hashicorp/aws\"]",
      "instances": [
        {
          "schema_version": 1,
          "attributes": {
            "arn": "arn:aws:autoscaling:ap-northeast-1:533266984569:autoScalingGroup:bf6ef6ac-af41-45f3-9406-ded55757275c:autoScalingGroupName/Three-Tier-WEB-ASG",
            "availability_zones": [
              "ap-northeast-1a",
              "ap-northeast-1c"
            ],
            "capacity_rebalance": false,
            "context": "",
            "default_cooldown": 300,
            "default_instance_warmup": 0,
            "desired_capacity": 2,
            "desired_capacity_type": "",
            "enabled_metrics": null,
            "force_delete": true,
            "force_delete_warm_pool": false,
            "health_check_grace_period": 300,
            "health_check_type": "ELB",
            "id": "Three-Tier-WEB-ASG",
            "ignore_failed_scaling_activities": false,
            "initial_lifecycle_hook": [],
            "instance_maintenance_policy": [],
            "instance_refresh": [],
            "launch_configuration": "",
            "launch_template": [
              {
                "id": "lt-0f710117452277622",
                "name": "Web-template",
                "version": "1"
              }
            ],
            "load_balancers": [],
            "max_instance_lifetime": 0,
            "max_size": 4,
            "metrics_granularity": "1Minute",
            "min_elb_capacity": null,
            "min_size": 2,
            "mixed_instances_policy": [],
            "name": "Three-Tier-WEB-ASG",
            "name_prefix": "",
            "placement_group": "",
            "predicted_capacity": 0,
            "protect_from_scale_in": false,
            "service_linked_role_arn": "arn:aws:iam::533266984569:role/aws-service-role/autoscaling.amazonaws.com/AWSServiceRoleForAutoScaling",
            "suspended_processes": null,
            "tag": [
              {
                "key": "Name",
                "propagate_at_launch": true,
                "value": "Web-ASG"
              }
            ],
            "target_group_arns": [
              "arn:aws:elasticloadbalancing:ap-northeast-1:533266984569:targetgroup/Web-TG/4f2995863f400f58"
            ],
            "termination_policies": null,
            "timeouts": null,
            "traffic_source": [
              {
                "identifier": "arn:aws:elasticloadbalancing:ap-northeast-1:533266984569:targetgroup/Web-TG/4f2995863f400f58",
                "type": "elbv2"
              }
            ],
            "vpc_zone_identifier": [
              "subnet-039796aa48333ce5a",
              "subnet-0f216951b7c84d19a"
            ],
            "wait_for_capacity_timeout": "10m",
            "wait_for_elb_capacity": null,
            "warm_pool": [],
            "warm_pool_size": 0
          },
          "sensitive_attributes": [],
          "private": "eyJlMmJmYjczMC1lY2FhLTExZTYtOGY4OC0zNDM2M2JjN2M0YzAiOnsiZGVsZXRlIjo2MDAwMDAwMDAwMDAsInVwZGF0ZSI6NjAwMDAwMDAwMDAwfSwic2NoZW1hX3ZlcnNpb24iOiIxIn0=",
          "dependencies": [
            "module.alb.aws_lb.app-elb",
            "module.alb.aws_lb.web-elb",
            "module.alb.aws_lb_listener.app-alb-listener",
            "module.alb.aws_lb_listener.web-alb-listener",
            "module.alb.aws_lb_target_group.app-tg",
            "module.alb.aws_lb_target_group.web-tg",
            "module.alb.data.aws_security_group.app-alb-sg",
            "module.alb.data.aws_security_group.web-alb-sg",
            "module.alb.data.aws_subnet.public-subnet1",
            "module.alb.data.aws_subnet.public-subnet2",
            "module.alb.data.aws_subnet.web-subnet1",
            "module.alb.data.aws_subnet.web-subnet2",
            "module.alb.data.aws_vpc.vpc",
            "module.autoscaling.aws_launch_template.Web-LC",
            "module.autoscaling.data.aws_ami.ami",
            "module.autoscaling.data.aws_lb_target_group.web-tg",
            "module.autoscaling.data.aws_security_group.web-sg",
            "module.autoscaling.data.aws_subnet.web-subnet1",
            "module.autoscaling.data.aws_subnet.web-subnet2",
            "module.iam.aws_iam_instance_profile.test_profile",
            "module.iam.aws_iam_role.iam-role",
            "module.iam.aws_iam_role_policy.iam-policy",
            "module.security-group.aws_security_group.app-alb-sg",
            "module.security-group.aws_security_group.app-tier-sg",
            "module.security-group.aws_security_group.web-alb-sg",
            "module.security-group.aws_security_group.web-tier-sg",
            "module.security-group.data.aws_vpc.vpc",
            "module.vpc.aws_eip.eip1",
            "module.vpc.aws_eip.eip2",
            "module.vpc.aws_internet_gateway.igw",
            "module.vpc.aws_nat_gateway.ngw1",
            "module.vpc.aws_nat_gateway.ngw2",
            "module.vpc.aws_route_table.private-rt1",
            "module.vpc.aws_route_table.private-rt2",
            "module.vpc.aws_route_table.public-rt1",
            "module.vpc.aws_route_table.public-rt2",
            "module.vpc.aws_route_table_association.private-rt-association1",
            "module.vpc.aws_route_table_association.private-rt-association2",
            "module.vpc.aws_route_table_association.public-rt-association1",
            "module.vpc.aws_route_table_association.public-rt-association2",
            "module.vpc.aws_subnet.app-subnet1",
            "module.vpc.aws_subnet.app-subnet2",
            "module.vpc.aws_subnet.public-subnet1",
            "module.vpc.aws_subnet.public-subnet2",
            "module.vpc.aws_subnet.web-subnet1",
            "module.vpc.aws_subnet.web-subnet2",
            "module.vpc.aws_vpc.vpc"
          ]
        }
      ]
    },
    {
      "module": "module.autoscaling",
      "mode": "managed",
      "type": "aws_autoscaling_policy",
      "name": "app-custom-cpu-policy",
      "provider": "provider[\"registry.terraform.io/hashicorp/aws\"]",
      "instances": [
        {
          "schema_version": 0,
          "attributes": {
            "adjustment_type": "ChangeInCapacity",
            "arn": "arn:aws:autoscaling:ap-northeast-1:533266984569:scalingPolicy:eec472cf-cffd-4f3a-83f9-eab61f997116:autoScalingGroupName/Three-Tier-APP-ASG:policyName/app-custom-cpu-policy",
            "autoscaling_group_name": "Three-Tier-APP-ASG",
            "cooldown": 60,
            "enabled": true,
            "estimated_instance_warmup": 0,
            "id": "app-custom-cpu-policy",
            "metric_aggregation_type": "",
            "min_adjustment_magnitude": 0,
            "name": "app-custom-cpu-policy",
            "policy_type": "SimpleScaling",
            "predictive_scaling_configuration": [],
            "scaling_adjustment": 1,
            "step_adjustment": [],
            "target_tracking_configuration": []
          },
          "sensitive_attributes": [],
          "private": "bnVsbA==",
          "dependencies": [
            "module.alb.aws_lb.app-elb",
            "module.alb.aws_lb.web-elb",
            "module.alb.aws_lb_listener.app-alb-listener",
            "module.alb.aws_lb_listener.web-alb-listener",
            "module.alb.aws_lb_target_group.app-tg",
            "module.alb.aws_lb_target_group.web-tg",
            "module.alb.data.aws_security_group.app-alb-sg",
            "module.alb.data.aws_security_group.web-alb-sg",
            "module.alb.data.aws_subnet.public-subnet1",
            "module.alb.data.aws_subnet.public-subnet2",
            "module.alb.data.aws_subnet.web-subnet1",
            "module.alb.data.aws_subnet.web-subnet2",
            "module.alb.data.aws_vpc.vpc",
            "module.autoscaling.aws_autoscaling_group.APP-ASG",
            "module.autoscaling.aws_launch_template.APP-LC",
            "module.autoscaling.data.aws_ami.ami",
            "module.autoscaling.data.aws_lb_target_group.app-tg",
            "module.autoscaling.data.aws_security_group.app-sg",
            "module.autoscaling.data.aws_subnet.app-subnet1",
            "module.autoscaling.data.aws_subnet.app-subnet2",
            "module.iam.aws_iam_instance_profile.test_profile",
            "module.iam.aws_iam_role.iam-role",
            "module.iam.aws_iam_role_policy.iam-policy",
            "module.security-group.aws_security_group.app-alb-sg",
            "module.security-group.aws_security_group.app-tier-sg",
            "module.security-group.aws_security_group.web-alb-sg",
            "module.security-group.aws_security_group.web-tier-sg",
            "module.security-group.data.aws_vpc.vpc",
            "module.vpc.aws_eip.eip1",
            "module.vpc.aws_eip.eip2",
            "module.vpc.aws_internet_gateway.igw",
            "module.vpc.aws_nat_gateway.ngw1",
            "module.vpc.aws_nat_gateway.ngw2",
            "module.vpc.aws_route_table.private-rt1",
            "module.vpc.aws_route_table.private-rt2",
            "module.vpc.aws_route_table.public-rt1",
            "module.vpc.aws_route_table.public-rt2",
            "module.vpc.aws_route_table_association.private-rt-association1",
            "module.vpc.aws_route_table_association.private-rt-association2",
            "module.vpc.aws_route_table_association.public-rt-association1",
            "module.vpc.aws_route_table_association.public-rt-association2",
            "module.vpc.aws_subnet.app-subnet1",
            "module.vpc.aws_subnet.app-subnet2",
            "module.vpc.aws_subnet.public-subnet1",
            "module.vpc.aws_subnet.public-subnet2",
            "module.vpc.aws_subnet.web-subnet1",
            "module.vpc.aws_subnet.web-subnet2",
            "module.vpc.aws_vpc.vpc"
          ]
        }
      ]
    },
    {
      "module": "module.autoscaling",
      "mode": "managed",
      "type": "aws_autoscaling_policy",
      "name": "app-custom-cpu-policy-scaledown",
      "provider": "provider[\"registry.terraform.io/hashicorp/aws\"]",
      "instances": [
        {
          "schema_version": 0,
          "attributes": {
            "adjustment_type": "ChangeInCapacity",
            "arn": "arn:aws:autoscaling:ap-northeast-1:533266984569:scalingPolicy:b498cad1-f944-4c49-a390-c727d308b7d3:autoScalingGroupName/Three-Tier-APP-ASG:policyName/app-custom-cpu-policy-scaledown",
            "autoscaling_group_name": "Three-Tier-APP-ASG",
            "cooldown": 60,
            "enabled": true,
            "estimated_instance_warmup": 0,
            "id": "app-custom-cpu-policy-scaledown",
            "metric_aggregation_type": "",
            "min_adjustment_magnitude": 0,
            "name": "app-custom-cpu-policy-scaledown",
            "policy_type": "SimpleScaling",
            "predictive_scaling_configuration": [],
            "scaling_adjustment": -1,
            "step_adjustment": [],
            "target_tracking_configuration": []
          },
          "sensitive_attributes": [],
          "private": "bnVsbA==",
          "dependencies": [
            "module.alb.aws_lb.app-elb",
            "module.alb.aws_lb.web-elb",
            "module.alb.aws_lb_listener.app-alb-listener",
            "module.alb.aws_lb_listener.web-alb-listener",
            "module.alb.aws_lb_target_group.app-tg",
            "module.alb.aws_lb_target_group.web-tg",
            "module.alb.data.aws_security_group.app-alb-sg",
            "module.alb.data.aws_security_group.web-alb-sg",
            "module.alb.data.aws_subnet.public-subnet1",
            "module.alb.data.aws_subnet.public-subnet2",
            "module.alb.data.aws_subnet.web-subnet1",
            "module.alb.data.aws_subnet.web-subnet2",
            "module.alb.data.aws_vpc.vpc",
            "module.autoscaling.aws_autoscaling_group.APP-ASG",
            "module.autoscaling.aws_launch_template.APP-LC",
            "module.autoscaling.data.aws_ami.ami",
            "module.autoscaling.data.aws_lb_target_group.app-tg",
            "module.autoscaling.data.aws_security_group.app-sg",
            "module.autoscaling.data.aws_subnet.app-subnet1",
            "module.autoscaling.data.aws_subnet.app-subnet2",
            "module.iam.aws_iam_instance_profile.test_profile",
            "module.iam.aws_iam_role.iam-role",
            "module.iam.aws_iam_role_policy.iam-policy",
            "module.security-group.aws_security_group.app-alb-sg",
            "module.security-group.aws_security_group.app-tier-sg",
            "module.security-group.aws_security_group.web-alb-sg",
            "module.security-group.aws_security_group.web-tier-sg",
            "module.security-group.data.aws_vpc.vpc",
            "module.vpc.aws_eip.eip1",
            "module.vpc.aws_eip.eip2",
            "module.vpc.aws_internet_gateway.igw",
            "module.vpc.aws_nat_gateway.ngw1",
            "module.vpc.aws_nat_gateway.ngw2",
            "module.vpc.aws_route_table.private-rt1",
            "module.vpc.aws_route_table.private-rt2",
            "module.vpc.aws_route_table.public-rt1",
            "module.vpc.aws_route_table.public-rt2",
            "module.vpc.aws_route_table_association.private-rt-association1",
            "module.vpc.aws_route_table_association.private-rt-association2",
            "module.vpc.aws_route_table_association.public-rt-association1",
            "module.vpc.aws_route_table_association.public-rt-association2",
            "module.vpc.aws_subnet.app-subnet1",
            "module.vpc.aws_subnet.app-subnet2",
            "module.vpc.aws_subnet.public-subnet1",
            "module.vpc.aws_subnet.public-subnet2",
            "module.vpc.aws_subnet.web-subnet1",
            "module.vpc.aws_subnet.web-subnet2",
            "module.vpc.aws_vpc.vpc"
          ]
        }
      ]
    },
    {
      "module": "module.autoscaling",
      "mode": "managed",
      "type": "aws_autoscaling_policy",
      "name": "web-custom-cpu-policy",
      "provider": "provider[\"registry.terraform.io/hashicorp/aws\"]",
      "instances": [
        {
          "schema_version": 0,
          "attributes": {
            "adjustment_type": "ChangeInCapacity",
            "arn": "arn:aws:autoscaling:ap-northeast-1:533266984569:scalingPolicy:f485a00b-5e76-402c-b533-600411f1357c:autoScalingGroupName/Three-Tier-WEB-ASG:policyName/custom-cpu-policy",
            "autoscaling_group_name": "Three-Tier-WEB-ASG",
            "cooldown": 60,
            "enabled": true,
            "estimated_instance_warmup": 0,
            "id": "custom-cpu-policy",
            "metric_aggregation_type": "",
            "min_adjustment_magnitude": 0,
            "name": "custom-cpu-policy",
            "policy_type": "SimpleScaling",
            "predictive_scaling_configuration": [],
            "scaling_adjustment": 1,
            "step_adjustment": [],
            "target_tracking_configuration": []
          },
          "sensitive_attributes": [],
          "private": "bnVsbA==",
          "dependencies": [
            "module.alb.aws_lb.app-elb",
            "module.alb.aws_lb.web-elb",
            "module.alb.aws_lb_listener.app-alb-listener",
            "module.alb.aws_lb_listener.web-alb-listener",
            "module.alb.aws_lb_target_group.app-tg",
            "module.alb.aws_lb_target_group.web-tg",
            "module.alb.data.aws_security_group.app-alb-sg",
            "module.alb.data.aws_security_group.web-alb-sg",
            "module.alb.data.aws_subnet.public-subnet1",
            "module.alb.data.aws_subnet.public-subnet2",
            "module.alb.data.aws_subnet.web-subnet1",
            "module.alb.data.aws_subnet.web-subnet2",
            "module.alb.data.aws_vpc.vpc",
            "module.autoscaling.aws_autoscaling_group.Web-ASG",
            "module.autoscaling.aws_launch_template.Web-LC",
            "module.autoscaling.data.aws_ami.ami",
            "module.autoscaling.data.aws_lb_target_group.web-tg",
            "module.autoscaling.data.aws_security_group.web-sg",
            "module.autoscaling.data.aws_subnet.web-subnet1",
            "module.autoscaling.data.aws_subnet.web-subnet2",
            "module.iam.aws_iam_instance_profile.test_profile",
            "module.iam.aws_iam_role.iam-role",
            "module.iam.aws_iam_role_policy.iam-policy",
            "module.security-group.aws_security_group.app-alb-sg",
            "module.security-group.aws_security_group.app-tier-sg",
            "module.security-group.aws_security_group.web-alb-sg",
            "module.security-group.aws_security_group.web-tier-sg",
            "module.security-group.data.aws_vpc.vpc",
            "module.vpc.aws_eip.eip1",
            "module.vpc.aws_eip.eip2",
            "module.vpc.aws_internet_gateway.igw",
            "module.vpc.aws_nat_gateway.ngw1",
            "module.vpc.aws_nat_gateway.ngw2",
            "module.vpc.aws_route_table.private-rt1",
            "module.vpc.aws_route_table.private-rt2",
            "module.vpc.aws_route_table.public-rt1",
            "module.vpc.aws_route_table.public-rt2",
            "module.vpc.aws_route_table_association.private-rt-association1",
            "module.vpc.aws_route_table_association.private-rt-association2",
            "module.vpc.aws_route_table_association.public-rt-association1",
            "module.vpc.aws_route_table_association.public-rt-association2",
            "module.vpc.aws_subnet.app-subnet1",
            "module.vpc.aws_subnet.app-subnet2",
            "module.vpc.aws_subnet.public-subnet1",
            "module.vpc.aws_subnet.public-subnet2",
            "module.vpc.aws_subnet.web-subnet1",
            "module.vpc.aws_subnet.web-subnet2",
            "module.vpc.aws_vpc.vpc"
          ]
        }
      ]
    },
    {
      "module": "module.autoscaling",
      "mode": "managed",
      "type": "aws_autoscaling_policy",
      "name": "web-custom-cpu-policy-scaledown",
      "provider": "provider[\"registry.terraform.io/hashicorp/aws\"]",
      "instances": [
        {
          "schema_version": 0,
          "attributes": {
            "adjustment_type": "ChangeInCapacity",
            "arn": "arn:aws:autoscaling:ap-northeast-1:533266984569:scalingPolicy:6908f43a-ae5b-480d-82e7-27b79bbcdc37:autoScalingGroupName/Three-Tier-WEB-ASG:policyName/web-custom-cpu-policy-scaledown",
            "autoscaling_group_name": "Three-Tier-WEB-ASG",
            "cooldown": 60,
            "enabled": true,
            "estimated_instance_warmup": 0,
            "id": "web-custom-cpu-policy-scaledown",
            "metric_aggregation_type": "",
            "min_adjustment_magnitude": 0,
            "name": "web-custom-cpu-policy-scaledown",
            "policy_type": "SimpleScaling",
            "predictive_scaling_configuration": [],
            "scaling_adjustment": -1,
            "step_adjustment": [],
            "target_tracking_configuration": []
          },
          "sensitive_attributes": [],
          "private": "bnVsbA==",
          "dependencies": [
            "module.alb.aws_lb.app-elb",
            "module.alb.aws_lb.web-elb",
            "module.alb.aws_lb_listener.app-alb-listener",
            "module.alb.aws_lb_listener.web-alb-listener",
            "module.alb.aws_lb_target_group.app-tg",
            "module.alb.aws_lb_target_group.web-tg",
            "module.alb.data.aws_security_group.app-alb-sg",
            "module.alb.data.aws_security_group.web-alb-sg",
            "module.alb.data.aws_subnet.public-subnet1",
            "module.alb.data.aws_subnet.public-subnet2",
            "module.alb.data.aws_subnet.web-subnet1",
            "module.alb.data.aws_subnet.web-subnet2",
            "module.alb.data.aws_vpc.vpc",
            "module.autoscaling.aws_autoscaling_group.Web-ASG",
            "module.autoscaling.aws_launch_template.Web-LC",
            "module.autoscaling.data.aws_ami.ami",
            "module.autoscaling.data.aws_lb_target_group.web-tg",
            "module.autoscaling.data.aws_security_group.web-sg",
            "module.autoscaling.data.aws_subnet.web-subnet1",
            "module.autoscaling.data.aws_subnet.web-subnet2",
            "module.iam.aws_iam_instance_profile.test_profile",
            "module.iam.aws_iam_role.iam-role",
            "module.iam.aws_iam_role_policy.iam-policy",
            "module.security-group.aws_security_group.app-alb-sg",
            "module.security-group.aws_security_group.app-tier-sg",
            "module.security-group.aws_security_group.web-alb-sg",
            "module.security-group.aws_security_group.web-tier-sg",
            "module.security-group.data.aws_vpc.vpc",
            "module.vpc.aws_eip.eip1",
            "module.vpc.aws_eip.eip2",
            "module.vpc.aws_internet_gateway.igw",
            "module.vpc.aws_nat_gateway.ngw1",
            "module.vpc.aws_nat_gateway.ngw2",
            "module.vpc.aws_route_table.private-rt1",
            "module.vpc.aws_route_table.private-rt2",
            "module.vpc.aws_route_table.public-rt1",
            "module.vpc.aws_route_table.public-rt2",
            "module.vpc.aws_route_table_association.private-rt-association1",
            "module.vpc.aws_route_table_association.private-rt-association2",
            "module.vpc.aws_route_table_association.public-rt-association1",
            "module.vpc.aws_route_table_association.public-rt-association2",
            "module.vpc.aws_subnet.app-subnet1",
            "module.vpc.aws_subnet.app-subnet2",
            "module.vpc.aws_subnet.public-subnet1",
            "module.vpc.aws_subnet.public-subnet2",
            "module.vpc.aws_subnet.web-subnet1",
            "module.vpc.aws_subnet.web-subnet2",
            "module.vpc.aws_vpc.vpc"
          ]
        }
      ]
    },
    {
      "module": "module.autoscaling",
      "mode": "managed",
      "type": "aws_cloudwatch_metric_alarm",
      "name": "app-custom-cpu-alarm",
      "provider": "provider[\"registry.terraform.io/hashicorp/aws\"]",
      "instances": [
        {
          "schema_version": 1,
          "attributes": {
            "actions_enabled": true,
            "alarm_actions": [
              "arn:aws:autoscaling:ap-northeast-1:533266984569:scalingPolicy:eec472cf-cffd-4f3a-83f9-eab61f997116:autoScalingGroupName/Three-Tier-APP-ASG:policyName/app-custom-cpu-policy"
            ],
            "alarm_description": "alarm when cpu usage increases",
            "alarm_name": "app-custom-cpu-alarm",
            "arn": "arn:aws:cloudwatch:ap-northeast-1:533266984569:alarm:app-custom-cpu-alarm",
            "comparison_operator": "GreaterThanOrEqualToThreshold",
            "datapoints_to_alarm": 0,
            "dimensions": {
              "AutoScalingGroupName": "Three-Tier-APP-ASG"
            },
            "evaluate_low_sample_count_percentiles": "",
            "evaluation_periods": 2,
            "extended_statistic": "",
            "id": "app-custom-cpu-alarm",
            "insufficient_data_actions": null,
            "metric_name": "CPUUtilization",
            "metric_query": [],
            "namespace": "AWS/EC2",
            "ok_actions": null,
            "period": 120,
            "statistic": "Average",
            "tags": null,
            "tags_all": {},
            "threshold": 70,
            "threshold_metric_id": "",
            "treat_missing_data": "missing",
            "unit": ""
          },
          "sensitive_attributes": [],
          "private": "eyJzY2hlbWFfdmVyc2lvbiI6IjEifQ==",
          "dependencies": [
            "module.alb.aws_lb.app-elb",
            "module.alb.aws_lb.web-elb",
            "module.alb.aws_lb_listener.app-alb-listener",
            "module.alb.aws_lb_listener.web-alb-listener",
            "module.alb.aws_lb_target_group.app-tg",
            "module.alb.aws_lb_target_group.web-tg",
            "module.alb.data.aws_security_group.app-alb-sg",
            "module.alb.data.aws_security_group.web-alb-sg",
            "module.alb.data.aws_subnet.public-subnet1",
            "module.alb.data.aws_subnet.public-subnet2",
            "module.alb.data.aws_subnet.web-subnet1",
            "module.alb.data.aws_subnet.web-subnet2",
            "module.alb.data.aws_vpc.vpc",
            "module.autoscaling.aws_autoscaling_group.APP-ASG",
            "module.autoscaling.aws_autoscaling_policy.app-custom-cpu-policy",
            "module.autoscaling.aws_launch_template.APP-LC",
            "module.autoscaling.data.aws_ami.ami",
            "module.autoscaling.data.aws_lb_target_group.app-tg",
            "module.autoscaling.data.aws_security_group.app-sg",
            "module.autoscaling.data.aws_subnet.app-subnet1",
            "module.autoscaling.data.aws_subnet.app-subnet2",
            "module.iam.aws_iam_instance_profile.test_profile",
            "module.iam.aws_iam_role.iam-role",
            "module.iam.aws_iam_role_policy.iam-policy",
            "module.security-group.aws_security_group.app-alb-sg",
            "module.security-group.aws_security_group.app-tier-sg",
            "module.security-group.aws_security_group.web-alb-sg",
            "module.security-group.aws_security_group.web-tier-sg",
            "module.security-group.data.aws_vpc.vpc",
            "module.vpc.aws_eip.eip1",
            "module.vpc.aws_eip.eip2",
            "module.vpc.aws_internet_gateway.igw",
            "module.vpc.aws_nat_gateway.ngw1",
            "module.vpc.aws_nat_gateway.ngw2",
            "module.vpc.aws_route_table.private-rt1",
            "module.vpc.aws_route_table.private-rt2",
            "module.vpc.aws_route_table.public-rt1",
            "module.vpc.aws_route_table.public-rt2",
            "module.vpc.aws_route_table_association.private-rt-association1",
            "module.vpc.aws_route_table_association.private-rt-association2",
            "module.vpc.aws_route_table_association.public-rt-association1",
            "module.vpc.aws_route_table_association.public-rt-association2",
            "module.vpc.aws_subnet.app-subnet1",
            "module.vpc.aws_subnet.app-subnet2",
            "module.vpc.aws_subnet.public-subnet1",
            "module.vpc.aws_subnet.public-subnet2",
            "module.vpc.aws_subnet.web-subnet1",
            "module.vpc.aws_subnet.web-subnet2",
            "module.vpc.aws_vpc.vpc"
          ]
        }
      ]
    },
    {
      "module": "module.autoscaling",
      "mode": "managed",
      "type": "aws_cloudwatch_metric_alarm",
      "name": "app-custom-cpu-alarm-scaledown",
      "provider": "provider[\"registry.terraform.io/hashicorp/aws\"]",
      "instances": [
        {
          "schema_version": 1,
          "attributes": {
            "actions_enabled": true,
            "alarm_actions": [
              "arn:aws:autoscaling:ap-northeast-1:533266984569:scalingPolicy:b498cad1-f944-4c49-a390-c727d308b7d3:autoScalingGroupName/Three-Tier-APP-ASG:policyName/app-custom-cpu-policy-scaledown"
            ],
            "alarm_description": "alarm when cpu usage decreases",
            "alarm_name": "app-custom-cpu-alarm-scaledown",
            "arn": "arn:aws:cloudwatch:ap-northeast-1:533266984569:alarm:app-custom-cpu-alarm-scaledown",
            "comparison_operator": "LessThanOrEqualToThreshold",
            "datapoints_to_alarm": 0,
            "dimensions": {
              "AutoScalingGroupName": "Three-Tier-APP-ASG"
            },
            "evaluate_low_sample_count_percentiles": "",
            "evaluation_periods": 2,
            "extended_statistic": "",
            "id": "app-custom-cpu-alarm-scaledown",
            "insufficient_data_actions": null,
            "metric_name": "CPUUtilization",
            "metric_query": [],
            "namespace": "AWS/EC2",
            "ok_actions": null,
            "period": 120,
            "statistic": "Average",
            "tags": null,
            "tags_all": {},
            "threshold": 50,
            "threshold_metric_id": "",
            "treat_missing_data": "missing",
            "unit": ""
          },
          "sensitive_attributes": [],
          "private": "eyJzY2hlbWFfdmVyc2lvbiI6IjEifQ==",
          "dependencies": [
            "module.alb.aws_lb.app-elb",
            "module.alb.aws_lb.web-elb",
            "module.alb.aws_lb_listener.app-alb-listener",
            "module.alb.aws_lb_listener.web-alb-listener",
            "module.alb.aws_lb_target_group.app-tg",
            "module.alb.aws_lb_target_group.web-tg",
            "module.alb.data.aws_security_group.app-alb-sg",
            "module.alb.data.aws_security_group.web-alb-sg",
            "module.alb.data.aws_subnet.public-subnet1",
            "module.alb.data.aws_subnet.public-subnet2",
            "module.alb.data.aws_subnet.web-subnet1",
            "module.alb.data.aws_subnet.web-subnet2",
            "module.alb.data.aws_vpc.vpc",
            "module.autoscaling.aws_autoscaling_group.APP-ASG",
            "module.autoscaling.aws_autoscaling_policy.app-custom-cpu-policy-scaledown",
            "module.autoscaling.aws_launch_template.APP-LC",
            "module.autoscaling.data.aws_ami.ami",
            "module.autoscaling.data.aws_lb_target_group.app-tg",
            "module.autoscaling.data.aws_security_group.app-sg",
            "module.autoscaling.data.aws_subnet.app-subnet1",
            "module.autoscaling.data.aws_subnet.app-subnet2",
            "module.iam.aws_iam_instance_profile.test_profile",
            "module.iam.aws_iam_role.iam-role",
            "module.iam.aws_iam_role_policy.iam-policy",
            "module.security-group.aws_security_group.app-alb-sg",
            "module.security-group.aws_security_group.app-tier-sg",
            "module.security-group.aws_security_group.web-alb-sg",
            "module.security-group.aws_security_group.web-tier-sg",
            "module.security-group.data.aws_vpc.vpc",
            "module.vpc.aws_eip.eip1",
            "module.vpc.aws_eip.eip2",
            "module.vpc.aws_internet_gateway.igw",
            "module.vpc.aws_nat_gateway.ngw1",
            "module.vpc.aws_nat_gateway.ngw2",
            "module.vpc.aws_route_table.private-rt1",
            "module.vpc.aws_route_table.private-rt2",
            "module.vpc.aws_route_table.public-rt1",
            "module.vpc.aws_route_table.public-rt2",
            "module.vpc.aws_route_table_association.private-rt-association1",
            "module.vpc.aws_route_table_association.private-rt-association2",
            "module.vpc.aws_route_table_association.public-rt-association1",
            "module.vpc.aws_route_table_association.public-rt-association2",
            "module.vpc.aws_subnet.app-subnet1",
            "module.vpc.aws_subnet.app-subnet2",
            "module.vpc.aws_subnet.public-subnet1",
            "module.vpc.aws_subnet.public-subnet2",
            "module.vpc.aws_subnet.web-subnet1",
            "module.vpc.aws_subnet.web-subnet2",
            "module.vpc.aws_vpc.vpc"
          ]
        }
      ]
    },
    {
      "module": "module.autoscaling",
      "mode": "managed",
      "type": "aws_cloudwatch_metric_alarm",
      "name": "web-custom-cpu-alarm",
      "provider": "provider[\"registry.terraform.io/hashicorp/aws\"]",
      "instances": [
        {
          "schema_version": 1,
          "attributes": {
            "actions_enabled": true,
            "alarm_actions": [
              "arn:aws:autoscaling:ap-northeast-1:533266984569:scalingPolicy:f485a00b-5e76-402c-b533-600411f1357c:autoScalingGroupName/Three-Tier-WEB-ASG:policyName/custom-cpu-policy"
            ],
            "alarm_description": "alarm when cpu usage increases",
            "alarm_name": "custom-cpu-alarm",
            "arn": "arn:aws:cloudwatch:ap-northeast-1:533266984569:alarm:custom-cpu-alarm",
            "comparison_operator": "GreaterThanOrEqualToThreshold",
            "datapoints_to_alarm": 0,
            "dimensions": {
              "AutoScalingGroupName": "Three-Tier-WEB-ASG"
            },
            "evaluate_low_sample_count_percentiles": "",
            "evaluation_periods": 2,
            "extended_statistic": "",
            "id": "custom-cpu-alarm",
            "insufficient_data_actions": null,
            "metric_name": "CPUUtilization",
            "metric_query": [],
            "namespace": "AWS/EC2",
            "ok_actions": null,
            "period": 120,
            "statistic": "Average",
            "tags": null,
            "tags_all": {},
            "threshold": 70,
            "threshold_metric_id": "",
            "treat_missing_data": "missing",
            "unit": ""
          },
          "sensitive_attributes": [],
          "private": "eyJzY2hlbWFfdmVyc2lvbiI6IjEifQ==",
          "dependencies": [
            "module.alb.aws_lb.app-elb",
            "module.alb.aws_lb.web-elb",
            "module.alb.aws_lb_listener.app-alb-listener",
            "module.alb.aws_lb_listener.web-alb-listener",
            "module.alb.aws_lb_target_group.app-tg",
            "module.alb.aws_lb_target_group.web-tg",
            "module.alb.data.aws_security_group.app-alb-sg",
            "module.alb.data.aws_security_group.web-alb-sg",
            "module.alb.data.aws_subnet.public-subnet1",
            "module.alb.data.aws_subnet.public-subnet2",
            "module.alb.data.aws_subnet.web-subnet1",
            "module.alb.data.aws_subnet.web-subnet2",
            "module.alb.data.aws_vpc.vpc",
            "module.autoscaling.aws_autoscaling_group.Web-ASG",
            "module.autoscaling.aws_autoscaling_policy.web-custom-cpu-policy",
            "module.autoscaling.aws_launch_template.Web-LC",
            "module.autoscaling.data.aws_ami.ami",
            "module.autoscaling.data.aws_lb_target_group.web-tg",
            "module.autoscaling.data.aws_security_group.web-sg",
            "module.autoscaling.data.aws_subnet.web-subnet1",
            "module.autoscaling.data.aws_subnet.web-subnet2",
            "module.iam.aws_iam_instance_profile.test_profile",
            "module.iam.aws_iam_role.iam-role",
            "module.iam.aws_iam_role_policy.iam-policy",
            "module.security-group.aws_security_group.app-alb-sg",
            "module.security-group.aws_security_group.app-tier-sg",
            "module.security-group.aws_security_group.web-alb-sg",
            "module.security-group.aws_security_group.web-tier-sg",
            "module.security-group.data.aws_vpc.vpc",
            "module.vpc.aws_eip.eip1",
            "module.vpc.aws_eip.eip2",
            "module.vpc.aws_internet_gateway.igw",
            "module.vpc.aws_nat_gateway.ngw1",
            "module.vpc.aws_nat_gateway.ngw2",
            "module.vpc.aws_route_table.private-rt1",
            "module.vpc.aws_route_table.private-rt2",
            "module.vpc.aws_route_table.public-rt1",
            "module.vpc.aws_route_table.public-rt2",
            "module.vpc.aws_route_table_association.private-rt-association1",
            "module.vpc.aws_route_table_association.private-rt-association2",
            "module.vpc.aws_route_table_association.public-rt-association1",
            "module.vpc.aws_route_table_association.public-rt-association2",
            "module.vpc.aws_subnet.app-subnet1",
            "module.vpc.aws_subnet.app-subnet2",
            "module.vpc.aws_subnet.public-subnet1",
            "module.vpc.aws_subnet.public-subnet2",
            "module.vpc.aws_subnet.web-subnet1",
            "module.vpc.aws_subnet.web-subnet2",
            "module.vpc.aws_vpc.vpc"
          ]
        }
      ]
    },
    {
      "module": "module.autoscaling",
      "mode": "managed",
      "type": "aws_cloudwatch_metric_alarm",
      "name": "web-custom-cpu-alarm-scaledown",
      "provider": "provider[\"registry.terraform.io/hashicorp/aws\"]",
      "instances": [
        {
          "schema_version": 1,
          "attributes": {
            "actions_enabled": true,
            "alarm_actions": [
              "arn:aws:autoscaling:ap-northeast-1:533266984569:scalingPolicy:6908f43a-ae5b-480d-82e7-27b79bbcdc37:autoScalingGroupName/Three-Tier-WEB-ASG:policyName/web-custom-cpu-policy-scaledown"
            ],
            "alarm_description": "alarm when cpu usage decreases",
            "alarm_name": "web-custom-cpu-alarm-scaledown",
            "arn": "arn:aws:cloudwatch:ap-northeast-1:533266984569:alarm:web-custom-cpu-alarm-scaledown",
            "comparison_operator": "LessThanOrEqualToThreshold",
            "datapoints_to_alarm": 0,
            "dimensions": {
              "AutoScalingGroupName": "Three-Tier-WEB-ASG"
            },
            "evaluate_low_sample_count_percentiles": "",
            "evaluation_periods": 2,
            "extended_statistic": "",
            "id": "web-custom-cpu-alarm-scaledown",
            "insufficient_data_actions": null,
            "metric_name": "CPUUtilization",
            "metric_query": [],
            "namespace": "AWS/EC2",
            "ok_actions": null,
            "period": 120,
            "statistic": "Average",
            "tags": null,
            "tags_all": {},
            "threshold": 50,
            "threshold_metric_id": "",
            "treat_missing_data": "missing",
            "unit": ""
          },
          "sensitive_attributes": [],
          "private": "eyJzY2hlbWFfdmVyc2lvbiI6IjEifQ==",
          "dependencies": [
            "module.alb.aws_lb.app-elb",
            "module.alb.aws_lb.web-elb",
            "module.alb.aws_lb_listener.app-alb-listener",
            "module.alb.aws_lb_listener.web-alb-listener",
            "module.alb.aws_lb_target_group.app-tg",
            "module.alb.aws_lb_target_group.web-tg",
            "module.alb.data.aws_security_group.app-alb-sg",
            "module.alb.data.aws_security_group.web-alb-sg",
            "module.alb.data.aws_subnet.public-subnet1",
            "module.alb.data.aws_subnet.public-subnet2",
            "module.alb.data.aws_subnet.web-subnet1",
            "module.alb.data.aws_subnet.web-subnet2",
            "module.alb.data.aws_vpc.vpc",
            "module.autoscaling.aws_autoscaling_group.Web-ASG",
            "module.autoscaling.aws_autoscaling_policy.web-custom-cpu-policy-scaledown",
            "module.autoscaling.aws_launch_template.Web-LC",
            "module.autoscaling.data.aws_ami.ami",
            "module.autoscaling.data.aws_lb_target_group.web-tg",
            "module.autoscaling.data.aws_security_group.web-sg",
            "module.autoscaling.data.aws_subnet.web-subnet1",
            "module.autoscaling.data.aws_subnet.web-subnet2",
            "module.iam.aws_iam_instance_profile.test_profile",
            "module.iam.aws_iam_role.iam-role",
            "module.iam.aws_iam_role_policy.iam-policy",
            "module.security-group.aws_security_group.app-alb-sg",
            "module.security-group.aws_security_group.app-tier-sg",
            "module.security-group.aws_security_group.web-alb-sg",
            "module.security-group.aws_security_group.web-tier-sg",
            "module.security-group.data.aws_vpc.vpc",
            "module.vpc.aws_eip.eip1",
            "module.vpc.aws_eip.eip2",
            "module.vpc.aws_internet_gateway.igw",
            "module.vpc.aws_nat_gateway.ngw1",
            "module.vpc.aws_nat_gateway.ngw2",
            "module.vpc.aws_route_table.private-rt1",
            "module.vpc.aws_route_table.private-rt2",
            "module.vpc.aws_route_table.public-rt1",
            "module.vpc.aws_route_table.public-rt2",
            "module.vpc.aws_route_table_association.private-rt-association1",
            "module.vpc.aws_route_table_association.private-rt-association2",
            "module.vpc.aws_route_table_association.public-rt-association1",
            "module.vpc.aws_route_table_association.public-rt-association2",
            "module.vpc.aws_subnet.app-subnet1",
            "module.vpc.aws_subnet.app-subnet2",
            "module.vpc.aws_subnet.public-subnet1",
            "module.vpc.aws_subnet.public-subnet2",
            "module.vpc.aws_subnet.web-subnet1",
            "module.vpc.aws_subnet.web-subnet2",
            "module.vpc.aws_vpc.vpc"
          ]
        }
      ]
    },
    {
      "module": "module.autoscaling",
      "mode": "managed",
      "type": "aws_launch_template",
      "name": "APP-LC",
      "provider": "provider[\"registry.terraform.io/hashicorp/aws\"]",
      "instances": [
        {
          "schema_version": 0,
          "attributes": {
            "arn": "arn:aws:ec2:ap-northeast-1:533266984569:launch-template/lt-0f0ad8f37e1c6517d",
            "block_device_mappings": [],
            "capacity_reservation_specification": [],
            "cpu_options": [],
            "credit_specification": [],
            "default_version": 1,
            "description": "",
            "disable_api_stop": false,
            "disable_api_termination": false,
            "ebs_optimized": "",
            "elastic_gpu_specifications": [],
            "elastic_inference_accelerator": [],
            "enclave_options": [],
            "hibernation_options": [],
            "iam_instance_profile": [],
            "id": "lt-0f0ad8f37e1c6517d",
            "image_id": "ami-042ede0157c765756",
            "instance_initiated_shutdown_behavior": "",
            "instance_market_options": [],
            "instance_requirements": [],
            "instance_type": "t4g.micro",
            "kernel_id": "",
            "key_name": "",
            "latest_version": 1,
            "license_specification": [],
            "maintenance_options": [],
            "metadata_options": [],
            "monitoring": [],
            "name": "APP-template",
            "name_prefix": "",
            "network_interfaces": [],
            "placement": [],
            "private_dns_name_options": [],
            "ram_disk_id": "",
            "security_group_names": null,
            "tag_specifications": [],
            "tags": null,
            "tags_all": {},
            "update_default_version": null,
            "user_data": "IyEvYmluL2Jhc2gKCnN1ZG8geXVtIHVwZGF0ZSAteQpzdWRvIHl1bSB1cGdyYWRlIC15CnN1ZG8geXVtIGluc3RhbGwgLXkgbmdpbngKY2QgL3Vzci9zaGFyZS9uZ2lueC9odG1sCnN1ZG8geXVtIGluc3RhbGwgZ2l0IC15CnN1ZG8gZ2l0IGNsb25lIGh0dHBzOi8vZ2l0aHViLmNvbS9pdGVuam95NDIvcGRsYWIxLjEuZ2l0CnN1ZG8gcm0gLXJmIGluZGV4Lmh0bWwKY2QgcGRsYWIxLjEKc3VkbyBtdiAqIC4uLwpzdWRvIHJtIC1yZiBwZGxhYjEuMQoKc3VkbyBzeXN0ZW1jdGwgZW5hYmxlIG5naW54CnN1ZG8gc3lzdGVtY3RsIHJlc3RhcnQgbmdpbngKCiMgeXVtIGluc3RhbGwgbXlzcWwtc2VydmVyIC15CiMgc3lzdGVtY3RsIHN0YXJ0IG15c3FsZAojIHN5c3RlbWN0bCBlbmFibGUgbXlzcWxkCgpzdWRvIHl1bSBpbnN0YWxsIGFtYXpvbi1jbG91ZHdhdGNoLWFnZW50IC15Cg==",
            "vpc_security_group_ids": [
              "sg-0a48c7fca1187f30f"
            ]
          },
          "sensitive_attributes": [],
          "private": "bnVsbA==",
          "dependencies": [
            "module.alb.aws_lb.app-elb",
            "module.alb.aws_lb.web-elb",
            "module.alb.aws_lb_listener.app-alb-listener",
            "module.alb.aws_lb_listener.web-alb-listener",
            "module.alb.aws_lb_target_group.app-tg",
            "module.alb.aws_lb_target_group.web-tg",
            "module.alb.data.aws_security_group.app-alb-sg",
            "module.alb.data.aws_security_group.web-alb-sg",
            "module.alb.data.aws_subnet.public-subnet1",
            "module.alb.data.aws_subnet.public-subnet2",
            "module.alb.data.aws_subnet.web-subnet1",
            "module.alb.data.aws_subnet.web-subnet2",
            "module.alb.data.aws_vpc.vpc",
            "module.autoscaling.data.aws_ami.ami",
            "module.autoscaling.data.aws_security_group.app-sg",
            "module.iam.aws_iam_instance_profile.test_profile",
            "module.iam.aws_iam_role.iam-role",
            "module.iam.aws_iam_role_policy.iam-policy",
            "module.security-group.aws_security_group.app-alb-sg",
            "module.security-group.aws_security_group.app-tier-sg",
            "module.security-group.aws_security_group.web-alb-sg",
            "module.security-group.aws_security_group.web-tier-sg",
            "module.security-group.data.aws_vpc.vpc",
            "module.vpc.aws_eip.eip1",
            "module.vpc.aws_eip.eip2",
            "module.vpc.aws_internet_gateway.igw",
            "module.vpc.aws_nat_gateway.ngw1",
            "module.vpc.aws_nat_gateway.ngw2",
            "module.vpc.aws_route_table.private-rt1",
            "module.vpc.aws_route_table.private-rt2",
            "module.vpc.aws_route_table.public-rt1",
            "module.vpc.aws_route_table.public-rt2",
            "module.vpc.aws_route_table_association.private-rt-association1",
            "module.vpc.aws_route_table_association.private-rt-association2",
            "module.vpc.aws_route_table_association.public-rt-association1",
            "module.vpc.aws_route_table_association.public-rt-association2",
            "module.vpc.aws_subnet.app-subnet1",
            "module.vpc.aws_subnet.app-subnet2",
            "module.vpc.aws_subnet.public-subnet1",
            "module.vpc.aws_subnet.public-subnet2",
            "module.vpc.aws_subnet.web-subnet1",
            "module.vpc.aws_subnet.web-subnet2",
            "module.vpc.aws_vpc.vpc"
          ]
        }
      ]
    },
    {
      "module": "module.autoscaling",
      "mode": "managed",
      "type": "aws_launch_template",
      "name": "Web-LC",
      "provider": "provider[\"registry.terraform.io/hashicorp/aws\"]",
      "instances": [
        {
          "schema_version": 0,
          "attributes": {
            "arn": "arn:aws:ec2:ap-northeast-1:533266984569:launch-template/lt-0f710117452277622",
            "block_device_mappings": [],
            "capacity_reservation_specification": [],
            "cpu_options": [],
            "credit_specification": [],
            "default_version": 1,
            "description": "",
            "disable_api_stop": false,
            "disable_api_termination": false,
            "ebs_optimized": "",
            "elastic_gpu_specifications": [],
            "elastic_inference_accelerator": [],
            "enclave_options": [],
            "hibernation_options": [],
            "iam_instance_profile": [],
            "id": "lt-0f710117452277622",
            "image_id": "ami-042ede0157c765756",
            "instance_initiated_shutdown_behavior": "",
            "instance_market_options": [],
            "instance_requirements": [],
            "instance_type": "t4g.micro",
            "kernel_id": "",
            "key_name": "",
            "latest_version": 1,
            "license_specification": [],
            "maintenance_options": [],
            "metadata_options": [],
            "monitoring": [],
            "name": "Web-template",
            "name_prefix": "",
            "network_interfaces": [],
            "placement": [],
            "private_dns_name_options": [],
            "ram_disk_id": "",
            "security_group_names": null,
            "tag_specifications": [],
            "tags": null,
            "tags_all": {},
            "update_default_version": null,
            "user_data": "IyEvYmluL2Jhc2gKCnN1ZG8geXVtIHVwZGF0ZSAteQpzdWRvIHl1bSB1cGdyYWRlIC15CnN1ZG8geXVtIGluc3RhbGwgLXkgbmdpbngKY2QgL3Vzci9zaGFyZS9uZ2lueC9odG1sCnN1ZG8geXVtIGluc3RhbGwgZ2l0IC15CnN1ZG8gZ2l0IGNsb25lIGh0dHBzOi8vZ2l0aHViLmNvbS9pdGVuam95NDIvcGRsYWIxLjEuZ2l0CnN1ZG8gcm0gLXJmIGluZGV4Lmh0bWwKY2QgcGRsYWIxLjEKc3VkbyBtdiAqIC4uLwpzdWRvIHJtIC1yZiBwZGxhYjEuMQoKc3VkbyBzeXN0ZW1jdGwgZW5hYmxlIG5naW54CnN1ZG8gc3lzdGVtY3RsIHJlc3RhcnQgbmdpbngKCiMgeXVtIGluc3RhbGwgbXlzcWwtc2VydmVyIC15CiMgc3lzdGVtY3RsIHN0YXJ0IG15c3FsZAojIHN5c3RlbWN0bCBlbmFibGUgbXlzcWxkCgpzdWRvIHl1bSBpbnN0YWxsIGFtYXpvbi1jbG91ZHdhdGNoLWFnZW50IC15Cg==",
            "vpc_security_group_ids": [
              "sg-0c48c13e9ce899a75"
            ]
          },
          "sensitive_attributes": [],
          "private": "bnVsbA==",
          "dependencies": [
            "module.alb.aws_lb.app-elb",
            "module.alb.aws_lb.web-elb",
            "module.alb.aws_lb_listener.app-alb-listener",
            "module.alb.aws_lb_listener.web-alb-listener",
            "module.alb.aws_lb_target_group.app-tg",
            "module.alb.aws_lb_target_group.web-tg",
            "module.alb.data.aws_security_group.app-alb-sg",
            "module.alb.data.aws_security_group.web-alb-sg",
            "module.alb.data.aws_subnet.public-subnet1",
            "module.alb.data.aws_subnet.public-subnet2",
            "module.alb.data.aws_subnet.web-subnet1",
            "module.alb.data.aws_subnet.web-subnet2",
            "module.alb.data.aws_vpc.vpc",
            "module.autoscaling.data.aws_ami.ami",
            "module.autoscaling.data.aws_security_group.web-sg",
            "module.iam.aws_iam_instance_profile.test_profile",
            "module.iam.aws_iam_role.iam-role",
            "module.iam.aws_iam_role_policy.iam-policy",
            "module.security-group.aws_security_group.app-alb-sg",
            "module.security-group.aws_security_group.app-tier-sg",
            "module.security-group.aws_security_group.web-alb-sg",
            "module.security-group.aws_security_group.web-tier-sg",
            "module.security-group.data.aws_vpc.vpc",
            "module.vpc.aws_eip.eip1",
            "module.vpc.aws_eip.eip2",
            "module.vpc.aws_internet_gateway.igw",
            "module.vpc.aws_nat_gateway.ngw1",
            "module.vpc.aws_nat_gateway.ngw2",
            "module.vpc.aws_route_table.private-rt1",
            "module.vpc.aws_route_table.private-rt2",
            "module.vpc.aws_route_table.public-rt1",
            "module.vpc.aws_route_table.public-rt2",
            "module.vpc.aws_route_table_association.private-rt-association1",
            "module.vpc.aws_route_table_association.private-rt-association2",
            "module.vpc.aws_route_table_association.public-rt-association1",
            "module.vpc.aws_route_table_association.public-rt-association2",
            "module.vpc.aws_subnet.app-subnet1",
            "module.vpc.aws_subnet.app-subnet2",
            "module.vpc.aws_subnet.public-subnet1",
            "module.vpc.aws_subnet.public-subnet2",
            "module.vpc.aws_subnet.web-subnet1",
            "module.vpc.aws_subnet.web-subnet2",
            "module.vpc.aws_vpc.vpc"
          ]
        }
      ]
    },
    {
      "module": "module.iam",
      "mode": "managed",
      "type": "aws_iam_instance_profile",
      "name": "test_profile",
      "provider": "provider[\"registry.terraform.io/hashicorp/aws\"]",
      "instances": [
        {
          "schema_version": 0,
          "attributes": {
            "arn": "arn:aws:iam::533266984569:instance-profile/iam-instance-profile-for-ec2-SSM",
            "create_date": "2024-05-09T00:40:36Z",
            "id": "iam-instance-profile-for-ec2-SSM",
            "name": "iam-instance-profile-for-ec2-SSM",
            "name_prefix": "",
            "path": "/",
            "role": "iam-role-for-ec2-SSM",
            "tags": null,
            "tags_all": {},
            "unique_id": "AIPAXYKJQNZ4XCWSCR7LD"
          },
          "sensitive_attributes": [],
          "private": "bnVsbA==",
          "dependencies": [
            "module.alb.aws_lb.app-elb",
            "module.alb.aws_lb.web-elb",
            "module.alb.aws_lb_listener.app-alb-listener",
            "module.alb.aws_lb_listener.web-alb-listener",
            "module.alb.aws_lb_target_group.app-tg",
            "module.alb.aws_lb_target_group.web-tg",
            "module.alb.data.aws_security_group.app-alb-sg",
            "module.alb.data.aws_security_group.web-alb-sg",
            "module.alb.data.aws_subnet.public-subnet1",
            "module.alb.data.aws_subnet.public-subnet2",
            "module.alb.data.aws_subnet.web-subnet1",
            "module.alb.data.aws_subnet.web-subnet2",
            "module.alb.data.aws_vpc.vpc",
            "module.iam.aws_iam_role.iam-role",
            "module.security-group.aws_security_group.app-alb-sg",
            "module.security-group.aws_security_group.app-tier-sg",
            "module.security-group.aws_security_group.web-alb-sg",
            "module.security-group.aws_security_group.web-tier-sg",
            "module.security-group.data.aws_vpc.vpc",
            "module.vpc.aws_eip.eip1",
            "module.vpc.aws_eip.eip2",
            "module.vpc.aws_internet_gateway.igw",
            "module.vpc.aws_nat_gateway.ngw1",
            "module.vpc.aws_nat_gateway.ngw2",
            "module.vpc.aws_route_table.private-rt1",
            "module.vpc.aws_route_table.private-rt2",
            "module.vpc.aws_route_table.public-rt1",
            "module.vpc.aws_route_table.public-rt2",
            "module.vpc.aws_route_table_association.private-rt-association1",
            "module.vpc.aws_route_table_association.private-rt-association2",
            "module.vpc.aws_route_table_association.public-rt-association1",
            "module.vpc.aws_route_table_association.public-rt-association2",
            "module.vpc.aws_subnet.app-subnet1",
            "module.vpc.aws_subnet.app-subnet2",
            "module.vpc.aws_subnet.public-subnet1",
            "module.vpc.aws_subnet.public-subnet2",
            "module.vpc.aws_subnet.web-subnet1",
            "module.vpc.aws_subnet.web-subnet2",
            "module.vpc.aws_vpc.vpc"
          ]
        }
      ]
    },
    {
      "module": "module.iam",
      "mode": "managed",
      "type": "aws_iam_role",
      "name": "iam-role",
      "provider": "provider[\"registry.terraform.io/hashicorp/aws\"]",
      "instances": [
        {
          "schema_version": 0,
          "attributes": {
            "arn": "arn:aws:iam::533266984569:role/iam-role-for-ec2-SSM",
            "assume_role_policy": "{\"Statement\":[{\"Action\":\"sts:AssumeRole\",\"Effect\":\"Allow\",\"Principal\":{\"Service\":\"ec2.amazonaws.com\"}}],\"Version\":\"2012-10-17\"}",
            "create_date": "2024-05-09T00:40:35Z",
            "description": "",
            "force_detach_policies": false,
            "id": "iam-role-for-ec2-SSM",
            "inline_policy": [],
            "managed_policy_arns": [],
            "max_session_duration": 3600,
            "name": "iam-role-for-ec2-SSM",
            "name_prefix": "",
            "path": "/",
            "permissions_boundary": "",
            "tags": null,
            "tags_all": {},
            "unique_id": "AROAXYKJQNZ45U2H3JHR6"
          },
          "sensitive_attributes": [],
          "private": "bnVsbA==",
          "dependencies": [
            "module.alb.aws_lb.app-elb",
            "module.alb.aws_lb.web-elb",
            "module.alb.aws_lb_listener.app-alb-listener",
            "module.alb.aws_lb_listener.web-alb-listener",
            "module.alb.aws_lb_target_group.app-tg",
            "module.alb.aws_lb_target_group.web-tg",
            "module.alb.data.aws_security_group.app-alb-sg",
            "module.alb.data.aws_security_group.web-alb-sg",
            "module.alb.data.aws_subnet.public-subnet1",
            "module.alb.data.aws_subnet.public-subnet2",
            "module.alb.data.aws_subnet.web-subnet1",
            "module.alb.data.aws_subnet.web-subnet2",
            "module.alb.data.aws_vpc.vpc",
            "module.security-group.aws_security_group.app-alb-sg",
            "module.security-group.aws_security_group.app-tier-sg",
            "module.security-group.aws_security_group.web-alb-sg",
            "module.security-group.aws_security_group.web-tier-sg",
            "module.security-group.data.aws_vpc.vpc",
            "module.vpc.aws_eip.eip1",
            "module.vpc.aws_eip.eip2",
            "module.vpc.aws_internet_gateway.igw",
            "module.vpc.aws_nat_gateway.ngw1",
            "module.vpc.aws_nat_gateway.ngw2",
            "module.vpc.aws_route_table.private-rt1",
            "module.vpc.aws_route_table.private-rt2",
            "module.vpc.aws_route_table.public-rt1",
            "module.vpc.aws_route_table.public-rt2",
            "module.vpc.aws_route_table_association.private-rt-association1",
            "module.vpc.aws_route_table_association.private-rt-association2",
            "module.vpc.aws_route_table_association.public-rt-association1",
            "module.vpc.aws_route_table_association.public-rt-association2",
            "module.vpc.aws_subnet.app-subnet1",
            "module.vpc.aws_subnet.app-subnet2",
            "module.vpc.aws_subnet.public-subnet1",
            "module.vpc.aws_subnet.public-subnet2",
            "module.vpc.aws_subnet.web-subnet1",
            "module.vpc.aws_subnet.web-subnet2",
            "module.vpc.aws_vpc.vpc"
          ]
        }
      ]
    },
    {
      "module": "module.iam",
      "mode": "managed",
      "type": "aws_iam_role_policy",
      "name": "iam-policy",
      "provider": "provider[\"registry.terraform.io/hashicorp/aws\"]",
      "instances": [
        {
          "schema_version": 0,
          "attributes": {
            "id": "iam-role-for-ec2-SSM:iam-policy-for-ec2-SSM",
            "name": "iam-policy-for-ec2-SSM",
            "name_prefix": "",
            "policy": "{\"Version\":\"2012-10-17\",\"Statement\":[{\"Action\":[\"s3:Get*\",\"s3:List*\",\"s3:Describe*\",\"s3-object-lambda:Get*\",\"s3-object-lambda:List*\",\"ssm:DescribeAssociation\",\"ssm:GetDeployablePatchSnapshotForInstance\",\"ssm:GetDocument\",\"ssm:DescribeDocument\",\"ssm:GetManifest\",\"ssm:GetParameter\",\"ssm:GetParameters\",\"ssm:ListAssociations\",\"ssm:ListInstanceAssociations\",\"ssm:PutInventory\",\"ssm:PutComplianceItems\",\"ssm:PutConfigurePackageResult\",\"ssm:UpdateAssociationStatus\",\"ssm:UpdateInstanceAssociationStatus\",\"ssm:UpdateInstanceInformation\",\"ssm:DescribeAssociation\",\"ssm:GetDeployablePatchSnapshotForInstance\",\"ssm:GetDocument\",\"ssm:DescribeDocument\",\"ssm:GetManifest\",\"ssm:GetParameter\",\"ssm:GetParameters\",\"ssm:ListAssociations\",\"ssm:ListInstanceAssociations\",\"ssm:PutInventory\",\"ssm:PutComplianceItems\",\"ssm:PutConfigurePackageResult\",\"ssm:UpdateAssociationStatus\",\"ssm:UpdateInstanceAssociationStatus\",\"ssm:UpdateInstanceInformation\",\"ec2:Describe*\",\"ec2:RunInstances\",\"ec2:StartInstances\",\"ec2:StopInstances\",\"ec2:TerminateInstances\",\"ec2:RebootInstances\",\"ec2:CreateTags\",\"ec2:DeleteTags\",\"ec2:ModifyInstanceAttribute\",\"ec2:ModifySnapshotAttribute\",\"ec2:ModifyImageAttribute\",\"ec2:CreateSecurityGroup\",\"ec2:AuthorizeSecurityGroupIngress\",\"ec2:AuthorizeSecurityGroupEgress\",\"ec2:DeleteSecurityGroup\",\"ec2:CreateKeyPair\",\"ec2:DeleteKeyPair\",\"ec2:CreateVolume\",\"ec2:AttachVolume\",\"ec2:DetachVolume\",\"ec2:DeleteVolume\",\"ec2:CreateSnapshot\",\"ec2:DeleteSnapshot\",\"ec2:CreateImage\",\"ec2:CopyImage\",\"ec2:RegisterImage\",\"ec2:DeregisterImage\",\"ec2:ImportImage\",\"ec2:ImportSnapshot\",\"ec2:ImportVolume\",\"ec2:DescribeImageAttribute\",\"ec2:DescribeImages\",\"ec2:DescribeInstances\",\"ec2:DescribeKeyPairs\",\"ec2:DescribeSecurityGroups\",\"ec2:DescribeSnapshots\",\"ec2:DescribeVolumes\",\"ec2:CreateLaunchTemplate\",\"ec2:DeleteLaunchTemplate\",\"ec2:CreateNetworkInterface\",\"ec2:DescribeNetworkInterfaces\",\"ec2:DeleteNetworkInterface\",\"ec2:AssignIpv6Addresses\",\"ec2:AssignPrivateIpAddresses\",\"ec2:AssociateAddress\",\"ec2:CreateVpc\",\"ec2:DeleteVpc\",\"ec2:CreateSubnet\",\"ec2:DeleteSubnet\",\"ec2:CreateRouteTable\",\"ec2:DeleteRouteTable\",\"ec2:AssociateRouteTable\",\"ec2:DisassociateRouteTable\",\"ec2:CreateInternetGateway\",\"ec2:DeleteInternetGateway\",\"ec2:AttachInternetGateway\",\"ec2:DetachInternetGateway\",\"ec2:CreateNatGateway\",\"ec2:DeleteNatGateway\",\"ec2:CreateVpcEndpoint\",\"ec2:DeleteVpcEndpoint\",\"ec2:ModifyVpcAttribute\",\"ec2:ModifySubnetAttribute\",\"ec2:ModifyVpcEndpoint\",\"ec2:ModifyVpcEndpointConnectionNotification\",\"ec2:ModifyVpcEndpointServiceConfiguration\",\"ec2:DescribeVpcs\",\"ec2:DescribeVpcEndpoints\",\"ec2:DescribeVpcAttribute\",\"ec2:DescribeRouteTables\",\"ec2:DescribeInternetGateways\",\"ec2:DescribeNatGateways\",\"ec2:DescribeNetworkAcls\",\"ec2:CreateNetworkAcl\",\"ec2:DeleteNetworkAcl\",\"ec2:ReplaceNetworkAclAssociation\",\"ec2:ReplaceNetworkAclEntry\",\"ec2:DeleteNetworkAclEntry\",\"ec2:CreateCustomerGateway\",\"ec2:DeleteCustomerGateway\",\"ec2:CreateVpnGateway\",\"ec2:DeleteVpnGateway\",\"ec2:AttachVpnGateway\",\"ec2:DetachVpnGateway\",\"ec2:CreateVpnConnection\",\"ec2:DeleteVpnConnection\",\"ec2:ModifyVpnConnection\",\"ec2:DescribeVpnConnections\",\"ec2:DescribeVpnGateways\",\"ec2:CreateVpnConnectionRoute\",\"ec2:DeleteVpnConnectionRoute\",\"ec2:EnableVgwRoutePropagation\",\"ec2:DisableVgwRoutePropagation\",\"ec2:DescribeVpnConnectionRoutes\",\"ec2:DescribeCustomerGateways\",\"ec2:CreateVpnConnection\",\"ec2:DeleteVpnConnectionRoute\",\"ec2:DescribeVpnConnections\",\"ec2:DescribeVpnGateways\",\"ec2messages:AcknowledgeMessage\",\"ec2messages:DeleteMessage\",\"ec2messages:FailMessage\",\"ec2messages:GetEndpoint\",\"ec2messages:GetMessages\",\"ec2messages:SendReply\",\"ssmmessages:CreateControlChannel\",\"ssmmessages:CreateDataChannel\",\"ssmmessages:OpenControlChannel\",\"ssmmessages:OpenDataChannel\"],\"Effect\":\"Allow\",\"Resource\":\"*\"}]}",
            "role": "iam-role-for-ec2-SSM"
          },
          "sensitive_attributes": [],
          "private": "bnVsbA==",
          "dependencies": [
            "module.alb.aws_lb.app-elb",
            "module.alb.aws_lb.web-elb",
            "module.alb.aws_lb_listener.app-alb-listener",
            "module.alb.aws_lb_listener.web-alb-listener",
            "module.alb.aws_lb_target_group.app-tg",
            "module.alb.aws_lb_target_group.web-tg",
            "module.alb.data.aws_security_group.app-alb-sg",
            "module.alb.data.aws_security_group.web-alb-sg",
            "module.alb.data.aws_subnet.public-subnet1",
            "module.alb.data.aws_subnet.public-subnet2",
            "module.alb.data.aws_subnet.web-subnet1",
            "module.alb.data.aws_subnet.web-subnet2",
            "module.alb.data.aws_vpc.vpc",
            "module.iam.aws_iam_role.iam-role",
            "module.security-group.aws_security_group.app-alb-sg",
            "module.security-group.aws_security_group.app-tier-sg",
            "module.security-group.aws_security_group.web-alb-sg",
            "module.security-group.aws_security_group.web-tier-sg",
            "module.security-group.data.aws_vpc.vpc",
            "module.vpc.aws_eip.eip1",
            "module.vpc.aws_eip.eip2",
            "module.vpc.aws_internet_gateway.igw",
            "module.vpc.aws_nat_gateway.ngw1",
            "module.vpc.aws_nat_gateway.ngw2",
            "module.vpc.aws_route_table.private-rt1",
            "module.vpc.aws_route_table.private-rt2",
            "module.vpc.aws_route_table.public-rt1",
            "module.vpc.aws_route_table.public-rt2",
            "module.vpc.aws_route_table_association.private-rt-association1",
            "module.vpc.aws_route_table_association.private-rt-association2",
            "module.vpc.aws_route_table_association.public-rt-association1",
            "module.vpc.aws_route_table_association.public-rt-association2",
            "module.vpc.aws_subnet.app-subnet1",
            "module.vpc.aws_subnet.app-subnet2",
            "module.vpc.aws_subnet.public-subnet1",
            "module.vpc.aws_subnet.public-subnet2",
            "module.vpc.aws_subnet.web-subnet1",
            "module.vpc.aws_subnet.web-subnet2",
            "module.vpc.aws_vpc.vpc"
          ]
        }
      ]
    },
    {
      "module": "module.security-group",
      "mode": "data",
      "type": "aws_vpc",
      "name": "vpc",
      "provider": "provider[\"registry.terraform.io/hashicorp/aws\"]",
      "instances": [
        {
          "schema_version": 0,
          "attributes": {
            "arn": "arn:aws:ec2:ap-northeast-1:533266984569:vpc/vpc-0c0c4678923dba26c",
            "cidr_block": "10.0.0.0/16",
            "cidr_block_associations": [
              {
                "association_id": "vpc-cidr-assoc-02429f9c1c9b6d9c0",
                "cidr_block": "10.0.0.0/16",
                "state": "associated"
              }
            ],
            "default": false,
            "dhcp_options_id": "dopt-092d7ff4828af0e89",
            "enable_dns_hostnames": true,
            "enable_dns_support": true,
            "enable_network_address_usage_metrics": false,
            "filter": [
              {
                "name": "tag:Name",
                "values": [
                  "Three-Tier-VPC"
                ]
              }
            ],
            "id": "vpc-0c0c4678923dba26c",
            "instance_tenancy": "default",
            "ipv6_association_id": "",
            "ipv6_cidr_block": "",
            "main_route_table_id": "rtb-039bd0e5461c4abea",
            "owner_id": "533266984569",
            "state": null,
            "tags": {
              "Name": "Three-Tier-VPC"
            },
            "timeouts": null
          },
          "sensitive_attributes": []
        }
      ]
    },
    {
      "module": "module.security-group",
      "mode": "managed",
      "type": "aws_security_group",
      "name": "app-alb-sg",
      "provider": "provider[\"registry.terraform.io/hashicorp/aws\"]",
      "instances": [
        {
          "schema_version": 1,
          "attributes": {
            "arn": "arn:aws:ec2:ap-northeast-1:533266984569:security-group/sg-0ba321ac42b9016bf",
            "description": "Allow HTTP and HTTPS for World",
            "egress": [
              {
                "cidr_blocks": [
                  "0.0.0.0/0"
                ],
                "description": "",
                "from_port": 0,
                "ipv6_cidr_blocks": [
                  "::/0"
                ],
                "prefix_list_ids": [],
                "protocol": "-1",
                "security_groups": [],
                "self": false,
                "to_port": 0
              }
            ],
            "id": "sg-0ba321ac42b9016bf",
            "ingress": [
              {
                "cidr_blocks": [
                  "0.0.0.0/0"
                ],
                "description": "",
                "from_port": 443,
                "ipv6_cidr_blocks": [],
                "prefix_list_ids": [],
                "protocol": "tcp",
                "security_groups": [],
                "self": false,
                "to_port": 443
              },
              {
                "cidr_blocks": [
                  "0.0.0.0/0"
                ],
                "description": "",
                "from_port": 80,
                "ipv6_cidr_blocks": [],
                "prefix_list_ids": [],
                "protocol": "tcp",
                "security_groups": [],
                "self": false,
                "to_port": 80
              }
            ],
            "name": "terraform-20240509003442064500000007",
            "name_prefix": "terraform-",
            "owner_id": "533266984569",
            "revoke_rules_on_delete": false,
            "tags": {
              "Name": "Three-Tier-app-alb"
            },
            "tags_all": {
              "Name": "Three-Tier-app-alb"
            },
            "timeouts": null,
            "vpc_id": "vpc-0c0c4678923dba26c"
          },
          "sensitive_attributes": [],
          "private": "eyJlMmJmYjczMC1lY2FhLTExZTYtOGY4OC0zNDM2M2JjN2M0YzAiOnsiY3JlYXRlIjo2MDAwMDAwMDAwMDAsImRlbGV0ZSI6OTAwMDAwMDAwMDAwfSwic2NoZW1hX3ZlcnNpb24iOiIxIn0=",
          "dependencies": [
            "module.security-group.data.aws_vpc.vpc",
            "module.vpc.aws_eip.eip1",
            "module.vpc.aws_eip.eip2",
            "module.vpc.aws_internet_gateway.igw",
            "module.vpc.aws_nat_gateway.ngw1",
            "module.vpc.aws_nat_gateway.ngw2",
            "module.vpc.aws_route_table.private-rt1",
            "module.vpc.aws_route_table.private-rt2",
            "module.vpc.aws_route_table.public-rt1",
            "module.vpc.aws_route_table.public-rt2",
            "module.vpc.aws_route_table_association.private-rt-association1",
            "module.vpc.aws_route_table_association.private-rt-association2",
            "module.vpc.aws_route_table_association.public-rt-association1",
            "module.vpc.aws_route_table_association.public-rt-association2",
            "module.vpc.aws_subnet.app-subnet1",
            "module.vpc.aws_subnet.app-subnet2",
            "module.vpc.aws_subnet.public-subnet1",
            "module.vpc.aws_subnet.public-subnet2",
            "module.vpc.aws_subnet.web-subnet1",
            "module.vpc.aws_subnet.web-subnet2",
            "module.vpc.aws_vpc.vpc"
          ]
        }
      ]
    },
    {
      "module": "module.security-group",
      "mode": "managed",
      "type": "aws_security_group",
      "name": "app-tier-sg",
      "provider": "provider[\"registry.terraform.io/hashicorp/aws\"]",
      "instances": [
        {
          "schema_version": 1,
          "attributes": {
            "arn": "arn:aws:ec2:ap-northeast-1:533266984569:security-group/sg-0a48c7fca1187f30f",
            "description": "Allow HTTP and HTTPS for ALB Only",
            "egress": [
              {
                "cidr_blocks": [
                  "0.0.0.0/0"
                ],
                "description": "",
                "from_port": 0,
                "ipv6_cidr_blocks": [
                  "::/0"
                ],
                "prefix_list_ids": [],
                "protocol": "-1",
                "security_groups": [],
                "self": false,
                "to_port": 0
              }
            ],
            "id": "sg-0a48c7fca1187f30f",
            "ingress": [
              {
                "cidr_blocks": [],
                "description": "",
                "from_port": 443,
                "ipv6_cidr_blocks": [],
                "prefix_list_ids": [],
                "protocol": "tcp",
                "security_groups": [
                  "sg-0ba321ac42b9016bf"
                ],
                "self": false,
                "to_port": 443
              },
              {
                "cidr_blocks": [],
                "description": "",
                "from_port": 80,
                "ipv6_cidr_blocks": [],
                "prefix_list_ids": [],
                "protocol": "tcp",
                "security_groups": [
                  "sg-0ba321ac42b9016bf"
                ],
                "self": false,
                "to_port": 80
              }
            ],
            "name": "terraform-2024050900344502240000000a",
            "name_prefix": "terraform-",
            "owner_id": "533266984569",
            "revoke_rules_on_delete": false,
            "tags": {
              "Name": "Three-Tier-app-sg"
            },
            "tags_all": {
              "Name": "Three-Tier-app-sg"
            },
            "timeouts": null,
            "vpc_id": "vpc-0c0c4678923dba26c"
          },
          "sensitive_attributes": [],
          "private": "eyJlMmJmYjczMC1lY2FhLTExZTYtOGY4OC0zNDM2M2JjN2M0YzAiOnsiY3JlYXRlIjo2MDAwMDAwMDAwMDAsImRlbGV0ZSI6OTAwMDAwMDAwMDAwfSwic2NoZW1hX3ZlcnNpb24iOiIxIn0=",
          "dependencies": [
            "module.security-group.aws_security_group.app-alb-sg",
            "module.security-group.data.aws_vpc.vpc",
            "module.vpc.aws_eip.eip1",
            "module.vpc.aws_eip.eip2",
            "module.vpc.aws_internet_gateway.igw",
            "module.vpc.aws_nat_gateway.ngw1",
            "module.vpc.aws_nat_gateway.ngw2",
            "module.vpc.aws_route_table.private-rt1",
            "module.vpc.aws_route_table.private-rt2",
            "module.vpc.aws_route_table.public-rt1",
            "module.vpc.aws_route_table.public-rt2",
            "module.vpc.aws_route_table_association.private-rt-association1",
            "module.vpc.aws_route_table_association.private-rt-association2",
            "module.vpc.aws_route_table_association.public-rt-association1",
            "module.vpc.aws_route_table_association.public-rt-association2",
            "module.vpc.aws_subnet.app-subnet1",
            "module.vpc.aws_subnet.app-subnet2",
            "module.vpc.aws_subnet.public-subnet1",
            "module.vpc.aws_subnet.public-subnet2",
            "module.vpc.aws_subnet.web-subnet1",
            "module.vpc.aws_subnet.web-subnet2",
            "module.vpc.aws_vpc.vpc"
          ]
        }
      ]
    },
    {
      "module": "module.security-group",
      "mode": "managed",
      "type": "aws_security_group",
      "name": "web-alb-sg",
      "provider": "provider[\"registry.terraform.io/hashicorp/aws\"]",
      "instances": [
        {
          "schema_version": 1,
          "attributes": {
            "arn": "arn:aws:ec2:ap-northeast-1:533266984569:security-group/sg-02f18200f1fa9e00f",
            "description": "Allow HTTP and HTTPS for World",
            "egress": [
              {
                "cidr_blocks": [
                  "0.0.0.0/0"
                ],
                "description": "",
                "from_port": 0,
                "ipv6_cidr_blocks": [
                  "::/0"
                ],
                "prefix_list_ids": [],
                "protocol": "-1",
                "security_groups": [],
                "self": false,
                "to_port": 0
              }
            ],
            "id": "sg-02f18200f1fa9e00f",
            "ingress": [
              {
                "cidr_blocks": [
                  "0.0.0.0/0"
                ],
                "description": "",
                "from_port": 443,
                "ipv6_cidr_blocks": [],
                "prefix_list_ids": [],
                "protocol": "tcp",
                "security_groups": [],
                "self": false,
                "to_port": 443
              },
              {
                "cidr_blocks": [
                  "0.0.0.0/0"
                ],
                "description": "",
                "from_port": 80,
                "ipv6_cidr_blocks": [],
                "prefix_list_ids": [],
                "protocol": "tcp",
                "security_groups": [],
                "self": false,
                "to_port": 80
              }
            ],
            "name": "terraform-20240509003442065000000008",
            "name_prefix": "terraform-",
            "owner_id": "533266984569",
            "revoke_rules_on_delete": false,
            "tags": {
              "Name": "Three-Tier-web-alb"
            },
            "tags_all": {
              "Name": "Three-Tier-web-alb"
            },
            "timeouts": null,
            "vpc_id": "vpc-0c0c4678923dba26c"
          },
          "sensitive_attributes": [],
          "private": "eyJlMmJmYjczMC1lY2FhLTExZTYtOGY4OC0zNDM2M2JjN2M0YzAiOnsiY3JlYXRlIjo2MDAwMDAwMDAwMDAsImRlbGV0ZSI6OTAwMDAwMDAwMDAwfSwic2NoZW1hX3ZlcnNpb24iOiIxIn0=",
          "dependencies": [
            "module.security-group.data.aws_vpc.vpc",
            "module.vpc.aws_eip.eip1",
            "module.vpc.aws_eip.eip2",
            "module.vpc.aws_internet_gateway.igw",
            "module.vpc.aws_nat_gateway.ngw1",
            "module.vpc.aws_nat_gateway.ngw2",
            "module.vpc.aws_route_table.private-rt1",
            "module.vpc.aws_route_table.private-rt2",
            "module.vpc.aws_route_table.public-rt1",
            "module.vpc.aws_route_table.public-rt2",
            "module.vpc.aws_route_table_association.private-rt-association1",
            "module.vpc.aws_route_table_association.private-rt-association2",
            "module.vpc.aws_route_table_association.public-rt-association1",
            "module.vpc.aws_route_table_association.public-rt-association2",
            "module.vpc.aws_subnet.app-subnet1",
            "module.vpc.aws_subnet.app-subnet2",
            "module.vpc.aws_subnet.public-subnet1",
            "module.vpc.aws_subnet.public-subnet2",
            "module.vpc.aws_subnet.web-subnet1",
            "module.vpc.aws_subnet.web-subnet2",
            "module.vpc.aws_vpc.vpc"
          ]
        }
      ]
    },
    {
      "module": "module.security-group",
      "mode": "managed",
      "type": "aws_security_group",
      "name": "web-tier-sg",
      "provider": "provider[\"registry.terraform.io/hashicorp/aws\"]",
      "instances": [
        {
          "schema_version": 1,
          "attributes": {
            "arn": "arn:aws:ec2:ap-northeast-1:533266984569:security-group/sg-0c48c13e9ce899a75",
            "description": "Allow HTTP and HTTPS for ALB Only",
            "egress": [
              {
                "cidr_blocks": [
                  "0.0.0.0/0"
                ],
                "description": "",
                "from_port": 0,
                "ipv6_cidr_blocks": [
                  "::/0"
                ],
                "prefix_list_ids": [],
                "protocol": "-1",
                "security_groups": [],
                "self": false,
                "to_port": 0
              }
            ],
            "id": "sg-0c48c13e9ce899a75",
            "ingress": [
              {
                "cidr_blocks": [],
                "description": "",
                "from_port": 443,
                "ipv6_cidr_blocks": [],
                "prefix_list_ids": [],
                "protocol": "tcp",
                "security_groups": [
                  "sg-02f18200f1fa9e00f"
                ],
                "self": false,
                "to_port": 443
              },
              {
                "cidr_blocks": [],
                "description": "",
                "from_port": 80,
                "ipv6_cidr_blocks": [],
                "prefix_list_ids": [],
                "protocol": "tcp",
                "security_groups": [
                  "sg-02f18200f1fa9e00f"
                ],
                "self": false,
                "to_port": 80
              }
            ],
            "name": "terraform-20240509003445021900000009",
            "name_prefix": "terraform-",
            "owner_id": "533266984569",
            "revoke_rules_on_delete": false,
            "tags": {
              "Name": "Three-Tier-web-sg"
            },
            "tags_all": {
              "Name": "Three-Tier-web-sg"
            },
            "timeouts": null,
            "vpc_id": "vpc-0c0c4678923dba26c"
          },
          "sensitive_attributes": [],
          "private": "eyJlMmJmYjczMC1lY2FhLTExZTYtOGY4OC0zNDM2M2JjN2M0YzAiOnsiY3JlYXRlIjo2MDAwMDAwMDAwMDAsImRlbGV0ZSI6OTAwMDAwMDAwMDAwfSwic2NoZW1hX3ZlcnNpb24iOiIxIn0=",
          "dependencies": [
            "module.security-group.aws_security_group.web-alb-sg",
            "module.security-group.data.aws_vpc.vpc",
            "module.vpc.aws_eip.eip1",
            "module.vpc.aws_eip.eip2",
            "module.vpc.aws_internet_gateway.igw",
            "module.vpc.aws_nat_gateway.ngw1",
            "module.vpc.aws_nat_gateway.ngw2",
            "module.vpc.aws_route_table.private-rt1",
            "module.vpc.aws_route_table.private-rt2",
            "module.vpc.aws_route_table.public-rt1",
            "module.vpc.aws_route_table.public-rt2",
            "module.vpc.aws_route_table_association.private-rt-association1",
            "module.vpc.aws_route_table_association.private-rt-association2",
            "module.vpc.aws_route_table_association.public-rt-association1",
            "module.vpc.aws_route_table_association.public-rt-association2",
            "module.vpc.aws_subnet.app-subnet1",
            "module.vpc.aws_subnet.app-subnet2",
            "module.vpc.aws_subnet.public-subnet1",
            "module.vpc.aws_subnet.public-subnet2",
            "module.vpc.aws_subnet.web-subnet1",
            "module.vpc.aws_subnet.web-subnet2",
            "module.vpc.aws_vpc.vpc"
          ]
        }
      ]
    },
    {
      "module": "module.vpc",
      "mode": "managed",
      "type": "aws_eip",
      "name": "eip1",
      "provider": "provider[\"registry.terraform.io/hashicorp/aws\"]",
      "instances": [
        {
          "schema_version": 0,
          "attributes": {
            "address": null,
            "allocation_id": "eipalloc-0351eff67b173948b",
            "arn": "arn:aws:ec2:ap-northeast-1:533266984569:elastic-ip/eipalloc-0351eff67b173948b",
            "associate_with_private_ip": null,
            "association_id": "",
            "carrier_ip": "",
            "customer_owned_ip": "",
            "customer_owned_ipv4_pool": "",
            "domain": "vpc",
            "id": "eipalloc-0351eff67b173948b",
            "instance": "",
            "network_border_group": "ap-northeast-1",
            "network_interface": "",
            "private_dns": null,
            "private_ip": "",
            "ptr_record": "",
            "public_dns": "ec2-54-150-202-99.ap-northeast-1.compute.amazonaws.com",
            "public_ip": "54.150.202.99",
            "public_ipv4_pool": "amazon",
            "tags": {
              "Name": "Three-Tier-Elastic-IP1"
            },
            "tags_all": {
              "Name": "Three-Tier-Elastic-IP1"
            },
            "timeouts": null,
            "vpc": true
          },
          "sensitive_attributes": [],
          "private": "eyJlMmJmYjczMC1lY2FhLTExZTYtOGY4OC0zNDM2M2JjN2M0YzAiOnsiZGVsZXRlIjoxODAwMDAwMDAwMDAsInJlYWQiOjkwMDAwMDAwMDAwMCwidXBkYXRlIjozMDAwMDAwMDAwMDB9fQ==",
          "dependencies": [
            "module.vpc.aws_internet_gateway.igw",
            "module.vpc.aws_subnet.web-subnet1",
            "module.vpc.aws_subnet.web-subnet2",
            "module.vpc.aws_vpc.vpc"
          ]
        }
      ]
    },
    {
      "module": "module.vpc",
      "mode": "managed",
      "type": "aws_eip",
      "name": "eip2",
      "provider": "provider[\"registry.terraform.io/hashicorp/aws\"]",
      "instances": [
        {
          "schema_version": 0,
          "attributes": {
            "address": null,
            "allocation_id": "eipalloc-00ab4bd2a05c712cf",
            "arn": "arn:aws:ec2:ap-northeast-1:533266984569:elastic-ip/eipalloc-00ab4bd2a05c712cf",
            "associate_with_private_ip": null,
            "association_id": "",
            "carrier_ip": "",
            "customer_owned_ip": "",
            "customer_owned_ipv4_pool": "",
            "domain": "vpc",
            "id": "eipalloc-00ab4bd2a05c712cf",
            "instance": "",
            "network_border_group": "ap-northeast-1",
            "network_interface": "",
            "private_dns": null,
            "private_ip": "",
            "ptr_record": "",
            "public_dns": "ec2-52-199-107-119.ap-northeast-1.compute.amazonaws.com",
            "public_ip": "52.199.107.119",
            "public_ipv4_pool": "amazon",
            "tags": {
              "Name": "Three-Tier-Elastic-IP2"
            },
            "tags_all": {
              "Name": "Three-Tier-Elastic-IP2"
            },
            "timeouts": null,
            "vpc": true
          },
          "sensitive_attributes": [],
          "private": "eyJlMmJmYjczMC1lY2FhLTExZTYtOGY4OC0zNDM2M2JjN2M0YzAiOnsiZGVsZXRlIjoxODAwMDAwMDAwMDAsInJlYWQiOjkwMDAwMDAwMDAwMCwidXBkYXRlIjozMDAwMDAwMDAwMDB9fQ==",
          "dependencies": [
            "module.vpc.aws_eip.eip1",
            "module.vpc.aws_internet_gateway.igw",
            "module.vpc.aws_subnet.web-subnet1",
            "module.vpc.aws_subnet.web-subnet2",
            "module.vpc.aws_vpc.vpc"
          ]
        }
      ]
    },
    {
      "module": "module.vpc",
      "mode": "managed",
      "type": "aws_internet_gateway",
      "name": "igw",
      "provider": "provider[\"registry.terraform.io/hashicorp/aws\"]",
      "instances": [
        {
          "schema_version": 0,
          "attributes": {
            "arn": "arn:aws:ec2:ap-northeast-1:533266984569:internet-gateway/igw-0df7887ef4df2e021",
            "id": "igw-0df7887ef4df2e021",
            "owner_id": "533266984569",
            "tags": {
              "Name": "Three-Tier-Interet-Gateway"
            },
            "tags_all": {
              "Name": "Three-Tier-Interet-Gateway"
            },
            "timeouts": null,
            "vpc_id": "vpc-0c0c4678923dba26c"
          },
          "sensitive_attributes": [],
          "private": "eyJlMmJmYjczMC1lY2FhLTExZTYtOGY4OC0zNDM2M2JjN2M0YzAiOnsiY3JlYXRlIjoxMjAwMDAwMDAwMDAwLCJkZWxldGUiOjEyMDAwMDAwMDAwMDAsInVwZGF0ZSI6MTIwMDAwMDAwMDAwMH19",
          "dependencies": [
            "module.vpc.aws_vpc.vpc"
          ]
        }
      ]
    },
    {
      "module": "module.vpc",
      "mode": "managed",
      "type": "aws_nat_gateway",
      "name": "ngw1",
      "provider": "provider[\"registry.terraform.io/hashicorp/aws\"]",
      "instances": [
        {
          "schema_version": 0,
          "attributes": {
            "allocation_id": "eipalloc-0351eff67b173948b",
            "association_id": "eipassoc-0fcd2ba77a84f43d2",
            "connectivity_type": "public",
            "id": "nat-08c35b2525ba736e2",
            "network_interface_id": "eni-0faae4e3d7fc97b2d",
            "private_ip": "10.0.1.132",
            "public_ip": "54.150.202.99",
            "secondary_allocation_ids": null,
            "secondary_private_ip_address_count": 0,
            "secondary_private_ip_addresses": [],
            "subnet_id": "subnet-036210442de652f0c",
            "tags": {
              "Name": "Three-Tier-NAT1"
            },
            "tags_all": {
              "Name": "Three-Tier-NAT1"
            },
            "timeouts": null
          },
          "sensitive_attributes": [],
          "private": "eyJlMmJmYjczMC1lY2FhLTExZTYtOGY4OC0zNDM2M2JjN2M0YzAiOnsiY3JlYXRlIjo2MDAwMDAwMDAwMDAsImRlbGV0ZSI6MTgwMDAwMDAwMDAwMCwidXBkYXRlIjo2MDAwMDAwMDAwMDB9fQ==",
          "dependencies": [
            "module.vpc.aws_eip.eip1",
            "module.vpc.aws_eip.eip2",
            "module.vpc.aws_internet_gateway.igw",
            "module.vpc.aws_subnet.public-subnet1",
            "module.vpc.aws_subnet.web-subnet1",
            "module.vpc.aws_subnet.web-subnet2",
            "module.vpc.aws_vpc.vpc"
          ]
        }
      ]
    },
    {
      "module": "module.vpc",
      "mode": "managed",
      "type": "aws_nat_gateway",
      "name": "ngw2",
      "provider": "provider[\"registry.terraform.io/hashicorp/aws\"]",
      "instances": [
        {
          "schema_version": 0,
          "attributes": {
            "allocation_id": "eipalloc-00ab4bd2a05c712cf",
            "association_id": "eipassoc-093ee025c4e798239",
            "connectivity_type": "public",
            "id": "nat-0af68800a912096de",
            "network_interface_id": "eni-0a6a0d49dc33d524c",
            "private_ip": "10.0.2.128",
            "public_ip": "52.199.107.119",
            "secondary_allocation_ids": null,
            "secondary_private_ip_address_count": 0,
            "secondary_private_ip_addresses": [],
            "subnet_id": "subnet-04d2570878bc047ca",
            "tags": {
              "Name": "Three-Tier-NAT2"
            },
            "tags_all": {
              "Name": "Three-Tier-NAT2"
            },
            "timeouts": null
          },
          "sensitive_attributes": [],
          "private": "eyJlMmJmYjczMC1lY2FhLTExZTYtOGY4OC0zNDM2M2JjN2M0YzAiOnsiY3JlYXRlIjo2MDAwMDAwMDAwMDAsImRlbGV0ZSI6MTgwMDAwMDAwMDAwMCwidXBkYXRlIjo2MDAwMDAwMDAwMDB9fQ==",
          "dependencies": [
            "module.vpc.aws_eip.eip1",
            "module.vpc.aws_eip.eip2",
            "module.vpc.aws_internet_gateway.igw",
            "module.vpc.aws_nat_gateway.ngw1",
            "module.vpc.aws_subnet.public-subnet1",
            "module.vpc.aws_subnet.public-subnet2",
            "module.vpc.aws_subnet.web-subnet1",
            "module.vpc.aws_subnet.web-subnet2",
            "module.vpc.aws_vpc.vpc"
          ]
        }
      ]
    },
    {
      "module": "module.vpc",
      "mode": "managed",
      "type": "aws_route_table",
      "name": "private-rt1",
      "provider": "provider[\"registry.terraform.io/hashicorp/aws\"]",
      "instances": [
        {
          "schema_version": 0,
          "attributes": {
            "arn": "arn:aws:ec2:ap-northeast-1:533266984569:route-table/rtb-017ad014f7768c998",
            "id": "rtb-017ad014f7768c998",
            "owner_id": "533266984569",
            "propagating_vgws": [],
            "route": [
              {
                "carrier_gateway_id": "",
                "cidr_block": "0.0.0.0/0",
                "core_network_arn": "",
                "destination_prefix_list_id": "",
                "egress_only_gateway_id": "",
                "gateway_id": "nat-08c35b2525ba736e2",
                "ipv6_cidr_block": "",
                "local_gateway_id": "",
                "nat_gateway_id": "",
                "network_interface_id": "",
                "transit_gateway_id": "",
                "vpc_endpoint_id": "",
                "vpc_peering_connection_id": ""
              }
            ],
            "tags": {
              "Name": "Three-Tier-Private-Route-table1"
            },
            "tags_all": {
              "Name": "Three-Tier-Private-Route-table1"
            },
            "timeouts": null,
            "vpc_id": "vpc-0c0c4678923dba26c"
          },
          "sensitive_attributes": [],
          "private": "eyJlMmJmYjczMC1lY2FhLTExZTYtOGY4OC0zNDM2M2JjN2M0YzAiOnsiY3JlYXRlIjozMDAwMDAwMDAwMDAsImRlbGV0ZSI6MzAwMDAwMDAwMDAwLCJ1cGRhdGUiOjEyMDAwMDAwMDAwMH19",
          "dependencies": [
            "module.vpc.aws_eip.eip1",
            "module.vpc.aws_eip.eip2",
            "module.vpc.aws_internet_gateway.igw",
            "module.vpc.aws_nat_gateway.ngw1",
            "module.vpc.aws_nat_gateway.ngw2",
            "module.vpc.aws_route_table.public-rt1",
            "module.vpc.aws_route_table.public-rt2",
            "module.vpc.aws_route_table_association.public-rt-association1",
            "module.vpc.aws_route_table_association.public-rt-association2",
            "module.vpc.aws_subnet.public-subnet1",
            "module.vpc.aws_subnet.public-subnet2",
            "module.vpc.aws_subnet.web-subnet1",
            "module.vpc.aws_subnet.web-subnet2",
            "module.vpc.aws_vpc.vpc"
          ]
        }
      ]
    },
    {
      "module": "module.vpc",
      "mode": "managed",
      "type": "aws_route_table",
      "name": "private-rt2",
      "provider": "provider[\"registry.terraform.io/hashicorp/aws\"]",
      "instances": [
        {
          "schema_version": 0,
          "attributes": {
            "arn": "arn:aws:ec2:ap-northeast-1:533266984569:route-table/rtb-043b311290a6142f7",
            "id": "rtb-043b311290a6142f7",
            "owner_id": "533266984569",
            "propagating_vgws": [],
            "route": [
              {
                "carrier_gateway_id": "",
                "cidr_block": "0.0.0.0/0",
                "core_network_arn": "",
                "destination_prefix_list_id": "",
                "egress_only_gateway_id": "",
                "gateway_id": "nat-08c35b2525ba736e2",
                "ipv6_cidr_block": "",
                "local_gateway_id": "",
                "nat_gateway_id": "",
                "network_interface_id": "",
                "transit_gateway_id": "",
                "vpc_endpoint_id": "",
                "vpc_peering_connection_id": ""
              }
            ],
            "tags": {
              "Name": "Three-Tier-Private-Route-table2"
            },
            "tags_all": {
              "Name": "Three-Tier-Private-Route-table2"
            },
            "timeouts": null,
            "vpc_id": "vpc-0c0c4678923dba26c"
          },
          "sensitive_attributes": [],
          "private": "eyJlMmJmYjczMC1lY2FhLTExZTYtOGY4OC0zNDM2M2JjN2M0YzAiOnsiY3JlYXRlIjozMDAwMDAwMDAwMDAsImRlbGV0ZSI6MzAwMDAwMDAwMDAwLCJ1cGRhdGUiOjEyMDAwMDAwMDAwMH19",
          "dependencies": [
            "module.vpc.aws_eip.eip1",
            "module.vpc.aws_eip.eip2",
            "module.vpc.aws_internet_gateway.igw",
            "module.vpc.aws_nat_gateway.ngw1",
            "module.vpc.aws_nat_gateway.ngw2",
            "module.vpc.aws_route_table.private-rt1",
            "module.vpc.aws_route_table.public-rt1",
            "module.vpc.aws_route_table.public-rt2",
            "module.vpc.aws_route_table_association.private-rt-association1",
            "module.vpc.aws_route_table_association.public-rt-association1",
            "module.vpc.aws_route_table_association.public-rt-association2",
            "module.vpc.aws_subnet.public-subnet1",
            "module.vpc.aws_subnet.public-subnet2",
            "module.vpc.aws_subnet.web-subnet1",
            "module.vpc.aws_subnet.web-subnet2",
            "module.vpc.aws_vpc.vpc"
          ]
        }
      ]
    },
    {
      "module": "module.vpc",
      "mode": "managed",
      "type": "aws_route_table",
      "name": "public-rt1",
      "provider": "provider[\"registry.terraform.io/hashicorp/aws\"]",
      "instances": [
        {
          "schema_version": 0,
          "attributes": {
            "arn": "arn:aws:ec2:ap-northeast-1:533266984569:route-table/rtb-088df38aa5684dfc0",
            "id": "rtb-088df38aa5684dfc0",
            "owner_id": "533266984569",
            "propagating_vgws": [],
            "route": [
              {
                "carrier_gateway_id": "",
                "cidr_block": "0.0.0.0/0",
                "core_network_arn": "",
                "destination_prefix_list_id": "",
                "egress_only_gateway_id": "",
                "gateway_id": "igw-0df7887ef4df2e021",
                "ipv6_cidr_block": "",
                "local_gateway_id": "",
                "nat_gateway_id": "",
                "network_interface_id": "",
                "transit_gateway_id": "",
                "vpc_endpoint_id": "",
                "vpc_peering_connection_id": ""
              }
            ],
            "tags": {
              "Name": "Three-Tier-Public-Route-table1"
            },
            "tags_all": {
              "Name": "Three-Tier-Public-Route-table1"
            },
            "timeouts": null,
            "vpc_id": "vpc-0c0c4678923dba26c"
          },
          "sensitive_attributes": [],
          "private": "eyJlMmJmYjczMC1lY2FhLTExZTYtOGY4OC0zNDM2M2JjN2M0YzAiOnsiY3JlYXRlIjozMDAwMDAwMDAwMDAsImRlbGV0ZSI6MzAwMDAwMDAwMDAwLCJ1cGRhdGUiOjEyMDAwMDAwMDAwMH19",
          "dependencies": [
            "module.vpc.aws_eip.eip1",
            "module.vpc.aws_eip.eip2",
            "module.vpc.aws_internet_gateway.igw",
            "module.vpc.aws_nat_gateway.ngw1",
            "module.vpc.aws_nat_gateway.ngw2",
            "module.vpc.aws_subnet.public-subnet1",
            "module.vpc.aws_subnet.public-subnet2",
            "module.vpc.aws_subnet.web-subnet1",
            "module.vpc.aws_subnet.web-subnet2",
            "module.vpc.aws_vpc.vpc"
          ]
        }
      ]
    },
    {
      "module": "module.vpc",
      "mode": "managed",
      "type": "aws_route_table",
      "name": "public-rt2",
      "provider": "provider[\"registry.terraform.io/hashicorp/aws\"]",
      "instances": [
        {
          "schema_version": 0,
          "attributes": {
            "arn": "arn:aws:ec2:ap-northeast-1:533266984569:route-table/rtb-08dbb91efddc103e2",
            "id": "rtb-08dbb91efddc103e2",
            "owner_id": "533266984569",
            "propagating_vgws": [],
            "route": [
              {
                "carrier_gateway_id": "",
                "cidr_block": "0.0.0.0/0",
                "core_network_arn": "",
                "destination_prefix_list_id": "",
                "egress_only_gateway_id": "",
                "gateway_id": "igw-0df7887ef4df2e021",
                "ipv6_cidr_block": "",
                "local_gateway_id": "",
                "nat_gateway_id": "",
                "network_interface_id": "",
                "transit_gateway_id": "",
                "vpc_endpoint_id": "",
                "vpc_peering_connection_id": ""
              }
            ],
            "tags": {
              "Name": "Three-Tier-Public-Route-table2"
            },
            "tags_all": {
              "Name": "Three-Tier-Public-Route-table2"
            },
            "timeouts": null,
            "vpc_id": "vpc-0c0c4678923dba26c"
          },
          "sensitive_attributes": [],
          "private": "eyJlMmJmYjczMC1lY2FhLTExZTYtOGY4OC0zNDM2M2JjN2M0YzAiOnsiY3JlYXRlIjozMDAwMDAwMDAwMDAsImRlbGV0ZSI6MzAwMDAwMDAwMDAwLCJ1cGRhdGUiOjEyMDAwMDAwMDAwMH19",
          "dependencies": [
            "module.vpc.aws_eip.eip1",
            "module.vpc.aws_eip.eip2",
            "module.vpc.aws_internet_gateway.igw",
            "module.vpc.aws_nat_gateway.ngw1",
            "module.vpc.aws_nat_gateway.ngw2",
            "module.vpc.aws_route_table.public-rt1",
            "module.vpc.aws_route_table_association.public-rt-association1",
            "module.vpc.aws_subnet.public-subnet1",
            "module.vpc.aws_subnet.public-subnet2",
            "module.vpc.aws_subnet.web-subnet1",
            "module.vpc.aws_subnet.web-subnet2",
            "module.vpc.aws_vpc.vpc"
          ]
        }
      ]
    },
    {
      "module": "module.vpc",
      "mode": "managed",
      "type": "aws_route_table_association",
      "name": "private-rt-association1",
      "provider": "provider[\"registry.terraform.io/hashicorp/aws\"]",
      "instances": [
        {
          "schema_version": 0,
          "attributes": {
            "gateway_id": "",
            "id": "rtbassoc-057376d26472201fc",
            "route_table_id": "rtb-017ad014f7768c998",
            "subnet_id": "subnet-0f216951b7c84d19a",
            "timeouts": null
          },
          "sensitive_attributes": [],
          "private": "eyJlMmJmYjczMC1lY2FhLTExZTYtOGY4OC0zNDM2M2JjN2M0YzAiOnsiY3JlYXRlIjozMDAwMDAwMDAwMDAsImRlbGV0ZSI6MzAwMDAwMDAwMDAwLCJ1cGRhdGUiOjEyMDAwMDAwMDAwMH19",
          "dependencies": [
            "module.vpc.aws_eip.eip1",
            "module.vpc.aws_eip.eip2",
            "module.vpc.aws_internet_gateway.igw",
            "module.vpc.aws_nat_gateway.ngw1",
            "module.vpc.aws_nat_gateway.ngw2",
            "module.vpc.aws_route_table.private-rt1",
            "module.vpc.aws_route_table.public-rt1",
            "module.vpc.aws_route_table.public-rt2",
            "module.vpc.aws_route_table_association.public-rt-association1",
            "module.vpc.aws_route_table_association.public-rt-association2",
            "module.vpc.aws_subnet.public-subnet1",
            "module.vpc.aws_subnet.public-subnet2",
            "module.vpc.aws_subnet.web-subnet1",
            "module.vpc.aws_subnet.web-subnet2",
            "module.vpc.aws_vpc.vpc"
          ]
        }
      ]
    },
    {
      "module": "module.vpc",
      "mode": "managed",
      "type": "aws_route_table_association",
      "name": "private-rt-association2",
      "provider": "provider[\"registry.terraform.io/hashicorp/aws\"]",
      "instances": [
        {
          "schema_version": 0,
          "attributes": {
            "gateway_id": "",
            "id": "rtbassoc-0321ae2351dacc2d9",
            "route_table_id": "rtb-043b311290a6142f7",
            "subnet_id": "subnet-039796aa48333ce5a",
            "timeouts": null
          },
          "sensitive_attributes": [],
          "private": "eyJlMmJmYjczMC1lY2FhLTExZTYtOGY4OC0zNDM2M2JjN2M0YzAiOnsiY3JlYXRlIjozMDAwMDAwMDAwMDAsImRlbGV0ZSI6MzAwMDAwMDAwMDAwLCJ1cGRhdGUiOjEyMDAwMDAwMDAwMH19",
          "dependencies": [
            "module.vpc.aws_eip.eip1",
            "module.vpc.aws_eip.eip2",
            "module.vpc.aws_internet_gateway.igw",
            "module.vpc.aws_nat_gateway.ngw1",
            "module.vpc.aws_nat_gateway.ngw2",
            "module.vpc.aws_route_table.private-rt1",
            "module.vpc.aws_route_table.private-rt2",
            "module.vpc.aws_route_table.public-rt1",
            "module.vpc.aws_route_table.public-rt2",
            "module.vpc.aws_route_table_association.private-rt-association1",
            "module.vpc.aws_route_table_association.public-rt-association1",
            "module.vpc.aws_route_table_association.public-rt-association2",
            "module.vpc.aws_subnet.public-subnet1",
            "module.vpc.aws_subnet.public-subnet2",
            "module.vpc.aws_subnet.web-subnet1",
            "module.vpc.aws_subnet.web-subnet2",
            "module.vpc.aws_vpc.vpc"
          ]
        }
      ]
    },
    {
      "module": "module.vpc",
      "mode": "managed",
      "type": "aws_route_table_association",
      "name": "public-rt-association1",
      "provider": "provider[\"registry.terraform.io/hashicorp/aws\"]",
      "instances": [
        {
          "schema_version": 0,
          "attributes": {
            "gateway_id": "",
            "id": "rtbassoc-0316e40da26f7865a",
            "route_table_id": "rtb-088df38aa5684dfc0",
            "subnet_id": "subnet-036210442de652f0c",
            "timeouts": null
          },
          "sensitive_attributes": [],
          "private": "eyJlMmJmYjczMC1lY2FhLTExZTYtOGY4OC0zNDM2M2JjN2M0YzAiOnsiY3JlYXRlIjozMDAwMDAwMDAwMDAsImRlbGV0ZSI6MzAwMDAwMDAwMDAwLCJ1cGRhdGUiOjEyMDAwMDAwMDAwMH19",
          "dependencies": [
            "module.vpc.aws_eip.eip1",
            "module.vpc.aws_eip.eip2",
            "module.vpc.aws_internet_gateway.igw",
            "module.vpc.aws_nat_gateway.ngw1",
            "module.vpc.aws_nat_gateway.ngw2",
            "module.vpc.aws_route_table.public-rt1",
            "module.vpc.aws_subnet.public-subnet1",
            "module.vpc.aws_subnet.public-subnet2",
            "module.vpc.aws_subnet.web-subnet1",
            "module.vpc.aws_subnet.web-subnet2",
            "module.vpc.aws_vpc.vpc"
          ]
        }
      ]
    },
    {
      "module": "module.vpc",
      "mode": "managed",
      "type": "aws_route_table_association",
      "name": "public-rt-association2",
      "provider": "provider[\"registry.terraform.io/hashicorp/aws\"]",
      "instances": [
        {
          "schema_version": 0,
          "attributes": {
            "gateway_id": "",
            "id": "rtbassoc-0618bf922e9c5d71a",
            "route_table_id": "rtb-08dbb91efddc103e2",
            "subnet_id": "subnet-04d2570878bc047ca",
            "timeouts": null
          },
          "sensitive_attributes": [],
          "private": "eyJlMmJmYjczMC1lY2FhLTExZTYtOGY4OC0zNDM2M2JjN2M0YzAiOnsiY3JlYXRlIjozMDAwMDAwMDAwMDAsImRlbGV0ZSI6MzAwMDAwMDAwMDAwLCJ1cGRhdGUiOjEyMDAwMDAwMDAwMH19",
          "dependencies": [
            "module.vpc.aws_eip.eip1",
            "module.vpc.aws_eip.eip2",
            "module.vpc.aws_internet_gateway.igw",
            "module.vpc.aws_nat_gateway.ngw1",
            "module.vpc.aws_nat_gateway.ngw2",
            "module.vpc.aws_route_table.public-rt1",
            "module.vpc.aws_route_table.public-rt2",
            "module.vpc.aws_route_table_association.public-rt-association1",
            "module.vpc.aws_subnet.public-subnet1",
            "module.vpc.aws_subnet.public-subnet2",
            "module.vpc.aws_subnet.web-subnet1",
            "module.vpc.aws_subnet.web-subnet2",
            "module.vpc.aws_vpc.vpc"
          ]
        }
      ]
    },
    {
      "module": "module.vpc",
      "mode": "managed",
      "type": "aws_subnet",
      "name": "app-subnet1",
      "provider": "provider[\"registry.terraform.io/hashicorp/aws\"]",
      "instances": [
        {
          "schema_version": 1,
          "attributes": {
            "arn": "arn:aws:ec2:ap-northeast-1:533266984569:subnet/subnet-0bed63a46ca672358",
            "assign_ipv6_address_on_creation": false,
            "availability_zone": "ap-northeast-1a",
            "availability_zone_id": "apne1-az4",
            "cidr_block": "10.0.5.0/24",
            "customer_owned_ipv4_pool": "",
            "enable_dns64": false,
            "enable_lni_at_device_index": 0,
            "enable_resource_name_dns_a_record_on_launch": false,
            "enable_resource_name_dns_aaaa_record_on_launch": false,
            "id": "subnet-0bed63a46ca672358",
            "ipv6_cidr_block": "",
            "ipv6_cidr_block_association_id": "",
            "ipv6_native": false,
            "map_customer_owned_ip_on_launch": false,
            "map_public_ip_on_launch": false,
            "outpost_arn": "",
            "owner_id": "533266984569",
            "private_dns_hostname_type_on_launch": "ip-name",
            "tags": {
              "Name": "Three-Tier-APP-Subnet1"
            },
            "tags_all": {
              "Name": "Three-Tier-APP-Subnet1"
            },
            "timeouts": null,
            "vpc_id": "vpc-0c0c4678923dba26c"
          },
          "sensitive_attributes": [],
          "private": "eyJlMmJmYjczMC1lY2FhLTExZTYtOGY4OC0zNDM2M2JjN2M0YzAiOnsiY3JlYXRlIjo2MDAwMDAwMDAwMDAsImRlbGV0ZSI6MTIwMDAwMDAwMDAwMH0sInNjaGVtYV92ZXJzaW9uIjoiMSJ9",
          "dependencies": [
            "module.vpc.aws_internet_gateway.igw",
            "module.vpc.aws_vpc.vpc"
          ]
        }
      ]
    },
    {
      "module": "module.vpc",
      "mode": "managed",
      "type": "aws_subnet",
      "name": "app-subnet2",
      "provider": "provider[\"registry.terraform.io/hashicorp/aws\"]",
      "instances": [
        {
          "schema_version": 1,
          "attributes": {
            "arn": "arn:aws:ec2:ap-northeast-1:533266984569:subnet/subnet-0d1050458a822996f",
            "assign_ipv6_address_on_creation": false,
            "availability_zone": "ap-northeast-1c",
            "availability_zone_id": "apne1-az1",
            "cidr_block": "10.0.6.0/24",
            "customer_owned_ipv4_pool": "",
            "enable_dns64": false,
            "enable_lni_at_device_index": 0,
            "enable_resource_name_dns_a_record_on_launch": false,
            "enable_resource_name_dns_aaaa_record_on_launch": false,
            "id": "subnet-0d1050458a822996f",
            "ipv6_cidr_block": "",
            "ipv6_cidr_block_association_id": "",
            "ipv6_native": false,
            "map_customer_owned_ip_on_launch": false,
            "map_public_ip_on_launch": false,
            "outpost_arn": "",
            "owner_id": "533266984569",
            "private_dns_hostname_type_on_launch": "ip-name",
            "tags": {
              "Name": "Three-Tier-APP-Subnet2"
            },
            "tags_all": {
              "Name": "Three-Tier-APP-Subnet2"
            },
            "timeouts": null,
            "vpc_id": "vpc-0c0c4678923dba26c"
          },
          "sensitive_attributes": [],
          "private": "eyJlMmJmYjczMC1lY2FhLTExZTYtOGY4OC0zNDM2M2JjN2M0YzAiOnsiY3JlYXRlIjo2MDAwMDAwMDAwMDAsImRlbGV0ZSI6MTIwMDAwMDAwMDAwMH0sInNjaGVtYV92ZXJzaW9uIjoiMSJ9",
          "dependencies": [
            "module.vpc.aws_internet_gateway.igw",
            "module.vpc.aws_subnet.app-subnet1",
            "module.vpc.aws_vpc.vpc"
          ]
        }
      ]
    },
    {
      "module": "module.vpc",
      "mode": "managed",
      "type": "aws_subnet",
      "name": "public-subnet1",
      "provider": "provider[\"registry.terraform.io/hashicorp/aws\"]",
      "instances": [
        {
          "schema_version": 1,
          "attributes": {
            "arn": "arn:aws:ec2:ap-northeast-1:533266984569:subnet/subnet-036210442de652f0c",
            "assign_ipv6_address_on_creation": false,
            "availability_zone": "ap-northeast-1a",
            "availability_zone_id": "apne1-az4",
            "cidr_block": "10.0.1.0/24",
            "customer_owned_ipv4_pool": "",
            "enable_dns64": false,
            "enable_lni_at_device_index": 0,
            "enable_resource_name_dns_a_record_on_launch": false,
            "enable_resource_name_dns_aaaa_record_on_launch": false,
            "id": "subnet-036210442de652f0c",
            "ipv6_cidr_block": "",
            "ipv6_cidr_block_association_id": "",
            "ipv6_native": false,
            "map_customer_owned_ip_on_launch": false,
            "map_public_ip_on_launch": true,
            "outpost_arn": "",
            "owner_id": "533266984569",
            "private_dns_hostname_type_on_launch": "ip-name",
            "tags": {
              "Name": "Three-Tier-Public-Subnet1"
            },
            "tags_all": {
              "Name": "Three-Tier-Public-Subnet1"
            },
            "timeouts": null,
            "vpc_id": "vpc-0c0c4678923dba26c"
          },
          "sensitive_attributes": [],
          "private": "eyJlMmJmYjczMC1lY2FhLTExZTYtOGY4OC0zNDM2M2JjN2M0YzAiOnsiY3JlYXRlIjo2MDAwMDAwMDAwMDAsImRlbGV0ZSI6MTIwMDAwMDAwMDAwMH0sInNjaGVtYV92ZXJzaW9uIjoiMSJ9",
          "dependencies": [
            "module.vpc.aws_internet_gateway.igw",
            "module.vpc.aws_vpc.vpc"
          ]
        }
      ]
    },
    {
      "module": "module.vpc",
      "mode": "managed",
      "type": "aws_subnet",
      "name": "public-subnet2",
      "provider": "provider[\"registry.terraform.io/hashicorp/aws\"]",
      "instances": [
        {
          "schema_version": 1,
          "attributes": {
            "arn": "arn:aws:ec2:ap-northeast-1:533266984569:subnet/subnet-04d2570878bc047ca",
            "assign_ipv6_address_on_creation": false,
            "availability_zone": "ap-northeast-1c",
            "availability_zone_id": "apne1-az1",
            "cidr_block": "10.0.2.0/24",
            "customer_owned_ipv4_pool": "",
            "enable_dns64": false,
            "enable_lni_at_device_index": 0,
            "enable_resource_name_dns_a_record_on_launch": false,
            "enable_resource_name_dns_aaaa_record_on_launch": false,
            "id": "subnet-04d2570878bc047ca",
            "ipv6_cidr_block": "",
            "ipv6_cidr_block_association_id": "",
            "ipv6_native": false,
            "map_customer_owned_ip_on_launch": false,
            "map_public_ip_on_launch": true,
            "outpost_arn": "",
            "owner_id": "533266984569",
            "private_dns_hostname_type_on_launch": "ip-name",
            "tags": {
              "Name": "Three-Tier-Public-Subnet2"
            },
            "tags_all": {
              "Name": "Three-Tier-Public-Subnet2"
            },
            "timeouts": null,
            "vpc_id": "vpc-0c0c4678923dba26c"
          },
          "sensitive_attributes": [],
          "private": "eyJlMmJmYjczMC1lY2FhLTExZTYtOGY4OC0zNDM2M2JjN2M0YzAiOnsiY3JlYXRlIjo2MDAwMDAwMDAwMDAsImRlbGV0ZSI6MTIwMDAwMDAwMDAwMH0sInNjaGVtYV92ZXJzaW9uIjoiMSJ9",
          "dependencies": [
            "module.vpc.aws_internet_gateway.igw",
            "module.vpc.aws_subnet.public-subnet1",
            "module.vpc.aws_vpc.vpc"
          ]
        }
      ]
    },
    {
      "module": "module.vpc",
      "mode": "managed",
      "type": "aws_subnet",
      "name": "web-subnet1",
      "provider": "provider[\"registry.terraform.io/hashicorp/aws\"]",
      "instances": [
        {
          "schema_version": 1,
          "attributes": {
            "arn": "arn:aws:ec2:ap-northeast-1:533266984569:subnet/subnet-0f216951b7c84d19a",
            "assign_ipv6_address_on_creation": false,
            "availability_zone": "ap-northeast-1a",
            "availability_zone_id": "apne1-az4",
            "cidr_block": "10.0.3.0/24",
            "customer_owned_ipv4_pool": "",
            "enable_dns64": false,
            "enable_lni_at_device_index": 0,
            "enable_resource_name_dns_a_record_on_launch": false,
            "enable_resource_name_dns_aaaa_record_on_launch": false,
            "id": "subnet-0f216951b7c84d19a",
            "ipv6_cidr_block": "",
            "ipv6_cidr_block_association_id": "",
            "ipv6_native": false,
            "map_customer_owned_ip_on_launch": false,
            "map_public_ip_on_launch": false,
            "outpost_arn": "",
            "owner_id": "533266984569",
            "private_dns_hostname_type_on_launch": "ip-name",
            "tags": {
              "Name": "Three-Tier-Web-Subnet1"
            },
            "tags_all": {
              "Name": "Three-Tier-Web-Subnet1"
            },
            "timeouts": null,
            "vpc_id": "vpc-0c0c4678923dba26c"
          },
          "sensitive_attributes": [],
          "private": "eyJlMmJmYjczMC1lY2FhLTExZTYtOGY4OC0zNDM2M2JjN2M0YzAiOnsiY3JlYXRlIjo2MDAwMDAwMDAwMDAsImRlbGV0ZSI6MTIwMDAwMDAwMDAwMH0sInNjaGVtYV92ZXJzaW9uIjoiMSJ9",
          "dependencies": [
            "module.vpc.aws_internet_gateway.igw",
            "module.vpc.aws_vpc.vpc"
          ]
        }
      ]
    },
    {
      "module": "module.vpc",
      "mode": "managed",
      "type": "aws_subnet",
      "name": "web-subnet2",
      "provider": "provider[\"registry.terraform.io/hashicorp/aws\"]",
      "instances": [
        {
          "schema_version": 1,
          "attributes": {
            "arn": "arn:aws:ec2:ap-northeast-1:533266984569:subnet/subnet-039796aa48333ce5a",
            "assign_ipv6_address_on_creation": false,
            "availability_zone": "ap-northeast-1c",
            "availability_zone_id": "apne1-az1",
            "cidr_block": "10.0.4.0/24",
            "customer_owned_ipv4_pool": "",
            "enable_dns64": false,
            "enable_lni_at_device_index": 0,
            "enable_resource_name_dns_a_record_on_launch": false,
            "enable_resource_name_dns_aaaa_record_on_launch": false,
            "id": "subnet-039796aa48333ce5a",
            "ipv6_cidr_block": "",
            "ipv6_cidr_block_association_id": "",
            "ipv6_native": false,
            "map_customer_owned_ip_on_launch": false,
            "map_public_ip_on_launch": false,
            "outpost_arn": "",
            "owner_id": "533266984569",
            "private_dns_hostname_type_on_launch": "ip-name",
            "tags": {
              "Name": "Three-Tier-Web-Subnet2"
            },
            "tags_all": {
              "Name": "Three-Tier-Web-Subnet2"
            },
            "timeouts": null,
            "vpc_id": "vpc-0c0c4678923dba26c"
          },
          "sensitive_attributes": [],
          "private": "eyJlMmJmYjczMC1lY2FhLTExZTYtOGY4OC0zNDM2M2JjN2M0YzAiOnsiY3JlYXRlIjo2MDAwMDAwMDAwMDAsImRlbGV0ZSI6MTIwMDAwMDAwMDAwMH0sInNjaGVtYV92ZXJzaW9uIjoiMSJ9",
          "dependencies": [
            "module.vpc.aws_internet_gateway.igw",
            "module.vpc.aws_subnet.web-subnet1",
            "module.vpc.aws_vpc.vpc"
          ]
        }
      ]
    },
    {
      "module": "module.vpc",
      "mode": "managed",
      "type": "aws_vpc",
      "name": "vpc",
      "provider": "provider[\"registry.terraform.io/hashicorp/aws\"]",
      "instances": [
        {
          "schema_version": 1,
          "attributes": {
            "arn": "arn:aws:ec2:ap-northeast-1:533266984569:vpc/vpc-0c0c4678923dba26c",
            "assign_generated_ipv6_cidr_block": false,
            "cidr_block": "10.0.0.0/16",
            "default_network_acl_id": "acl-0afbf5805a4093fc1",
            "default_route_table_id": "rtb-039bd0e5461c4abea",
            "default_security_group_id": "sg-0f310fcb4e4219ebf",
            "dhcp_options_id": "dopt-092d7ff4828af0e89",
            "enable_dns_hostnames": true,
            "enable_dns_support": true,
            "enable_network_address_usage_metrics": false,
            "id": "vpc-0c0c4678923dba26c",
            "instance_tenancy": "default",
            "ipv4_ipam_pool_id": null,
            "ipv4_netmask_length": null,
            "ipv6_association_id": "",
            "ipv6_cidr_block": "",
            "ipv6_cidr_block_network_border_group": "",
            "ipv6_ipam_pool_id": "",
            "ipv6_netmask_length": 0,
            "main_route_table_id": "rtb-039bd0e5461c4abea",
            "owner_id": "533266984569",
            "tags": {
              "Name": "Three-Tier-VPC"
            },
            "tags_all": {
              "Name": "Three-Tier-VPC"
            }
          },
          "sensitive_attributes": [],
          "private": "eyJzY2hlbWFfdmVyc2lvbiI6IjEifQ=="
        }
      ]
    },
    {
      "module": "module.waf-cdn-acm-route53",
      "mode": "data",
      "type": "aws_acm_certificate",
      "name": "cert",
      "provider": "provider[\"registry.terraform.io/hashicorp/aws\"].us-east-1",
      "instances": [
        {
          "schema_version": 0,
          "attributes": {
            "arn": "arn:aws:acm:us-east-1:533266984569:certificate/7a73e984-8626-48e1-a055-3d1a03065c8a",
            "certificate": "-----BEGIN CERTIFICATE-----\nMIIF1zCCBL+gAwIBAgIQDDNCCFgAE7B9wk26hdefpTANBgkqhkiG9w0BAQsFADA8\nMQswCQYDVQQGEwJVUzEPMA0GA1UEChMGQW1hem9uMRwwGgYDVQQDExNBbWF6b24g\nUlNBIDIwNDggTTAyMB4XDTI0MDQzMDAwMDAwMFoXDTI1MDUyOTIzNTk1OVowGDEW\nMBQGA1UEAxMNdGlja2V0am8uc2hvcDCCASIwDQYJKoZIhvcNAQEBBQADggEPADCC\nAQoCggEBAKkefGzlEGfPlg/O8y8tNirCA6P0NgouOEIuoLQNEx89xs4oLOm2fpYr\nbOW8BW1XJZ+7MMnJOz/qv/ZqGU3mNSCtYugyR3Ni8jeYRa+x1+xGQhE/F/geKf1S\nWnQPGz/F0NNWrblU0BuqLV6NrZDEVr4HjVsazMG1n3SHVTh1ZykEwbLpmZNwbgjE\nZ650RqGqwzicXdWHqbiBlykBCks8CIB1L7vjT9UYc6Z68KxIul6E/oeMxzUZDA3o\nrEl5Q/xvmZj9C2bEjiIpPNFuq/76wanSYZt2xgOJb9O7/Y8UMdlHcuHv+5GCpfau\nW6Znk/7R1qI7qCWcMsYTiLDoRhJAk3sCAwEAAaOCAvcwggLzMB8GA1UdIwQYMBaA\nFMAxUs1aUMOCfHRxzsvpnPl664LiMB0GA1UdDgQWBBQ04qBuabPCf6ux7hnZlVTG\nHfRHojApBgNVHREEIjAggg10aWNrZXRqby5zaG9wgg8qLnRpY2tldGpvLnNob3Aw\nEwYDVR0gBAwwCjAIBgZngQwBAgEwDgYDVR0PAQH/BAQDAgWgMB0GA1UdJQQWMBQG\nCCsGAQUFBwMBBggrBgEFBQcDAjA7BgNVHR8ENDAyMDCgLqAshipodHRwOi8vY3Js\nLnIybTAyLmFtYXpvbnRydXN0LmNvbS9yMm0wMi5jcmwwdQYIKwYBBQUHAQEEaTBn\nMC0GCCsGAQUFBzABhiFodHRwOi8vb2NzcC5yMm0wMi5hbWF6b250cnVzdC5jb20w\nNgYIKwYBBQUHMAKGKmh0dHA6Ly9jcnQucjJtMDIuYW1hem9udHJ1c3QuY29tL3Iy\nbTAyLmNlcjAMBgNVHRMBAf8EAjAAMIIBfgYKKwYBBAHWeQIEAgSCAW4EggFqAWgA\ndgBOdaMnXJoQwzhbbNTfP1LrHfDgjhuNacCx+mSxYpo53wAAAY8uM9fFAAAEAwBH\nMEUCIQDfqWTUdvreQmnWBOAolzgfn9hCh0xfKBUB/E0uQZwPMgIgCf0fFChkLxAF\nfKarJP68SLNq9gbScaFsE0Q4HKj4ezMAdgB9WR4S4XgqexxhZ3xe/fjQh1wUoE6V\nnrkDL9kOjC55uAAAAY8uM9ekAAAEAwBHMEUCIC9qBCAOrhjx40vYgo+gpQG3yOtW\nmIcTovmLi9vyM6OvAiEAz4UJncyPDoR3Yrskq72pXqO71grY3+qMjMzdu9YOtDcA\ndgDm0jFjQHeMwRBBBtdxuc7B0kD2loSG+7qHMh39HjeOUAAAAY8uM9eVAAAEAwBH\nMEUCIQCojG+JDzJwzgeZts5eNqGfS8ahgbHgvdIfSwl1cIFM/QIgEykziOpeRY8Y\nYMDvGSq2vZnilbMwBUau5eLv5lNfwTYwDQYJKoZIhvcNAQELBQADggEBAA8m2nNB\nhR5W78iFd2/C+NdrTGusnmPghci0YPTkDsRRrQuaVKHRDzkTgAPTVJBBGCpUF0oB\n3H4IfSCWMlvatG72fAW4VhFgPHiTEXf+U5uxMsxLnOKBk7w4451Og5RkTO80CdZx\nuwwRY5Kmv7XdSbdZ6Q+ga7CdHnAOrR22FHr6VdUDmoJsYNuecOlimeUiSixIIc5g\nyhZU5/qexN646qqynbw2YZZraOiPZZBLbPbjDBGux4P2zlW4ww/4LqIi0G0Y55Ks\nQhEFY8qn5oxb35/eqxFXaJaLjKrqKerxhw37APXbwzMRS4I+v02OQYgOH+qEPhgN\n33Qrkd63gUoeKjQ=\n-----END CERTIFICATE-----\n",
            "certificate_chain": "-----BEGIN CERTIFICATE-----\nMIIEXjCCA0agAwIBAgITB3MSSkvL1E7HtTvq8ZSELToPoTANBgkqhkiG9w0BAQsF\nADA5MQswCQYDVQQGEwJVUzEPMA0GA1UEChMGQW1hem9uMRkwFwYDVQQDExBBbWF6\nb24gUm9vdCBDQSAxMB4XDTIyMDgyMzIyMjUzMFoXDTMwMDgyMzIyMjUzMFowPDEL\nMAkGA1UEBhMCVVMxDzANBgNVBAoTBkFtYXpvbjEcMBoGA1UEAxMTQW1hem9uIFJT\nQSAyMDQ4IE0wMjCCASIwDQYJKoZIhvcNAQEBBQADggEPADCCAQoCggEBALtDGMZa\nqHneKei1by6+pUPPLljTB143Si6VpEWPc6mSkFhZb/6qrkZyoHlQLbDYnI2D7hD0\nsdzEqfnuAjIsuXQLG3A8TvX6V3oFNBFVe8NlLJHvBseKY88saLwufxkZVwk74g4n\nWlNMXzla9Y5F3wwRHwMVH443xGz6UtGSZSqQ94eFx5X7Tlqt8whi8qCaKdZ5rNak\n+r9nUThOeClqFd4oXych//Rc7Y0eX1KNWHYSI1Nk31mYgiK3JvH063g+K9tHA63Z\neTgKgndlh+WI+zv7i44HepRZjA1FYwYZ9Vv/9UkC5Yz8/yU65fgjaE+wVHM4e/Yy\nC2osrPWE7gJ+dXMCAwEAAaOCAVowggFWMBIGA1UdEwEB/wQIMAYBAf8CAQAwDgYD\nVR0PAQH/BAQDAgGGMB0GA1UdJQQWMBQGCCsGAQUFBwMBBggrBgEFBQcDAjAdBgNV\nHQ4EFgQUwDFSzVpQw4J8dHHOy+mc+XrrguIwHwYDVR0jBBgwFoAUhBjMhTTsvAyU\nlC4IWZzHshBOCggwewYIKwYBBQUHAQEEbzBtMC8GCCsGAQUFBzABhiNodHRwOi8v\nb2NzcC5yb290Y2ExLmFtYXpvbnRydXN0LmNvbTA6BggrBgEFBQcwAoYuaHR0cDov\nL2NydC5yb290Y2ExLmFtYXpvbnRydXN0LmNvbS9yb290Y2ExLmNlcjA/BgNVHR8E\nODA2MDSgMqAwhi5odHRwOi8vY3JsLnJvb3RjYTEuYW1hem9udHJ1c3QuY29tL3Jv\nb3RjYTEuY3JsMBMGA1UdIAQMMAowCAYGZ4EMAQIBMA0GCSqGSIb3DQEBCwUAA4IB\nAQAtTi6Fs0Azfi+iwm7jrz+CSxHH+uHl7Law3MQSXVtR8RV53PtR6r/6gNpqlzdo\nZq4FKbADi1v9Bun8RY8D51uedRfjsbeodizeBB8nXmeyD33Ep7VATj4ozcd31YFV\nfgRhvTSxNrrTlNpWkUk0m3BMPv8sg381HhA6uEYokE5q9uws/3YkKqRiEz3TsaWm\nJqIRZhMbgAfp7O7FUwFIb7UIspogZSKxPIWJpxiPo3TcBambbVtQOcNRWz5qCQdD\nslI2yayq0n2TXoHyNCLEH8rpsJRVILFsg0jc7BaFrMnF462+ajSehgj12IidNeRN\n4zl+EoNaWdpnWndvSpAEkq2P\n-----END CERTIFICATE-----\n-----BEGIN CERTIFICATE-----\nMIIEkjCCA3qgAwIBAgITBn+USionzfP6wq4rAfkI7rnExjANBgkqhkiG9w0BAQsF\nADCBmDELMAkGA1UEBhMCVVMxEDAOBgNVBAgTB0FyaXpvbmExEzARBgNVBAcTClNj\nb3R0c2RhbGUxJTAjBgNVBAoTHFN0YXJmaWVsZCBUZWNobm9sb2dpZXMsIEluYy4x\nOzA5BgNVBAMTMlN0YXJmaWVsZCBTZXJ2aWNlcyBSb290IENlcnRpZmljYXRlIEF1\ndGhvcml0eSAtIEcyMB4XDTE1MDUyNTEyMDAwMFoXDTM3MTIzMTAxMDAwMFowOTEL\nMAkGA1UEBhMCVVMxDzANBgNVBAoTBkFtYXpvbjEZMBcGA1UEAxMQQW1hem9uIFJv\nb3QgQ0EgMTCCASIwDQYJKoZIhvcNAQEBBQADggEPADCCAQoCggEBALJ4gHHKeNXj\nca9HgFB0fW7Y14h29Jlo91ghYPl0hAEvrAIthtOgQ3pOsqTQNroBvo3bSMgHFzZM\n9O6II8c+6zf1tRn4SWiw3te5djgdYZ6k/oI2peVKVuRF4fn9tBb6dNqcmzU5L/qw\nIFAGbHrQgLKm+a/sRxmPUDgH3KKHOVj4utWp+UhnMJbulHheb4mjUcAwhmahRWa6\nVOujw5H5SNz/0egwLX0tdHA114gk957EWW67c4cX8jJGKLhD+rcdqsq08p8kDi1L\n93FcXmn/6pUCyziKrlA4b9v7LWIbxcceVOF34GfID5yHI9Y/QCB/IIDEgEw+OyQm\njgSubJrIqg0CAwEAAaOCATEwggEtMA8GA1UdEwEB/wQFMAMBAf8wDgYDVR0PAQH/\nBAQDAgGGMB0GA1UdDgQWBBSEGMyFNOy8DJSULghZnMeyEE4KCDAfBgNVHSMEGDAW\ngBScXwDfqgHXMCs4iKK4bUqc8hGRgzB4BggrBgEFBQcBAQRsMGowLgYIKwYBBQUH\nMAGGImh0dHA6Ly9vY3NwLnJvb3RnMi5hbWF6b250cnVzdC5jb20wOAYIKwYBBQUH\nMAKGLGh0dHA6Ly9jcnQucm9vdGcyLmFtYXpvbnRydXN0LmNvbS9yb290ZzIuY2Vy\nMD0GA1UdHwQ2MDQwMqAwoC6GLGh0dHA6Ly9jcmwucm9vdGcyLmFtYXpvbnRydXN0\nLmNvbS9yb290ZzIuY3JsMBEGA1UdIAQKMAgwBgYEVR0gADANBgkqhkiG9w0BAQsF\nAAOCAQEAYjdCXLwQtT6LLOkMm2xF4gcAevnFWAu5CIw+7bMlPLVvUOTNNWqnkzSW\nMiGpSESrnO09tKpzbeR/FoCJbM8oAxiDR3mjEH4wW6w7sGDgd9QIpuEdfF7Au/ma\neyKdpwAJfqxGF4PcnCZXmTA5YpaP7dreqsXMGz7KQ2hsVxa81Q4gLv7/wmpdLqBK\nbRRYh5TmOTFffHPLkIhqhBGWJ6bt2YFGpn6jcgAKUj6DiAdjd4lpFw85hdKrCEVN\n0FE6/V1dN2RMfjCyVSRCnTawXZwXgWHxyvkQAiSr6w10kY17RSlQOYiypok1JR4U\nakcjMS9cmvqtmg5iUaQqqcT5NJ0hGA==\n-----END CERTIFICATE-----\n-----BEGIN CERTIFICATE-----\nMIIEdTCCA12gAwIBAgIJAKcOSkw0grd/MA0GCSqGSIb3DQEBCwUAMGgxCzAJBgNV\nBAYTAlVTMSUwIwYDVQQKExxTdGFyZmllbGQgVGVjaG5vbG9naWVzLCBJbmMuMTIw\nMAYDVQQLEylTdGFyZmllbGQgQ2xhc3MgMiBDZXJ0aWZpY2F0aW9uIEF1dGhvcml0\neTAeFw0wOTA5MDIwMDAwMDBaFw0zNDA2MjgxNzM5MTZaMIGYMQswCQYDVQQGEwJV\nUzEQMA4GA1UECBMHQXJpem9uYTETMBEGA1UEBxMKU2NvdHRzZGFsZTElMCMGA1UE\nChMcU3RhcmZpZWxkIFRlY2hub2xvZ2llcywgSW5jLjE7MDkGA1UEAxMyU3RhcmZp\nZWxkIFNlcnZpY2VzIFJvb3QgQ2VydGlmaWNhdGUgQXV0aG9yaXR5IC0gRzIwggEi\nMA0GCSqGSIb3DQEBAQUAA4IBDwAwggEKAoIBAQDVDDrEKvlO4vW+GZdfjohTsR8/\ny8+fIBNtKTrID30892t2OGPZNmCom15cAICyL1l/9of5JUOG52kbUpqQ4XHj2C0N\nTm/2yEnZtvMaVq4rtnQU68/7JuMauh2WLmo7WJSJR1b/JaCTcFOD2oR0FMNnngRo\nOt+OQFodSk7PQ5E751bWAHDLUu57fa4657wx+UX2wmDPE1kCK4DMNEffud6QZW0C\nzyyRpqbn3oUYSXxmTqM6bam17jQuug0DuDPfR+uxa40l2ZvOgdFFRjKWcIfeAg5J\nQ4W2bHO7ZOphQazJ1FTfhy/HIrImzJ9ZVGif/L4qL8RVHHVAYBeFAlU5i38FAgMB\nAAGjgfAwge0wDwYDVR0TAQH/BAUwAwEB/zAOBgNVHQ8BAf8EBAMCAYYwHQYDVR0O\nBBYEFJxfAN+qAdcwKziIorhtSpzyEZGDMB8GA1UdIwQYMBaAFL9ft9HO3R+G9FtV\nrNzXEMIOqYjnME8GCCsGAQUFBwEBBEMwQTAcBggrBgEFBQcwAYYQaHR0cDovL28u\nc3MyLnVzLzAhBggrBgEFBQcwAoYVaHR0cDovL3guc3MyLnVzL3guY2VyMCYGA1Ud\nHwQfMB0wG6AZoBeGFWh0dHA6Ly9zLnNzMi51cy9yLmNybDARBgNVHSAECjAIMAYG\nBFUdIAAwDQYJKoZIhvcNAQELBQADggEBACMd44pXyn3pF3lM8R5V/cxTbj5HD9/G\nVfKyBDbtgB9TxF00KGu+x1X8Z+rLP3+QsjPNG1gQggL4+C/1E2DUBc7xgQjB3ad1\nl08YuW3e95ORCLp+QCztweq7dp4zBncdDQh/U90bZKuCJ/Fp1U1ervShw3WnWEQt\n8jxwmKy6abaVd38PMV4s/KCHOkdp8Hlf9BRUpJVeEXgSYCfOn8J3/yNTd126/+pZ\n59vPr5KW7ySaNRB6nJHGDn2Z9j8Z3/VyVOEVqQdZe4O/Ui5GjLIAZHYcSNPYeehu\nVsyuLAOQ1xk4meTKCRlb/weWsKh/NEnfVqn3sF/tM+2MR7cwA130A4w=\n-----END CERTIFICATE-----\n",
            "domain": "ticketjo.shop",
            "id": "arn:aws:acm:us-east-1:533266984569:certificate/7a73e984-8626-48e1-a055-3d1a03065c8a",
            "key_types": null,
            "most_recent": false,
            "status": "ISSUED",
            "statuses": null,
            "tags": {
              "Name": "ticketjo.shop",
              "Owner": "semin",
              "createDate": "20240430"
            },
            "types": null
          },
          "sensitive_attributes": []
        }
      ]
    },
    {
      "module": "module.waf-cdn-acm-route53",
      "mode": "data",
      "type": "aws_route53_zone",
      "name": "zone",
      "provider": "provider[\"registry.terraform.io/hashicorp/aws\"].us-east-1",
      "instances": [
        {
          "schema_version": 0,
          "attributes": {
            "arn": "arn:aws:route53:::hostedzone/Z058406013MDC2WVBFRZU",
            "caller_reference": "21e43bec-70d5-4e90-8291-09a10df9d143",
            "comment": "",
            "id": "Z058406013MDC2WVBFRZU",
            "linked_service_description": null,
            "linked_service_principal": null,
            "name": "ticketjo.shop",
            "name_servers": [
              "ns-826.awsdns-39.net",
              "ns-1514.awsdns-61.org",
              "ns-2044.awsdns-63.co.uk",
              "ns-257.awsdns-32.com"
            ],
            "primary_name_server": "ns-826.awsdns-39.net",
            "private_zone": false,
            "resource_record_set_count": 3,
            "tags": {},
            "vpc_id": null,
            "zone_id": "Z058406013MDC2WVBFRZU"
          },
          "sensitive_attributes": []
        }
      ]
    },
    {
      "module": "module.waf-cdn-acm-route53",
      "mode": "managed",
      "type": "aws_cloudfront_distribution",
      "name": "cdn-web-elb-distribution",
      "provider": "provider[\"registry.terraform.io/hashicorp/aws\"].us-east-1",
      "instances": [
        {
          "schema_version": 1,
          "attributes": {
            "aliases": [
              "*.ticketjo.shop",
              "ticketjo.shop"
            ],
            "arn": "arn:aws:cloudfront::533266984569:distribution/E1S243JVSBNMBJ",
            "caller_reference": "terraform-20240509004059711100000001",
            "comment": "CDN ALB Distribution",
            "continuous_deployment_policy_id": "",
            "custom_error_response": [],
            "default_cache_behavior": [
              {
                "allowed_methods": [
                  "GET",
                  "HEAD",
                  "OPTIONS"
                ],
                "cache_policy_id": "",
                "cached_methods": [
                  "GET",
                  "HEAD"
                ],
                "compress": true,
                "default_ttl": 0,
                "field_level_encryption_id": "",
                "forwarded_values": [
                  {
                    "cookies": [
                      {
                        "forward": "none",
                        "whitelisted_names": []
                      }
                    ],
                    "headers": [
                      "*"
                    ],
                    "query_string": false,
                    "query_string_cache_keys": []
                  }
                ],
                "function_association": [],
                "lambda_function_association": [],
                "max_ttl": 0,
                "min_ttl": 0,
                "origin_request_policy_id": "",
                "realtime_log_config_arn": "",
                "response_headers_policy_id": "",
                "smooth_streaming": false,
                "target_origin_id": "Web-elb",
                "trusted_key_groups": [],
                "trusted_signers": [],
                "viewer_protocol_policy": "redirect-to-https"
              }
            ],
            "default_root_object": "",
            "domain_name": "d1p5re8nh9tarv.cloudfront.net",
            "enabled": true,
            "etag": "E1ML2DCYNR5Q9J",
            "hosted_zone_id": "Z2FDTNDATAQYW2",
            "http_version": "http2",
            "id": "E1S243JVSBNMBJ",
            "in_progress_validation_batches": 0,
            "is_ipv6_enabled": true,
            "last_modified_time": "2024-05-09 00:40:59.579 +0000 UTC",
            "logging_config": [],
            "ordered_cache_behavior": [],
            "origin": [
              {
                "connection_attempts": 3,
                "connection_timeout": 10,
                "custom_header": [],
                "custom_origin_config": [
                  {
                    "http_port": 80,
                    "https_port": 443,
                    "origin_keepalive_timeout": 5,
                    "origin_protocol_policy": "http-only",
                    "origin_read_timeout": 30,
                    "origin_ssl_protocols": [
                      "TLSv1.2"
                    ]
                  }
                ],
                "domain_name": "Web-elb-931378601.ap-northeast-1.elb.amazonaws.com",
                "origin_access_control_id": "",
                "origin_id": "Web-elb",
                "origin_path": "",
                "origin_shield": [],
                "s3_origin_config": []
              }
            ],
            "origin_group": [],
            "price_class": "PriceClass_100",
            "restrictions": [
              {
                "geo_restriction": [
                  {
                    "locations": [],
                    "restriction_type": "none"
                  }
                ]
              }
            ],
            "retain_on_delete": false,
            "staging": false,
            "status": "Deployed",
            "tags": {
              "Name": "Three-Tier-CDN"
            },
            "tags_all": {
              "Name": "Three-Tier-CDN"
            },
            "trusted_key_groups": [
              {
                "enabled": false,
                "items": []
              }
            ],
            "trusted_signers": [
              {
                "enabled": false,
                "items": []
              }
            ],
            "viewer_certificate": [
              {
                "acm_certificate_arn": "arn:aws:acm:us-east-1:533266984569:certificate/7a73e984-8626-48e1-a055-3d1a03065c8a",
                "cloudfront_default_certificate": false,
                "iam_certificate_id": "",
                "minimum_protocol_version": "TLSv1.2_2021",
                "ssl_support_method": "sni-only"
              }
            ],
            "wait_for_deployment": true,
            "web_acl_id": "arn:aws:wafv2:us-east-1:533266984569:global/webacl/Three-Tier-WAF/4a53492c-9324-4115-a606-ac60c971beca"
          },
          "sensitive_attributes": [],
          "private": "eyJzY2hlbWFfdmVyc2lvbiI6IjEifQ==",
          "dependencies": [
            "module.alb.aws_lb.app-elb",
            "module.alb.aws_lb.web-elb",
            "module.alb.aws_lb_listener.app-alb-listener",
            "module.alb.aws_lb_listener.web-alb-listener",
            "module.alb.aws_lb_target_group.app-tg",
            "module.alb.aws_lb_target_group.web-tg",
            "module.alb.data.aws_security_group.app-alb-sg",
            "module.alb.data.aws_security_group.web-alb-sg",
            "module.alb.data.aws_subnet.public-subnet1",
            "module.alb.data.aws_subnet.public-subnet2",
            "module.alb.data.aws_subnet.web-subnet1",
            "module.alb.data.aws_subnet.web-subnet2",
            "module.alb.data.aws_vpc.vpc",
            "module.autoscaling.aws_autoscaling_group.APP-ASG",
            "module.autoscaling.aws_autoscaling_group.Web-ASG",
            "module.autoscaling.aws_autoscaling_policy.app-custom-cpu-policy",
            "module.autoscaling.aws_autoscaling_policy.app-custom-cpu-policy-scaledown",
            "module.autoscaling.aws_autoscaling_policy.web-custom-cpu-policy",
            "module.autoscaling.aws_autoscaling_policy.web-custom-cpu-policy-scaledown",
            "module.autoscaling.aws_cloudwatch_metric_alarm.app-custom-cpu-alarm",
            "module.autoscaling.aws_cloudwatch_metric_alarm.app-custom-cpu-alarm-scaledown",
            "module.autoscaling.aws_cloudwatch_metric_alarm.web-custom-cpu-alarm",
            "module.autoscaling.aws_cloudwatch_metric_alarm.web-custom-cpu-alarm-scaledown",
            "module.autoscaling.aws_launch_template.APP-LC",
            "module.autoscaling.aws_launch_template.Web-LC",
            "module.autoscaling.data.aws_ami.ami",
            "module.autoscaling.data.aws_lb_target_group.app-tg",
            "module.autoscaling.data.aws_lb_target_group.web-tg",
            "module.autoscaling.data.aws_security_group.app-sg",
            "module.autoscaling.data.aws_security_group.web-sg",
            "module.autoscaling.data.aws_subnet.app-subnet1",
            "module.autoscaling.data.aws_subnet.app-subnet2",
            "module.autoscaling.data.aws_subnet.web-subnet1",
            "module.autoscaling.data.aws_subnet.web-subnet2",
            "module.iam.aws_iam_instance_profile.test_profile",
            "module.iam.aws_iam_role.iam-role",
            "module.iam.aws_iam_role_policy.iam-policy",
            "module.security-group.aws_security_group.app-alb-sg",
            "module.security-group.aws_security_group.app-tier-sg",
            "module.security-group.aws_security_group.web-alb-sg",
            "module.security-group.aws_security_group.web-tier-sg",
            "module.security-group.data.aws_vpc.vpc",
            "module.vpc.aws_eip.eip1",
            "module.vpc.aws_eip.eip2",
            "module.vpc.aws_internet_gateway.igw",
            "module.vpc.aws_nat_gateway.ngw1",
            "module.vpc.aws_nat_gateway.ngw2",
            "module.vpc.aws_route_table.private-rt1",
            "module.vpc.aws_route_table.private-rt2",
            "module.vpc.aws_route_table.public-rt1",
            "module.vpc.aws_route_table.public-rt2",
            "module.vpc.aws_route_table_association.private-rt-association1",
            "module.vpc.aws_route_table_association.private-rt-association2",
            "module.vpc.aws_route_table_association.public-rt-association1",
            "module.vpc.aws_route_table_association.public-rt-association2",
            "module.vpc.aws_subnet.app-subnet1",
            "module.vpc.aws_subnet.app-subnet2",
            "module.vpc.aws_subnet.public-subnet1",
            "module.vpc.aws_subnet.public-subnet2",
            "module.vpc.aws_subnet.web-subnet1",
            "module.vpc.aws_subnet.web-subnet2",
            "module.vpc.aws_vpc.vpc",
            "module.waf-cdn-acm-route53.aws_wafv2_web_acl.web_acl",
            "module.waf-cdn-acm-route53.data.aws_acm_certificate.cert"
          ]
        }
      ]
    },
    {
      "module": "module.waf-cdn-acm-route53",
      "mode": "managed",
      "type": "aws_route53_record",
      "name": "apex",
      "provider": "provider[\"registry.terraform.io/hashicorp/aws\"].us-east-1",
      "instances": [
        {
          "schema_version": 2,
          "attributes": {
            "alias": [
              {
                "evaluate_target_health": false,
                "name": "d1p5re8nh9tarv.cloudfront.net",
                "zone_id": "Z2FDTNDATAQYW2"
              }
            ],
            "allow_overwrite": null,
            "cidr_routing_policy": [],
            "failover_routing_policy": [],
            "fqdn": "ticketjo.shop",
            "geolocation_routing_policy": [],
            "geoproximity_routing_policy": [],
            "health_check_id": "",
            "id": "Z058406013MDC2WVBFRZU_ticketjo.shop_A",
            "latency_routing_policy": [],
            "multivalue_answer_routing_policy": false,
            "name": "ticketjo.shop",
            "records": null,
            "set_identifier": "",
            "ttl": 0,
            "type": "A",
            "weighted_routing_policy": [],
            "zone_id": "Z058406013MDC2WVBFRZU"
          },
          "sensitive_attributes": [],
          "private": "eyJzY2hlbWFfdmVyc2lvbiI6IjIifQ==",
          "dependencies": [
            "module.alb.aws_lb.app-elb",
            "module.alb.aws_lb.web-elb",
            "module.alb.aws_lb_listener.app-alb-listener",
            "module.alb.aws_lb_listener.web-alb-listener",
            "module.alb.aws_lb_target_group.app-tg",
            "module.alb.aws_lb_target_group.web-tg",
            "module.alb.data.aws_security_group.app-alb-sg",
            "module.alb.data.aws_security_group.web-alb-sg",
            "module.alb.data.aws_subnet.public-subnet1",
            "module.alb.data.aws_subnet.public-subnet2",
            "module.alb.data.aws_subnet.web-subnet1",
            "module.alb.data.aws_subnet.web-subnet2",
            "module.alb.data.aws_vpc.vpc",
            "module.autoscaling.aws_autoscaling_group.APP-ASG",
            "module.autoscaling.aws_autoscaling_group.Web-ASG",
            "module.autoscaling.aws_autoscaling_policy.app-custom-cpu-policy",
            "module.autoscaling.aws_autoscaling_policy.app-custom-cpu-policy-scaledown",
            "module.autoscaling.aws_autoscaling_policy.web-custom-cpu-policy",
            "module.autoscaling.aws_autoscaling_policy.web-custom-cpu-policy-scaledown",
            "module.autoscaling.aws_cloudwatch_metric_alarm.app-custom-cpu-alarm",
            "module.autoscaling.aws_cloudwatch_metric_alarm.app-custom-cpu-alarm-scaledown",
            "module.autoscaling.aws_cloudwatch_metric_alarm.web-custom-cpu-alarm",
            "module.autoscaling.aws_cloudwatch_metric_alarm.web-custom-cpu-alarm-scaledown",
            "module.autoscaling.aws_launch_template.APP-LC",
            "module.autoscaling.aws_launch_template.Web-LC",
            "module.autoscaling.data.aws_ami.ami",
            "module.autoscaling.data.aws_lb_target_group.app-tg",
            "module.autoscaling.data.aws_lb_target_group.web-tg",
            "module.autoscaling.data.aws_security_group.app-sg",
            "module.autoscaling.data.aws_security_group.web-sg",
            "module.autoscaling.data.aws_subnet.app-subnet1",
            "module.autoscaling.data.aws_subnet.app-subnet2",
            "module.autoscaling.data.aws_subnet.web-subnet1",
            "module.autoscaling.data.aws_subnet.web-subnet2",
            "module.iam.aws_iam_instance_profile.test_profile",
            "module.iam.aws_iam_role.iam-role",
            "module.iam.aws_iam_role_policy.iam-policy",
            "module.security-group.aws_security_group.app-alb-sg",
            "module.security-group.aws_security_group.app-tier-sg",
            "module.security-group.aws_security_group.web-alb-sg",
            "module.security-group.aws_security_group.web-tier-sg",
            "module.security-group.data.aws_vpc.vpc",
            "module.vpc.aws_eip.eip1",
            "module.vpc.aws_eip.eip2",
            "module.vpc.aws_internet_gateway.igw",
            "module.vpc.aws_nat_gateway.ngw1",
            "module.vpc.aws_nat_gateway.ngw2",
            "module.vpc.aws_route_table.private-rt1",
            "module.vpc.aws_route_table.private-rt2",
            "module.vpc.aws_route_table.public-rt1",
            "module.vpc.aws_route_table.public-rt2",
            "module.vpc.aws_route_table_association.private-rt-association1",
            "module.vpc.aws_route_table_association.private-rt-association2",
            "module.vpc.aws_route_table_association.public-rt-association1",
            "module.vpc.aws_route_table_association.public-rt-association2",
            "module.vpc.aws_subnet.app-subnet1",
            "module.vpc.aws_subnet.app-subnet2",
            "module.vpc.aws_subnet.public-subnet1",
            "module.vpc.aws_subnet.public-subnet2",
            "module.vpc.aws_subnet.web-subnet1",
            "module.vpc.aws_subnet.web-subnet2",
            "module.vpc.aws_vpc.vpc",
            "module.waf-cdn-acm-route53.aws_cloudfront_distribution.cdn-web-elb-distribution",
            "module.waf-cdn-acm-route53.aws_wafv2_web_acl.web_acl",
            "module.waf-cdn-acm-route53.data.aws_acm_certificate.cert",
            "module.waf-cdn-acm-route53.data.aws_route53_zone.zone"
          ]
        }
      ]
    },
    {
      "module": "module.waf-cdn-acm-route53",
      "mode": "managed",
      "type": "aws_route53_record",
      "name": "www",
      "provider": "provider[\"registry.terraform.io/hashicorp/aws\"].us-east-1",
      "instances": [
        {
          "schema_version": 2,
          "attributes": {
            "alias": [
              {
                "evaluate_target_health": false,
                "name": "d1p5re8nh9tarv.cloudfront.net",
                "zone_id": "Z2FDTNDATAQYW2"
              }
            ],
            "allow_overwrite": null,
            "cidr_routing_policy": [],
            "failover_routing_policy": [],
            "fqdn": "www.ticketjo.shop",
            "geolocation_routing_policy": [],
            "geoproximity_routing_policy": [],
            "health_check_id": "",
            "id": "Z058406013MDC2WVBFRZU_www.ticketjo.shop_A",
            "latency_routing_policy": [],
            "multivalue_answer_routing_policy": false,
            "name": "www.ticketjo.shop",
            "records": null,
            "set_identifier": "",
            "ttl": 0,
            "type": "A",
            "weighted_routing_policy": [],
            "zone_id": "Z058406013MDC2WVBFRZU"
          },
          "sensitive_attributes": [],
          "private": "eyJzY2hlbWFfdmVyc2lvbiI6IjIifQ==",
          "dependencies": [
            "module.alb.aws_lb.app-elb",
            "module.alb.aws_lb.web-elb",
            "module.alb.aws_lb_listener.app-alb-listener",
            "module.alb.aws_lb_listener.web-alb-listener",
            "module.alb.aws_lb_target_group.app-tg",
            "module.alb.aws_lb_target_group.web-tg",
            "module.alb.data.aws_security_group.app-alb-sg",
            "module.alb.data.aws_security_group.web-alb-sg",
            "module.alb.data.aws_subnet.public-subnet1",
            "module.alb.data.aws_subnet.public-subnet2",
            "module.alb.data.aws_subnet.web-subnet1",
            "module.alb.data.aws_subnet.web-subnet2",
            "module.alb.data.aws_vpc.vpc",
            "module.autoscaling.aws_autoscaling_group.APP-ASG",
            "module.autoscaling.aws_autoscaling_group.Web-ASG",
            "module.autoscaling.aws_autoscaling_policy.app-custom-cpu-policy",
            "module.autoscaling.aws_autoscaling_policy.app-custom-cpu-policy-scaledown",
            "module.autoscaling.aws_autoscaling_policy.web-custom-cpu-policy",
            "module.autoscaling.aws_autoscaling_policy.web-custom-cpu-policy-scaledown",
            "module.autoscaling.aws_cloudwatch_metric_alarm.app-custom-cpu-alarm",
            "module.autoscaling.aws_cloudwatch_metric_alarm.app-custom-cpu-alarm-scaledown",
            "module.autoscaling.aws_cloudwatch_metric_alarm.web-custom-cpu-alarm",
            "module.autoscaling.aws_cloudwatch_metric_alarm.web-custom-cpu-alarm-scaledown",
            "module.autoscaling.aws_launch_template.APP-LC",
            "module.autoscaling.aws_launch_template.Web-LC",
            "module.autoscaling.data.aws_ami.ami",
            "module.autoscaling.data.aws_lb_target_group.app-tg",
            "module.autoscaling.data.aws_lb_target_group.web-tg",
            "module.autoscaling.data.aws_security_group.app-sg",
            "module.autoscaling.data.aws_security_group.web-sg",
            "module.autoscaling.data.aws_subnet.app-subnet1",
            "module.autoscaling.data.aws_subnet.app-subnet2",
            "module.autoscaling.data.aws_subnet.web-subnet1",
            "module.autoscaling.data.aws_subnet.web-subnet2",
            "module.iam.aws_iam_instance_profile.test_profile",
            "module.iam.aws_iam_role.iam-role",
            "module.iam.aws_iam_role_policy.iam-policy",
            "module.security-group.aws_security_group.app-alb-sg",
            "module.security-group.aws_security_group.app-tier-sg",
            "module.security-group.aws_security_group.web-alb-sg",
            "module.security-group.aws_security_group.web-tier-sg",
            "module.security-group.data.aws_vpc.vpc",
            "module.vpc.aws_eip.eip1",
            "module.vpc.aws_eip.eip2",
            "module.vpc.aws_internet_gateway.igw",
            "module.vpc.aws_nat_gateway.ngw1",
            "module.vpc.aws_nat_gateway.ngw2",
            "module.vpc.aws_route_table.private-rt1",
            "module.vpc.aws_route_table.private-rt2",
            "module.vpc.aws_route_table.public-rt1",
            "module.vpc.aws_route_table.public-rt2",
            "module.vpc.aws_route_table_association.private-rt-association1",
            "module.vpc.aws_route_table_association.private-rt-association2",
            "module.vpc.aws_route_table_association.public-rt-association1",
            "module.vpc.aws_route_table_association.public-rt-association2",
            "module.vpc.aws_subnet.app-subnet1",
            "module.vpc.aws_subnet.app-subnet2",
            "module.vpc.aws_subnet.public-subnet1",
            "module.vpc.aws_subnet.public-subnet2",
            "module.vpc.aws_subnet.web-subnet1",
            "module.vpc.aws_subnet.web-subnet2",
            "module.vpc.aws_vpc.vpc",
            "module.waf-cdn-acm-route53.aws_cloudfront_distribution.cdn-web-elb-distribution",
            "module.waf-cdn-acm-route53.aws_wafv2_web_acl.web_acl",
            "module.waf-cdn-acm-route53.data.aws_acm_certificate.cert",
            "module.waf-cdn-acm-route53.data.aws_route53_zone.zone"
          ]
        }
      ]
    },
    {
      "module": "module.waf-cdn-acm-route53",
      "mode": "managed",
      "type": "aws_wafv2_web_acl",
      "name": "web_acl",
      "provider": "provider[\"registry.terraform.io/hashicorp/aws\"].us-east-1",
      "instances": [
        {
          "schema_version": 0,
          "attributes": {
            "application_integration_url": "",
            "arn": "arn:aws:wafv2:us-east-1:533266984569:global/webacl/Three-Tier-WAF/4a53492c-9324-4115-a606-ac60c971beca",
            "association_config": [],
            "capacity": 50,
            "captcha_config": [],
            "challenge_config": [],
            "custom_response_body": [],
            "default_action": [
              {
                "allow": [
                  {
                    "custom_request_handling": []
                  }
                ],
                "block": []
              }
            ],
            "description": "",
            "id": "4a53492c-9324-4115-a606-ac60c971beca",
            "lock_token": "f68c7522-5457-4ce6-bbaf-77362ecd49e6",
            "name": "Three-Tier-WAF",
            "rule": [
              {
                "action": [],
                "captcha_config": [],
                "name": "AWSManagedRulesAnonymousIpList",
                "override_action": [
                  {
                    "count": [],
                    "none": [
                      {}
                    ]
                  }
                ],
                "priority": 0,
                "rule_label": [],
                "statement": [
                  {
                    "and_statement": [],
                    "byte_match_statement": [],
                    "geo_match_statement": [],
                    "ip_set_reference_statement": [],
                    "label_match_statement": [],
                    "managed_rule_group_statement": [
                      {
                        "managed_rule_group_configs": [],
                        "name": "AWSManagedRulesAnonymousIpList",
                        "rule_action_override": [
                          {
                            "action_to_use": [
                              {
                                "allow": [],
                                "block": [],
                                "captcha": [],
                                "challenge": [],
                                "count": [
                                  {
                                    "custom_request_handling": []
                                  }
                                ]
                              }
                            ],
                            "name": "SizeRestrictions_QUERYSTRING"
                          },
                          {
                            "action_to_use": [
                              {
                                "allow": [],
                                "block": [],
                                "captcha": [],
                                "challenge": [],
                                "count": [
                                  {
                                    "custom_request_handling": []
                                  }
                                ]
                              }
                            ],
                            "name": "NoUserAgent_HEADER"
                          }
                        ],
                        "scope_down_statement": [],
                        "vendor_name": "AWS",
                        "version": ""
                      }
                    ],
                    "not_statement": [],
                    "or_statement": [],
                    "rate_based_statement": [],
                    "regex_match_statement": [],
                    "regex_pattern_set_reference_statement": [],
                    "rule_group_reference_statement": [],
                    "size_constraint_statement": [],
                    "sqli_match_statement": [],
                    "xss_match_statement": []
                  }
                ],
                "visibility_config": [
                  {
                    "cloudwatch_metrics_enabled": false,
                    "metric_name": "BlockIPRuleMetrics",
                    "sampled_requests_enabled": false
                  }
                ]
              }
            ],
            "scope": "CLOUDFRONT",
            "tags": null,
            "tags_all": {},
            "token_domains": null,
            "visibility_config": [
              {
                "cloudwatch_metrics_enabled": false,
                "metric_name": "BlockIPRuleMetrics",
                "sampled_requests_enabled": false
              }
            ]
          },
          "sensitive_attributes": [],
          "private": "bnVsbA==",
          "dependencies": [
            "module.alb.aws_lb.app-elb",
            "module.alb.aws_lb.web-elb",
            "module.alb.aws_lb_listener.app-alb-listener",
            "module.alb.aws_lb_listener.web-alb-listener",
            "module.alb.aws_lb_target_group.app-tg",
            "module.alb.aws_lb_target_group.web-tg",
            "module.alb.data.aws_security_group.app-alb-sg",
            "module.alb.data.aws_security_group.web-alb-sg",
            "module.alb.data.aws_subnet.public-subnet1",
            "module.alb.data.aws_subnet.public-subnet2",
            "module.alb.data.aws_subnet.web-subnet1",
            "module.alb.data.aws_subnet.web-subnet2",
            "module.alb.data.aws_vpc.vpc",
            "module.autoscaling.aws_autoscaling_group.APP-ASG",
            "module.autoscaling.aws_autoscaling_group.Web-ASG",
            "module.autoscaling.aws_autoscaling_policy.app-custom-cpu-policy",
            "module.autoscaling.aws_autoscaling_policy.app-custom-cpu-policy-scaledown",
            "module.autoscaling.aws_autoscaling_policy.web-custom-cpu-policy",
            "module.autoscaling.aws_autoscaling_policy.web-custom-cpu-policy-scaledown",
            "module.autoscaling.aws_cloudwatch_metric_alarm.app-custom-cpu-alarm",
            "module.autoscaling.aws_cloudwatch_metric_alarm.app-custom-cpu-alarm-scaledown",
            "module.autoscaling.aws_cloudwatch_metric_alarm.web-custom-cpu-alarm",
            "module.autoscaling.aws_cloudwatch_metric_alarm.web-custom-cpu-alarm-scaledown",
            "module.autoscaling.aws_launch_template.APP-LC",
            "module.autoscaling.aws_launch_template.Web-LC",
            "module.autoscaling.data.aws_ami.ami",
            "module.autoscaling.data.aws_lb_target_group.app-tg",
            "module.autoscaling.data.aws_lb_target_group.web-tg",
            "module.autoscaling.data.aws_security_group.app-sg",
            "module.autoscaling.data.aws_security_group.web-sg",
            "module.autoscaling.data.aws_subnet.app-subnet1",
            "module.autoscaling.data.aws_subnet.app-subnet2",
            "module.autoscaling.data.aws_subnet.web-subnet1",
            "module.autoscaling.data.aws_subnet.web-subnet2",
            "module.iam.aws_iam_instance_profile.test_profile",
            "module.iam.aws_iam_role.iam-role",
            "module.iam.aws_iam_role_policy.iam-policy",
            "module.security-group.aws_security_group.app-alb-sg",
            "module.security-group.aws_security_group.app-tier-sg",
            "module.security-group.aws_security_group.web-alb-sg",
            "module.security-group.aws_security_group.web-tier-sg",
            "module.security-group.data.aws_vpc.vpc",
            "module.vpc.aws_eip.eip1",
            "module.vpc.aws_eip.eip2",
            "module.vpc.aws_internet_gateway.igw",
            "module.vpc.aws_nat_gateway.ngw1",
            "module.vpc.aws_nat_gateway.ngw2",
            "module.vpc.aws_route_table.private-rt1",
            "module.vpc.aws_route_table.private-rt2",
            "module.vpc.aws_route_table.public-rt1",
            "module.vpc.aws_route_table.public-rt2",
            "module.vpc.aws_route_table_association.private-rt-association1",
            "module.vpc.aws_route_table_association.private-rt-association2",
            "module.vpc.aws_route_table_association.public-rt-association1",
            "module.vpc.aws_route_table_association.public-rt-association2",
            "module.vpc.aws_subnet.app-subnet1",
            "module.vpc.aws_subnet.app-subnet2",
            "module.vpc.aws_subnet.public-subnet1",
            "module.vpc.aws_subnet.public-subnet2",
            "module.vpc.aws_subnet.web-subnet1",
            "module.vpc.aws_subnet.web-subnet2",
            "module.vpc.aws_vpc.vpc"
          ]
        }
      ]
    }
  ],
  "check_results": null
}
